// !$*UTF8*$!
{
	archiveVersion = 1;
	classes = {
	};
	objectVersion = 56;
	objects = {

/* Begin PBXBuildFile section */
		07DF8A4490BDE47FB8529B4D /* Dependencies.framework in Frameworks */ = {isa = PBXBuildFile; fileRef = 206ADBFB3491FA04066C674E /* Dependencies.framework */; };
		09F9A1C3BCBF6A7C2245B207 /* SignUpNameView.swift in Sources */ = {isa = PBXBuildFile; fileRef = 3FAE03467DA1674163CF1DBB /* SignUpNameView.swift */; };
		0CC52FF6BEC133617005C749 /* Core.framework in Dependencies */ = {isa = PBXBuildFile; fileRef = 35F364327687E6A20628F831 /* Core.framework */; };
		12BA84AFF629C7DB5291FE2E /* SignUpNameFeature.swift in Sources */ = {isa = PBXBuildFile; fileRef = 4B30400D6A76DAEC7E4DF33B /* SignUpNameFeature.swift */; };
		297BC97960B13AD83B307A6B /* CFNetwork.framework in Frameworks */ = {isa = PBXBuildFile; fileRef = 90E00506F2E131018CF1007F /* CFNetwork.framework */; };
		326273393988933F1413F5BD /* DependenciesMacros.framework in Frameworks */ = {isa = PBXBuildFile; fileRef = 22757DDE6DA035D6F268779B /* DependenciesMacros.framework */; };
		37512EEFCA5F306960FC5675 /* CombineSchedulers.framework in Frameworks */ = {isa = PBXBuildFile; fileRef = 30171831478092EEDBF5188C /* CombineSchedulers.framework */; };
		3A105AD92B8A12B07EEC6ABF /* SignUpAgreementView.swift in Sources */ = {isa = PBXBuildFile; fileRef = 66722F1D8745C674E107D597 /* SignUpAgreementView.swift */; };
		42F4CEDEE04716E2DD22D412 /* CustomDump.framework in Frameworks */ = {isa = PBXBuildFile; fileRef = 6C747A7858A77344C12E8D8A /* CustomDump.framework */; };
		45BE70C49765789617D6D3E9 /* DesignSystemKit.framework in Frameworks */ = {isa = PBXBuildFile; fileRef = D38C6516B7B879FE57F684BC /* DesignSystemKit.framework */; };
		514DFF40DE2F8812E0D8CB37 /* IdentifiedCollections.framework in Frameworks */ = {isa = PBXBuildFile; fileRef = 8867A4C73D211CAFCC002BC2 /* IdentifiedCollections.framework */; };
		542E7EE732A480A488C09FD1 /* Domain.framework in Frameworks */ = {isa = PBXBuildFile; fileRef = 256FB16C3CC8F3C26197FBB9 /* Domain.framework */; };
		557CC946E7EE7230826A750F /* ConcurrencyExtras.framework in Frameworks */ = {isa = PBXBuildFile; fileRef = 193C8100AE711AAFBB33D697 /* ConcurrencyExtras.framework */; };
		5C35EF444E0822648961A282 /* SwiftUINavigationCore.framework in Frameworks */ = {isa = PBXBuildFile; fileRef = BDA41E830426C0FD43F195DC /* SwiftUINavigationCore.framework */; };
		5EC5297750454C2043DDED79 /* SignUpAgreementFeature.swift in Sources */ = {isa = PBXBuildFile; fileRef = 8F530685B2CB35F2F373882F /* SignUpAgreementFeature.swift */; };
		623586F08AF9477AA1B660EE /* RootFeature.swift in Sources */ = {isa = PBXBuildFile; fileRef = F2CFE306E316808FE6CFEDD9 /* RootFeature.swift */; };
		65B33DE38AC5AC33FBFAA183 /* ComposableArchitecture.framework in Frameworks */ = {isa = PBXBuildFile; fileRef = B9F13669E401562BFF939EC0 /* ComposableArchitecture.framework */; };
		6AA5D34FFA555B4E56AF542A /* MainCardView.swift in Sources */ = {isa = PBXBuildFile; fileRef = 5E589EA0775DDBC22A81459C /* MainCardView.swift */; };
		72E28B7A6D3AEE4BCA026901 /* Perception.framework in Frameworks */ = {isa = PBXBuildFile; fileRef = 41DB1AB2B2FCF62962F51566 /* Perception.framework */; };
		74796393DC0390F8339C6ABD /* Moya.framework in Frameworks */ = {isa = PBXBuildFile; fileRef = 64A063BF35DFA77C20F94350 /* Moya.framework */; };
		7FD9AF681594845FB080ADD5 /* XCTestDynamicOverlay.framework in Frameworks */ = {isa = PBXBuildFile; fileRef = FA948B661FFFA01E755108AF /* XCTestDynamicOverlay.framework */; };
		8405CD692B92300F00DEA0E7 /* SignUpPagingView.swift in Sources */ = {isa = PBXBuildFile; fileRef = 8405CD682B92300F00DEA0E7 /* SignUpPagingView.swift */; };
		8405CD6B2B92301A00DEA0E7 /* SignUpPagingFeature.swift in Sources */ = {isa = PBXBuildFile; fileRef = 8405CD6A2B92301A00DEA0E7 /* SignUpPagingFeature.swift */; };
		8405CD6E2B9238B500DEA0E7 /* SignUpBirthDayFeature.swift in Sources */ = {isa = PBXBuildFile; fileRef = 8405CD6D2B9238B500DEA0E7 /* SignUpBirthDayFeature.swift */; };
		8405CD702B92390B00DEA0E7 /* SignUpBirthDayView.swift in Sources */ = {isa = PBXBuildFile; fileRef = 8405CD6F2B92390B00DEA0E7 /* SignUpBirthDayView.swift */; };
		873B6A62BF2FACA7402ED29C /* OrderedCollections.framework in Frameworks */ = {isa = PBXBuildFile; fileRef = 841C4B197AD238EB123653B0 /* OrderedCollections.framework */; };
		9B69B47757BE4626315A9E59 /* Core.framework in Frameworks */ = {isa = PBXBuildFile; fileRef = 35F364327687E6A20628F831 /* Core.framework */; };
		9EFBB0EE961401BB01E43701 /* RootFeature.swift in Sources */ = {isa = PBXBuildFile; fileRef = F2CFE306E316808FE6CFEDD9 /* RootFeature.swift */; };
		A4A97D703E3F715B6B556CDC /* MainCardView.swift in Sources */ = {isa = PBXBuildFile; fileRef = 5E589EA0775DDBC22A81459C /* MainCardView.swift */; };
		AA71EC7283F6D2DC02A33016 /* Alamofire.framework in Frameworks */ = {isa = PBXBuildFile; fileRef = E31760A33CE0283B1C942BEA /* Alamofire.framework */; };
		AF85554073EC1D3F2AC85658 /* SignUpAgreementView.swift in Sources */ = {isa = PBXBuildFile; fileRef = 66722F1D8745C674E107D597 /* SignUpAgreementView.swift */; };
		B225F9A401E0F4EAD85C41FF /* Core.framework in Dependencies */ = {isa = PBXBuildFile; fileRef = 35F364327687E6A20628F831 /* Core.framework */; };
		BFAFA0C3338DAA30B4DAEFD6 /* SignUpNameFeature.swift in Sources */ = {isa = PBXBuildFile; fileRef = 4B30400D6A76DAEC7E4DF33B /* SignUpNameFeature.swift */; };
		C0E60008F825657DE244EB07 /* RootView.swift in Sources */ = {isa = PBXBuildFile; fileRef = 8A73E03B4AEB0C70F17D41B0 /* RootView.swift */; };
		C51A5CC9F7AFCB633CE9C492 /* Domain.framework in Dependencies */ = {isa = PBXBuildFile; fileRef = 256FB16C3CC8F3C26197FBB9 /* Domain.framework */; };
		C8812A42CFDC28017082EE1F /* RootView.swift in Sources */ = {isa = PBXBuildFile; fileRef = 8A73E03B4AEB0C70F17D41B0 /* RootView.swift */; };
		CBC75FF0313887ED04F09D3F /* SignUpNameView.swift in Sources */ = {isa = PBXBuildFile; fileRef = 3FAE03467DA1674163CF1DBB /* SignUpNameView.swift */; };
		CCC56E790BAA0D489AF72850 /* DesignSystemKit_DesignSystemKit.bundle in Resources */ = {isa = PBXBuildFile; fileRef = 4FAB33C6B9CA2DC59CDBA254 /* DesignSystemKit_DesignSystemKit.bundle */; };
		CE09B9EAC11796787957F8A5 /* ShareKit.framework in Frameworks */ = {isa = PBXBuildFile; fileRef = 3F6AE57115356E0D54874FBB /* ShareKit.framework */; };
		DFE92B20ACFED2C09AB33134 /* Domain.framework in Dependencies */ = {isa = PBXBuildFile; fileRef = 256FB16C3CC8F3C26197FBB9 /* Domain.framework */; };
		E0A7BCA844386706E04AF1A6 /* Clocks.framework in Frameworks */ = {isa = PBXBuildFile; fileRef = E01F9B301EAA49A194EC8B48 /* Clocks.framework */; };
		F18D082F3E9E652F79222C92 /* DesignSystemKit_DesignSystemKit.bundle in Dependencies */ = {isa = PBXBuildFile; fileRef = 4FAB33C6B9CA2DC59CDBA254 /* DesignSystemKit_DesignSystemKit.bundle */; };
		F2DEFA07015FAC35235C0DC0 /* CasePaths.framework in Frameworks */ = {isa = PBXBuildFile; fileRef = 646BC1F2E9B39BF7F444F74F /* CasePaths.framework */; };
		F4123BA0D3124D4C0497F69D /* Feature.framework in Frameworks */ = {isa = PBXBuildFile; fileRef = 8A611D1693834F821CBD6EAD /* Feature.framework */; };
		F645FD3A217C7E3545381047 /* Network.framework in Frameworks */ = {isa = PBXBuildFile; fileRef = C5D27ED35E4328D411D71116 /* Network.framework */; };
		F99AD7ACE5EC9673EA57B19B /* test.swift in Sources */ = {isa = PBXBuildFile; fileRef = B78413B4F2C5686A242B2B51 /* test.swift */; };
		FEBC8ADB66254E064DFAEB34 /* SignUpAgreementFeature.swift in Sources */ = {isa = PBXBuildFile; fileRef = 8F530685B2CB35F2F373882F /* SignUpAgreementFeature.swift */; };
/* End PBXBuildFile section */

/* Begin PBXContainerItemProxy section */
		2FEEB6DDE80F803216E40ED8 /* PBXContainerItemProxy */ = {
			isa = PBXContainerItemProxy;
			containerPortal = 44191F7B9590ED06371F46BF /* Project object */;
			proxyType = 1;
			remoteGlobalIDString = 889701595646A30881D30ED8;
			remoteInfo = Feature;
		};
/* End PBXContainerItemProxy section */

/* Begin PBXCopyFilesBuildPhase section */
		06979CD478AF9619B28122A6 /* Embed Frameworks */ = {
			isa = PBXCopyFilesBuildPhase;
			buildActionMask = 2147483647;
			dstPath = "";
			dstSubfolderSpec = 10;
			files = (
			);
			name = "Embed Frameworks";
			runOnlyForDeploymentPostprocessing = 0;
		};
		1E30F68BEE06D067009B4984 /* Dependencies */ = {
			isa = PBXCopyFilesBuildPhase;
			buildActionMask = 8;
			dstSubfolderSpec = 16;
			files = (
				B225F9A401E0F4EAD85C41FF /* Core.framework in Dependencies */,
				DFE92B20ACFED2C09AB33134 /* Domain.framework in Dependencies */,
			);
			name = Dependencies;
			runOnlyForDeploymentPostprocessing = 1;
		};
		30F01E56E14211AA26551CC8 /* Embed Frameworks */ = {
			isa = PBXCopyFilesBuildPhase;
			buildActionMask = 2147483647;
			dstPath = "";
			dstSubfolderSpec = 10;
			files = (
			);
			name = "Embed Frameworks";
			runOnlyForDeploymentPostprocessing = 0;
		};
		55DBDC1908CFD30C9319345E /* Embed Frameworks */ = {
			isa = PBXCopyFilesBuildPhase;
			buildActionMask = 2147483647;
			dstPath = "";
			dstSubfolderSpec = 10;
			files = (
			);
			name = "Embed Frameworks";
			runOnlyForDeploymentPostprocessing = 0;
		};
		A2F39917B197FB3DB18AA5EF /* Dependencies */ = {
			isa = PBXCopyFilesBuildPhase;
			buildActionMask = 8;
			dstSubfolderSpec = 16;
			files = (
				F18D082F3E9E652F79222C92 /* DesignSystemKit_DesignSystemKit.bundle in Dependencies */,
			);
			name = Dependencies;
			runOnlyForDeploymentPostprocessing = 1;
		};
		BB3A759CCA55042A0C8ABA49 /* Dependencies */ = {
			isa = PBXCopyFilesBuildPhase;
			buildActionMask = 8;
			dstSubfolderSpec = 16;
			files = (
				0CC52FF6BEC133617005C749 /* Core.framework in Dependencies */,
				C51A5CC9F7AFCB633CE9C492 /* Domain.framework in Dependencies */,
			);
			name = Dependencies;
			runOnlyForDeploymentPostprocessing = 1;
		};
/* End PBXCopyFilesBuildPhase section */

/* Begin PBXFileReference section */
		193C8100AE711AAFBB33D697 /* ConcurrencyExtras.framework */ = {isa = PBXFileReference; explicitFileType = wrapper.framework; includeInIndex = 0; path = ConcurrencyExtras.framework; sourceTree = BUILT_PRODUCTS_DIR; };
		206ADBFB3491FA04066C674E /* Dependencies.framework */ = {isa = PBXFileReference; explicitFileType = wrapper.framework; includeInIndex = 0; path = Dependencies.framework; sourceTree = BUILT_PRODUCTS_DIR; };
		22757DDE6DA035D6F268779B /* DependenciesMacros.framework */ = {isa = PBXFileReference; explicitFileType = wrapper.framework; includeInIndex = 0; path = DependenciesMacros.framework; sourceTree = BUILT_PRODUCTS_DIR; };
		256FB16C3CC8F3C26197FBB9 /* Domain.framework */ = {isa = PBXFileReference; explicitFileType = wrapper.framework; includeInIndex = 0; path = Domain.framework; sourceTree = BUILT_PRODUCTS_DIR; };
		2FCF902DF7D9CA7A6F12E920 /* FeatureTests-Info.plist */ = {isa = PBXFileReference; lastKnownFileType = text.plist; path = "FeatureTests-Info.plist"; sourceTree = "<group>"; };
		30171831478092EEDBF5188C /* CombineSchedulers.framework */ = {isa = PBXFileReference; explicitFileType = wrapper.framework; includeInIndex = 0; path = CombineSchedulers.framework; sourceTree = BUILT_PRODUCTS_DIR; };
		35F364327687E6A20628F831 /* Core.framework */ = {isa = PBXFileReference; explicitFileType = wrapper.framework; includeInIndex = 0; path = Core.framework; sourceTree = BUILT_PRODUCTS_DIR; };
		3F6AE57115356E0D54874FBB /* ShareKit.framework */ = {isa = PBXFileReference; explicitFileType = wrapper.framework; includeInIndex = 0; path = ShareKit.framework; sourceTree = BUILT_PRODUCTS_DIR; };
		3FAE03467DA1674163CF1DBB /* SignUpNameView.swift */ = {isa = PBXFileReference; lastKnownFileType = sourcecode.swift; path = SignUpNameView.swift; sourceTree = "<group>"; };
		41DB1AB2B2FCF62962F51566 /* Perception.framework */ = {isa = PBXFileReference; explicitFileType = wrapper.framework; includeInIndex = 0; path = Perception.framework; sourceTree = BUILT_PRODUCTS_DIR; };
		4B30400D6A76DAEC7E4DF33B /* SignUpNameFeature.swift */ = {isa = PBXFileReference; lastKnownFileType = sourcecode.swift; path = SignUpNameFeature.swift; sourceTree = "<group>"; };
		4FAB33C6B9CA2DC59CDBA254 /* DesignSystemKit_DesignSystemKit.bundle */ = {isa = PBXFileReference; explicitFileType = wrapper.cfbundle; includeInIndex = 0; path = DesignSystemKit_DesignSystemKit.bundle; sourceTree = BUILT_PRODUCTS_DIR; };
		5E589EA0775DDBC22A81459C /* MainCardView.swift */ = {isa = PBXFileReference; lastKnownFileType = sourcecode.swift; path = MainCardView.swift; sourceTree = "<group>"; };
		646BC1F2E9B39BF7F444F74F /* CasePaths.framework */ = {isa = PBXFileReference; explicitFileType = wrapper.framework; includeInIndex = 0; path = CasePaths.framework; sourceTree = BUILT_PRODUCTS_DIR; };
		64A063BF35DFA77C20F94350 /* Moya.framework */ = {isa = PBXFileReference; explicitFileType = wrapper.framework; includeInIndex = 0; path = Moya.framework; sourceTree = BUILT_PRODUCTS_DIR; };
		66722F1D8745C674E107D597 /* SignUpAgreementView.swift */ = {isa = PBXFileReference; lastKnownFileType = sourcecode.swift; path = SignUpAgreementView.swift; sourceTree = "<group>"; };
		6C747A7858A77344C12E8D8A /* CustomDump.framework */ = {isa = PBXFileReference; explicitFileType = wrapper.framework; includeInIndex = 0; path = CustomDump.framework; sourceTree = BUILT_PRODUCTS_DIR; };
		8405CD682B92300F00DEA0E7 /* SignUpPagingView.swift */ = {isa = PBXFileReference; lastKnownFileType = sourcecode.swift; path = SignUpPagingView.swift; sourceTree = "<group>"; };
		8405CD6A2B92301A00DEA0E7 /* SignUpPagingFeature.swift */ = {isa = PBXFileReference; lastKnownFileType = sourcecode.swift; path = SignUpPagingFeature.swift; sourceTree = "<group>"; };
		8405CD6D2B9238B500DEA0E7 /* SignUpBirthDayFeature.swift */ = {isa = PBXFileReference; lastKnownFileType = sourcecode.swift; path = SignUpBirthDayFeature.swift; sourceTree = "<group>"; };
		8405CD6F2B92390B00DEA0E7 /* SignUpBirthDayView.swift */ = {isa = PBXFileReference; lastKnownFileType = sourcecode.swift; path = SignUpBirthDayView.swift; sourceTree = "<group>"; };
		841C4B197AD238EB123653B0 /* OrderedCollections.framework */ = {isa = PBXFileReference; explicitFileType = wrapper.framework; includeInIndex = 0; path = OrderedCollections.framework; sourceTree = BUILT_PRODUCTS_DIR; };
		8867A4C73D211CAFCC002BC2 /* IdentifiedCollections.framework */ = {isa = PBXFileReference; explicitFileType = wrapper.framework; includeInIndex = 0; path = IdentifiedCollections.framework; sourceTree = BUILT_PRODUCTS_DIR; };
		8A611D1693834F821CBD6EAD /* Feature.framework */ = {isa = PBXFileReference; explicitFileType = wrapper.framework; includeInIndex = 0; path = Feature.framework; sourceTree = BUILT_PRODUCTS_DIR; };
		8A73E03B4AEB0C70F17D41B0 /* RootView.swift */ = {isa = PBXFileReference; lastKnownFileType = sourcecode.swift; path = RootView.swift; sourceTree = "<group>"; };
		8F530685B2CB35F2F373882F /* SignUpAgreementFeature.swift */ = {isa = PBXFileReference; lastKnownFileType = sourcecode.swift; path = SignUpAgreementFeature.swift; sourceTree = "<group>"; };
		90E00506F2E131018CF1007F /* CFNetwork.framework */ = {isa = PBXFileReference; lastKnownFileType = wrapper.framework; name = CFNetwork.framework; path = Platforms/iPhoneOS.platform/Developer/SDKs/iPhoneOS.sdk/System/Library/Frameworks/CFNetwork.framework; sourceTree = DEVELOPER_DIR; };
		A215FBB13B09E45FD00ED57C /* Feature-Info.plist */ = {isa = PBXFileReference; lastKnownFileType = text.plist; path = "Feature-Info.plist"; sourceTree = "<group>"; };
		A32AC9C0958FF38D95B497DE /* Feature-Dev-Info.plist */ = {isa = PBXFileReference; lastKnownFileType = text.plist; path = "Feature-Dev-Info.plist"; sourceTree = "<group>"; };
		B21FE99931A73382EA26F28D /* Feature_Dev.framework */ = {isa = PBXFileReference; explicitFileType = wrapper.framework; includeInIndex = 0; path = Feature_Dev.framework; sourceTree = BUILT_PRODUCTS_DIR; };
		B78413B4F2C5686A242B2B51 /* test.swift */ = {isa = PBXFileReference; lastKnownFileType = sourcecode.swift; path = test.swift; sourceTree = "<group>"; };
		B9F13669E401562BFF939EC0 /* ComposableArchitecture.framework */ = {isa = PBXFileReference; explicitFileType = wrapper.framework; includeInIndex = 0; path = ComposableArchitecture.framework; sourceTree = BUILT_PRODUCTS_DIR; };
		BDA41E830426C0FD43F195DC /* SwiftUINavigationCore.framework */ = {isa = PBXFileReference; explicitFileType = wrapper.framework; includeInIndex = 0; path = SwiftUINavigationCore.framework; sourceTree = BUILT_PRODUCTS_DIR; };
		C5D27ED35E4328D411D71116 /* Network.framework */ = {isa = PBXFileReference; explicitFileType = wrapper.framework; includeInIndex = 0; path = Network.framework; sourceTree = BUILT_PRODUCTS_DIR; };
		D2E966455637831DC7FA52A6 /* FeatureTests.xctest */ = {isa = PBXFileReference; explicitFileType = wrapper.cfbundle; includeInIndex = 0; path = FeatureTests.xctest; sourceTree = BUILT_PRODUCTS_DIR; };
		D38C6516B7B879FE57F684BC /* DesignSystemKit.framework */ = {isa = PBXFileReference; explicitFileType = wrapper.framework; includeInIndex = 0; path = DesignSystemKit.framework; sourceTree = BUILT_PRODUCTS_DIR; };
		E01F9B301EAA49A194EC8B48 /* Clocks.framework */ = {isa = PBXFileReference; explicitFileType = wrapper.framework; includeInIndex = 0; path = Clocks.framework; sourceTree = BUILT_PRODUCTS_DIR; };
		E31760A33CE0283B1C942BEA /* Alamofire.framework */ = {isa = PBXFileReference; explicitFileType = wrapper.framework; includeInIndex = 0; path = Alamofire.framework; sourceTree = BUILT_PRODUCTS_DIR; };
		F2CFE306E316808FE6CFEDD9 /* RootFeature.swift */ = {isa = PBXFileReference; lastKnownFileType = sourcecode.swift; path = RootFeature.swift; sourceTree = "<group>"; };
		FA948B661FFFA01E755108AF /* XCTestDynamicOverlay.framework */ = {isa = PBXFileReference; explicitFileType = wrapper.framework; includeInIndex = 0; path = XCTestDynamicOverlay.framework; sourceTree = BUILT_PRODUCTS_DIR; };
/* End PBXFileReference section */

/* Begin PBXFrameworksBuildPhase section */
		C2B770B012D2736DAFE9B11A /* Frameworks */ = {
			isa = PBXFrameworksBuildPhase;
			buildActionMask = 2147483647;
			files = (
				297BC97960B13AD83B307A6B /* CFNetwork.framework in Frameworks */,
				AA71EC7283F6D2DC02A33016 /* Alamofire.framework in Frameworks */,
				F2DEFA07015FAC35235C0DC0 /* CasePaths.framework in Frameworks */,
				E0A7BCA844386706E04AF1A6 /* Clocks.framework in Frameworks */,
				37512EEFCA5F306960FC5675 /* CombineSchedulers.framework in Frameworks */,
				65B33DE38AC5AC33FBFAA183 /* ComposableArchitecture.framework in Frameworks */,
				557CC946E7EE7230826A750F /* ConcurrencyExtras.framework in Frameworks */,
				9B69B47757BE4626315A9E59 /* Core.framework in Frameworks */,
				42F4CEDEE04716E2DD22D412 /* CustomDump.framework in Frameworks */,
				07DF8A4490BDE47FB8529B4D /* Dependencies.framework in Frameworks */,
				326273393988933F1413F5BD /* DependenciesMacros.framework in Frameworks */,
				45BE70C49765789617D6D3E9 /* DesignSystemKit.framework in Frameworks */,
				542E7EE732A480A488C09FD1 /* Domain.framework in Frameworks */,
				F4123BA0D3124D4C0497F69D /* Feature.framework in Frameworks */,
				514DFF40DE2F8812E0D8CB37 /* IdentifiedCollections.framework in Frameworks */,
				74796393DC0390F8339C6ABD /* Moya.framework in Frameworks */,
				F645FD3A217C7E3545381047 /* Network.framework in Frameworks */,
				873B6A62BF2FACA7402ED29C /* OrderedCollections.framework in Frameworks */,
				72E28B7A6D3AEE4BCA026901 /* Perception.framework in Frameworks */,
				CE09B9EAC11796787957F8A5 /* ShareKit.framework in Frameworks */,
				5C35EF444E0822648961A282 /* SwiftUINavigationCore.framework in Frameworks */,
				7FD9AF681594845FB080ADD5 /* XCTestDynamicOverlay.framework in Frameworks */,
				CF7A0B89BCF438362C754E3C /* _CollectionsUtilities.framework in Frameworks */,
			);
			runOnlyForDeploymentPostprocessing = 0;
		};
		C8935A5DAB04922D7E372DEB /* Frameworks */ = {
			isa = PBXFrameworksBuildPhase;
			buildActionMask = 2147483647;
			files = (
			);
			runOnlyForDeploymentPostprocessing = 0;
		};
		E8D7D7F892784DF238F9E9C4 /* Frameworks */ = {
			isa = PBXFrameworksBuildPhase;
			buildActionMask = 2147483647;
			files = (
			);
			runOnlyForDeploymentPostprocessing = 0;
		};
/* End PBXFrameworksBuildPhase section */

/* Begin PBXGroup section */
		1CA8926997F212C76168BBAE /* Root */ = {
			isa = PBXGroup;
			children = (
				F2CFE306E316808FE6CFEDD9 /* RootFeature.swift */,
				8A73E03B4AEB0C70F17D41B0 /* RootView.swift */,
			);
			path = Root;
			sourceTree = "<group>";
		};
		47D9A39E45687A9BACB2BEC5 /* Derived */ = {
			isa = PBXGroup;
			children = (
				AA476BACFF1FE77A2E869E4B /* InfoPlists */,
			);
			path = Derived;
			sourceTree = "<group>";
		};
		5875D844D2C8AE307AA354F8 /* FeatureTests */ = {
			isa = PBXGroup;
			children = (
				8C17B49EF75A76A51AF5F709 /* Sources */,
			);
			path = FeatureTests;
			sourceTree = "<group>";
		};
		65FE2B1B6E7B1E024684218D /* Name */ = {
			isa = PBXGroup;
			children = (
				4B30400D6A76DAEC7E4DF33B /* SignUpNameFeature.swift */,
				3FAE03467DA1674163CF1DBB /* SignUpNameView.swift */,
			);
			path = Name;
			sourceTree = "<group>";
		};
		6DC82FD44AFA8E6846CC19FE = {
			isa = PBXGroup;
			children = (
				C05AC50F60B178F60E99048B /* Project */,
				FF84802DBECE1160D2AE52BE /* Frameworks */,
				F37C3A4FE623C846745B9CE2 /* Products */,
			);
			sourceTree = "<group>";
		};
		7CD9C88464D9A1825DB2DA5E /* Sources */ = {
			isa = PBXGroup;
			children = (
				7EDDFDA3A48032ECAA2A2009 /* MainCard */,
				1CA8926997F212C76168BBAE /* Root */,
				9EAB955E4655799C2A22D2D6 /* SignUp */,
			);
			path = Sources;
			sourceTree = "<group>";
		};
		7EDDFDA3A48032ECAA2A2009 /* MainCard */ = {
			isa = PBXGroup;
			children = (
				5E589EA0775DDBC22A81459C /* MainCardView.swift */,
			);
			path = MainCard;
			sourceTree = "<group>";
		};
		8405CD672B922FF100DEA0E7 /* Paging */ = {
			isa = PBXGroup;
			children = (
				8405CD682B92300F00DEA0E7 /* SignUpPagingView.swift */,
				8405CD6A2B92301A00DEA0E7 /* SignUpPagingFeature.swift */,
			);
			path = Paging;
			sourceTree = "<group>";
		};
		8405CD6C2B9238A100DEA0E7 /* BirthDay */ = {
			isa = PBXGroup;
			children = (
				8405CD6D2B9238B500DEA0E7 /* SignUpBirthDayFeature.swift */,
				8405CD6F2B92390B00DEA0E7 /* SignUpBirthDayView.swift */,
			);
			path = BirthDay;
			sourceTree = "<group>";
		};
		8C17B49EF75A76A51AF5F709 /* Sources */ = {
			isa = PBXGroup;
			children = (
				B78413B4F2C5686A242B2B51 /* test.swift */,
			);
			path = Sources;
			sourceTree = "<group>";
		};
		9EAB955E4655799C2A22D2D6 /* SignUp */ = {
			isa = PBXGroup;
			children = (
				AB5C005BAB512F83CA1A9B02 /* Agreement */,
				8405CD672B922FF100DEA0E7 /* Paging */,
				65FE2B1B6E7B1E024684218D /* Name */,
				8405CD6C2B9238A100DEA0E7 /* BirthDay */,
			);
			path = SignUp;
			sourceTree = "<group>";
		};
		AA476BACFF1FE77A2E869E4B /* InfoPlists */ = {
			isa = PBXGroup;
			children = (
				A32AC9C0958FF38D95B497DE /* Feature-Dev-Info.plist */,
				A215FBB13B09E45FD00ED57C /* Feature-Info.plist */,
				2FCF902DF7D9CA7A6F12E920 /* FeatureTests-Info.plist */,
			);
			path = InfoPlists;
			sourceTree = "<group>";
		};
		AB5C005BAB512F83CA1A9B02 /* Agreement */ = {
			isa = PBXGroup;
			children = (
				8F530685B2CB35F2F373882F /* SignUpAgreementFeature.swift */,
				66722F1D8745C674E107D597 /* SignUpAgreementView.swift */,
			);
			path = Agreement;
			sourceTree = "<group>";
		};
		C05AC50F60B178F60E99048B /* Project */ = {
			isa = PBXGroup;
			children = (
				47D9A39E45687A9BACB2BEC5 /* Derived */,
				5875D844D2C8AE307AA354F8 /* FeatureTests */,
				7CD9C88464D9A1825DB2DA5E /* Sources */,
			);
			name = Project;
			sourceTree = "<group>";
		};
		F37C3A4FE623C846745B9CE2 /* Products */ = {
			isa = PBXGroup;
			children = (
				E4A36428072C440F0EF446FC /* _CollectionsUtilities.framework */,
				E31760A33CE0283B1C942BEA /* Alamofire.framework */,
				646BC1F2E9B39BF7F444F74F /* CasePaths.framework */,
				E01F9B301EAA49A194EC8B48 /* Clocks.framework */,
				30171831478092EEDBF5188C /* CombineSchedulers.framework */,
				B9F13669E401562BFF939EC0 /* ComposableArchitecture.framework */,
				193C8100AE711AAFBB33D697 /* ConcurrencyExtras.framework */,
				35F364327687E6A20628F831 /* Core.framework */,
				6C747A7858A77344C12E8D8A /* CustomDump.framework */,
				206ADBFB3491FA04066C674E /* Dependencies.framework */,
				22757DDE6DA035D6F268779B /* DependenciesMacros.framework */,
				4FAB33C6B9CA2DC59CDBA254 /* DesignSystemKit_DesignSystemKit.bundle */,
				D38C6516B7B879FE57F684BC /* DesignSystemKit.framework */,
				256FB16C3CC8F3C26197FBB9 /* Domain.framework */,
				B21FE99931A73382EA26F28D /* Feature_Dev.framework */,
				8A611D1693834F821CBD6EAD /* Feature.framework */,
				D2E966455637831DC7FA52A6 /* FeatureTests.xctest */,
				8867A4C73D211CAFCC002BC2 /* IdentifiedCollections.framework */,
				64A063BF35DFA77C20F94350 /* Moya.framework */,
				C5D27ED35E4328D411D71116 /* Network.framework */,
				841C4B197AD238EB123653B0 /* OrderedCollections.framework */,
				41DB1AB2B2FCF62962F51566 /* Perception.framework */,
				3F6AE57115356E0D54874FBB /* ShareKit.framework */,
				BDA41E830426C0FD43F195DC /* SwiftUINavigationCore.framework */,
				FA948B661FFFA01E755108AF /* XCTestDynamicOverlay.framework */,
			);
			name = Products;
			sourceTree = "<group>";
		};
		FF84802DBECE1160D2AE52BE /* Frameworks */ = {
			isa = PBXGroup;
			children = (
				90E00506F2E131018CF1007F /* CFNetwork.framework */,
			);
			name = Frameworks;
			sourceTree = "<group>";
		};
/* End PBXGroup section */

/* Begin PBXNativeTarget section */
		05EE4F1083E4226E3D3D4F7D /* Feature-Dev */ = {
			isa = PBXNativeTarget;
			buildConfigurationList = E785296926B7F2BA9B23A7E3 /* Build configuration list for PBXNativeTarget "Feature-Dev" */;
			buildPhases = (
				8B0FACBDFA3E3B8AC8AC232B /* Sources */,
				44BDD6AE8CDF7A2BE2019189 /* Resources */,
				06979CD478AF9619B28122A6 /* Embed Frameworks */,
				C8935A5DAB04922D7E372DEB /* Frameworks */,
				BB3A759CCA55042A0C8ABA49 /* Dependencies */,
			);
			buildRules = (
			);
			dependencies = (
			);
			name = "Feature-Dev";
			productName = Feature_Dev;
			productReference = B21FE99931A73382EA26F28D /* Feature_Dev.framework */;
			productType = "com.apple.product-type.framework";
		};
		889701595646A30881D30ED8 /* Feature */ = {
			isa = PBXNativeTarget;
			buildConfigurationList = B67372031E0DFDF7E3094C3B /* Build configuration list for PBXNativeTarget "Feature" */;
			buildPhases = (
				12BBED2B0678C3C1EF1BF7A4 /* Sources */,
				8E0437CF7E5C538AD21C9785 /* Resources */,
				30F01E56E14211AA26551CC8 /* Embed Frameworks */,
				E8D7D7F892784DF238F9E9C4 /* Frameworks */,
				1E30F68BEE06D067009B4984 /* Dependencies */,
			);
			buildRules = (
			);
			dependencies = (
			);
			name = Feature;
			productName = Feature;
			productReference = 8A611D1693834F821CBD6EAD /* Feature.framework */;
			productType = "com.apple.product-type.framework";
		};
		B80BEDE90B5E77851A6B8979 /* FeatureTests */ = {
			isa = PBXNativeTarget;
			buildConfigurationList = EC9E0E42AA5E46FB80F3B0CF /* Build configuration list for PBXNativeTarget "FeatureTests" */;
			buildPhases = (
				B9AEA4401A61474D48854E4C /* Sources */,
				53E96F0A5BE9F15958E1034C /* Resources */,
				55DBDC1908CFD30C9319345E /* Embed Frameworks */,
				C2B770B012D2736DAFE9B11A /* Frameworks */,
				A2F39917B197FB3DB18AA5EF /* Dependencies */,
			);
			buildRules = (
			);
			dependencies = (
				2DEDAB6663C589F852EA958E /* PBXTargetDependency */,
			);
			name = FeatureTests;
			productName = FeatureTests;
			productReference = D2E966455637831DC7FA52A6 /* FeatureTests.xctest */;
			productType = "com.apple.product-type.bundle.unit-test";
		};
/* End PBXNativeTarget section */

/* Begin PBXProject section */
		44191F7B9590ED06371F46BF /* Project object */ = {
			isa = PBXProject;
			attributes = {
				BuildIndependentTargetsInParallel = YES;
				ORGANIZATIONNAME = Yeom;
			};
			buildConfigurationList = 31B40DEAC22225C89EF80B24 /* Build configuration list for PBXProject "Feature" */;
			compatibilityVersion = "Xcode 14.0";
			developmentRegion = en;
			hasScannedForEncodings = 0;
			knownRegions = (
				Base,
				en,
			);
			mainGroup = 6DC82FD44AFA8E6846CC19FE;
			productRefGroup = F37C3A4FE623C846745B9CE2 /* Products */;
			projectDirPath = "";
			projectRoot = "";
			targets = (
				889701595646A30881D30ED8 /* Feature */,
				05EE4F1083E4226E3D3D4F7D /* Feature-Dev */,
				B80BEDE90B5E77851A6B8979 /* FeatureTests */,
			);
		};
/* End PBXProject section */

/* Begin PBXResourcesBuildPhase section */
		44BDD6AE8CDF7A2BE2019189 /* Resources */ = {
			isa = PBXResourcesBuildPhase;
			buildActionMask = 2147483647;
			files = (
			);
			runOnlyForDeploymentPostprocessing = 0;
		};
		53E96F0A5BE9F15958E1034C /* Resources */ = {
			isa = PBXResourcesBuildPhase;
			buildActionMask = 2147483647;
			files = (
				CCC56E790BAA0D489AF72850 /* DesignSystemKit_DesignSystemKit.bundle in Resources */,
			);
			runOnlyForDeploymentPostprocessing = 0;
		};
		8E0437CF7E5C538AD21C9785 /* Resources */ = {
			isa = PBXResourcesBuildPhase;
			buildActionMask = 2147483647;
			files = (
			);
			runOnlyForDeploymentPostprocessing = 0;
		};
/* End PBXResourcesBuildPhase section */

/* Begin PBXSourcesBuildPhase section */
		12BBED2B0678C3C1EF1BF7A4 /* Sources */ = {
			isa = PBXSourcesBuildPhase;
			buildActionMask = 2147483647;
			files = (
				8405CD702B92390B00DEA0E7 /* SignUpBirthDayView.swift in Sources */,
				8405CD692B92300F00DEA0E7 /* SignUpPagingView.swift in Sources */,
				6AA5D34FFA555B4E56AF542A /* MainCardView.swift in Sources */,
				8405CD6B2B92301A00DEA0E7 /* SignUpPagingFeature.swift in Sources */,
				9EFBB0EE961401BB01E43701 /* RootFeature.swift in Sources */,
				C0E60008F825657DE244EB07 /* RootView.swift in Sources */,
				5EC5297750454C2043DDED79 /* SignUpAgreementFeature.swift in Sources */,
				3A105AD92B8A12B07EEC6ABF /* SignUpAgreementView.swift in Sources */,
				BFAFA0C3338DAA30B4DAEFD6 /* SignUpNameFeature.swift in Sources */,
				CBC75FF0313887ED04F09D3F /* SignUpNameView.swift in Sources */,
				8405CD6E2B9238B500DEA0E7 /* SignUpBirthDayFeature.swift in Sources */,
			);
			runOnlyForDeploymentPostprocessing = 0;
		};
		8B0FACBDFA3E3B8AC8AC232B /* Sources */ = {
			isa = PBXSourcesBuildPhase;
			buildActionMask = 2147483647;
			files = (
				A4A97D703E3F715B6B556CDC /* MainCardView.swift in Sources */,
				623586F08AF9477AA1B660EE /* RootFeature.swift in Sources */,
				C8812A42CFDC28017082EE1F /* RootView.swift in Sources */,
				FEBC8ADB66254E064DFAEB34 /* SignUpAgreementFeature.swift in Sources */,
				AF85554073EC1D3F2AC85658 /* SignUpAgreementView.swift in Sources */,
				12BA84AFF629C7DB5291FE2E /* SignUpNameFeature.swift in Sources */,
				09F9A1C3BCBF6A7C2245B207 /* SignUpNameView.swift in Sources */,
			);
			runOnlyForDeploymentPostprocessing = 0;
		};
		B9AEA4401A61474D48854E4C /* Sources */ = {
			isa = PBXSourcesBuildPhase;
			buildActionMask = 2147483647;
			files = (
				F99AD7ACE5EC9673EA57B19B /* test.swift in Sources */,
			);
			runOnlyForDeploymentPostprocessing = 0;
		};
/* End PBXSourcesBuildPhase section */

/* Begin PBXTargetDependency section */
		2DEDAB6663C589F852EA958E /* PBXTargetDependency */ = {
			isa = PBXTargetDependency;
			name = Feature;
			target = 889701595646A30881D30ED8 /* Feature */;
			targetProxy = 2FEEB6DDE80F803216E40ED8 /* PBXContainerItemProxy */;
		};
/* End PBXTargetDependency section */

/* Begin XCBuildConfiguration section */
		4B53596B37518A13579011AA /* Release */ = {
			isa = XCBuildConfiguration;
			buildSettings = {
				CODE_SIGN_IDENTITY = "";
				CURRENT_PROJECT_VERSION = 1;
				DEFINES_MODULE = YES;
				DYLIB_COMPATIBILITY_VERSION = 1;
				DYLIB_CURRENT_VERSION = 1;
				DYLIB_INSTALL_NAME_BASE = "@rpath";
				INFOPLIST_FILE = "Derived/InfoPlists/Feature-Info.plist";
				INSTALL_PATH = "$(LOCAL_LIBRARY_DIR)/Frameworks";
				IPHONEOS_DEPLOYMENT_TARGET = 17.0;
				LD_RUNPATH_SEARCH_PATHS = (
					"$(inherited)",
					"@executable_path/Frameworks",
					"@loader_path/Frameworks",
				);
				MACH_O_TYPE = staticlib;
				OTHER_SWIFT_FLAGS = "-load-plugin-executable $BUILD_DIR/Debug$EFFECTIVE_PLATFORM_NAME/PerceptionMacros#PerceptionMacros -load-plugin-executable $BUILD_DIR/Debug$EFFECTIVE_PLATFORM_NAME/CasePathsMacros#CasePathsMacros -load-plugin-executable $BUILD_DIR/Debug$EFFECTIVE_PLATFORM_NAME/ComposableArchitectureMacros#ComposableArchitectureMacros -load-plugin-executable $BUILD_DIR/Debug$EFFECTIVE_PLATFORM_NAME/DependenciesMacrosPlugin#DependenciesMacrosPlugin";
				PRODUCT_BUNDLE_IDENTIFIER = com.Emo.OPeace.Feature;
				PRODUCT_NAME = Feature;
				SDKROOT = iphoneos;
				SKIP_INSTALL = YES;
				SUPPORTS_MACCATALYST = NO;
				SUPPORTS_MAC_DESIGNED_FOR_IPHONE_IPAD = YES;
				SUPPORTS_XR_DESIGNED_FOR_IPHONE_IPAD = NO;
				SWIFT_COMPILATION_MODE = wholemodule;
				SWIFT_OPTIMIZATION_LEVEL = "-Owholemodule";
				SWIFT_VERSION = 5.0;
				TARGETED_DEVICE_FAMILY = "1,2";
				VERSIONING_SYSTEM = "apple-generic";
				VERSION_INFO_PREFIX = "";
			};
			name = Release;
		};
		4FC08885593775FB09B60BDF /* Release */ = {
			isa = XCBuildConfiguration;
			buildSettings = {
				CODE_SIGN_IDENTITY = "";
				CURRENT_PROJECT_VERSION = 1;
				DEFINES_MODULE = YES;
				DYLIB_COMPATIBILITY_VERSION = 1;
				DYLIB_CURRENT_VERSION = 1;
				DYLIB_INSTALL_NAME_BASE = "@rpath";
				INFOPLIST_FILE = "Derived/InfoPlists/Feature-Dev-Info.plist";
				INSTALL_PATH = "$(LOCAL_LIBRARY_DIR)/Frameworks";
				IPHONEOS_DEPLOYMENT_TARGET = 17.0;
				LD_RUNPATH_SEARCH_PATHS = (
					"$(inherited)",
					"@executable_path/Frameworks",
					"@loader_path/Frameworks",
				);
				MACH_O_TYPE = staticlib;
				OTHER_SWIFT_FLAGS = "-load-plugin-executable $BUILD_DIR/Debug$EFFECTIVE_PLATFORM_NAME/PerceptionMacros#PerceptionMacros -load-plugin-executable $BUILD_DIR/Debug$EFFECTIVE_PLATFORM_NAME/DependenciesMacrosPlugin#DependenciesMacrosPlugin -load-plugin-executable $BUILD_DIR/Debug$EFFECTIVE_PLATFORM_NAME/ComposableArchitectureMacros#ComposableArchitectureMacros -load-plugin-executable $BUILD_DIR/Debug$EFFECTIVE_PLATFORM_NAME/CasePathsMacros#CasePathsMacros";
				PRODUCT_BUNDLE_IDENTIFIER = com.Emo.OPeace.Feature;
				PRODUCT_NAME = Feature_Dev;
				SDKROOT = iphoneos;
				SKIP_INSTALL = YES;
				SUPPORTS_MACCATALYST = NO;
				SUPPORTS_MAC_DESIGNED_FOR_IPHONE_IPAD = YES;
				SUPPORTS_XR_DESIGNED_FOR_IPHONE_IPAD = NO;
				SWIFT_COMPILATION_MODE = wholemodule;
				SWIFT_OPTIMIZATION_LEVEL = "-Owholemodule";
				SWIFT_VERSION = 5.0;
				TARGETED_DEVICE_FAMILY = "1,2";
				VERSIONING_SYSTEM = "apple-generic";
				VERSION_INFO_PREFIX = "";
			};
			name = Release;
		};
		6EFF9D149948A6D4F64C2657 /* Debug */ = {
			isa = XCBuildConfiguration;
			buildSettings = {
				CODE_SIGN_IDENTITY = "iPhone Developer";
				INFOPLIST_FILE = "Derived/InfoPlists/FeatureTests-Info.plist";
				IPHONEOS_DEPLOYMENT_TARGET = 17.0;
				LD_RUNPATH_SEARCH_PATHS = (
					"$(inherited)",
					"@executable_path/Frameworks",
					"@loader_path/Frameworks",
				);
				OTHER_SWIFT_FLAGS = "-load-plugin-executable $BUILD_DIR/Debug$EFFECTIVE_PLATFORM_NAME/CasePathsMacros#CasePathsMacros -load-plugin-executable $BUILD_DIR/Debug$EFFECTIVE_PLATFORM_NAME/ComposableArchitectureMacros#ComposableArchitectureMacros -load-plugin-executable $BUILD_DIR/Debug$EFFECTIVE_PLATFORM_NAME/DependenciesMacrosPlugin#DependenciesMacrosPlugin -load-plugin-executable $BUILD_DIR/Debug$EFFECTIVE_PLATFORM_NAME/PerceptionMacros#PerceptionMacros";
				PRODUCT_BUNDLE_IDENTIFIER = com.Emo.OPeace.Feature.FeatureTests;
				PRODUCT_NAME = FeatureTests;
				SDKROOT = iphoneos;
				SUPPORTS_MACCATALYST = NO;
				SUPPORTS_MAC_DESIGNED_FOR_IPHONE_IPAD = YES;
				SUPPORTS_XR_DESIGNED_FOR_IPHONE_IPAD = NO;
				SWIFT_ACTIVE_COMPILATION_CONDITIONS = DEBUG;
				SWIFT_COMPILATION_MODE = singlefile;
				SWIFT_OPTIMIZATION_LEVEL = "-Onone";
				SWIFT_VERSION = 5.0;
				TARGETED_DEVICE_FAMILY = "1,2";
			};
			name = Debug;
		};
		82920014030294251225DD67 /* Debug */ = {
			isa = XCBuildConfiguration;
			buildSettings = {
				CODE_SIGN_IDENTITY = "";
				CURRENT_PROJECT_VERSION = 1;
				DEFINES_MODULE = YES;
				DYLIB_COMPATIBILITY_VERSION = 1;
				DYLIB_CURRENT_VERSION = 1;
				DYLIB_INSTALL_NAME_BASE = "@rpath";
				INFOPLIST_FILE = "Derived/InfoPlists/Feature-Dev-Info.plist";
				INSTALL_PATH = "$(LOCAL_LIBRARY_DIR)/Frameworks";
				IPHONEOS_DEPLOYMENT_TARGET = 17.0;
				LD_RUNPATH_SEARCH_PATHS = (
					"$(inherited)",
					"@executable_path/Frameworks",
					"@loader_path/Frameworks",
				);
				MACH_O_TYPE = staticlib;
				OTHER_SWIFT_FLAGS = "-load-plugin-executable $BUILD_DIR/Debug$EFFECTIVE_PLATFORM_NAME/PerceptionMacros#PerceptionMacros -load-plugin-executable $BUILD_DIR/Debug$EFFECTIVE_PLATFORM_NAME/DependenciesMacrosPlugin#DependenciesMacrosPlugin -load-plugin-executable $BUILD_DIR/Debug$EFFECTIVE_PLATFORM_NAME/ComposableArchitectureMacros#ComposableArchitectureMacros -load-plugin-executable $BUILD_DIR/Debug$EFFECTIVE_PLATFORM_NAME/CasePathsMacros#CasePathsMacros";
				PRODUCT_BUNDLE_IDENTIFIER = com.Emo.OPeace.Feature;
				PRODUCT_NAME = Feature_Dev;
				SDKROOT = iphoneos;
				SKIP_INSTALL = YES;
				SUPPORTS_MACCATALYST = NO;
				SUPPORTS_MAC_DESIGNED_FOR_IPHONE_IPAD = YES;
				SUPPORTS_XR_DESIGNED_FOR_IPHONE_IPAD = NO;
				SWIFT_ACTIVE_COMPILATION_CONDITIONS = DEBUG;
				SWIFT_COMPILATION_MODE = singlefile;
				SWIFT_OPTIMIZATION_LEVEL = "-Onone";
				SWIFT_VERSION = 5.0;
				TARGETED_DEVICE_FAMILY = "1,2";
				VERSIONING_SYSTEM = "apple-generic";
				VERSION_INFO_PREFIX = "";
			};
			name = Debug;
		};
		998D3497CFC5E33F38DE643C /* Debug */ = {
			isa = XCBuildConfiguration;
			buildSettings = {
				CODE_SIGN_IDENTITY = "";
				CURRENT_PROJECT_VERSION = 1;
				DEFINES_MODULE = YES;
				DYLIB_COMPATIBILITY_VERSION = 1;
				DYLIB_CURRENT_VERSION = 1;
				DYLIB_INSTALL_NAME_BASE = "@rpath";
				INFOPLIST_FILE = "Derived/InfoPlists/Feature-Info.plist";
				INSTALL_PATH = "$(LOCAL_LIBRARY_DIR)/Frameworks";
				IPHONEOS_DEPLOYMENT_TARGET = 17.0;
				LD_RUNPATH_SEARCH_PATHS = (
					"$(inherited)",
					"@executable_path/Frameworks",
					"@loader_path/Frameworks",
				);
				MACH_O_TYPE = staticlib;
				OTHER_SWIFT_FLAGS = "-load-plugin-executable $BUILD_DIR/Debug$EFFECTIVE_PLATFORM_NAME/DependenciesMacrosPlugin#DependenciesMacrosPlugin -load-plugin-executable $BUILD_DIR/Debug$EFFECTIVE_PLATFORM_NAME/ComposableArchitectureMacros#ComposableArchitectureMacros -load-plugin-executable $BUILD_DIR/Debug$EFFECTIVE_PLATFORM_NAME/CasePathsMacros#CasePathsMacros -load-plugin-executable $BUILD_DIR/Debug$EFFECTIVE_PLATFORM_NAME/PerceptionMacros#PerceptionMacros";
				PRODUCT_BUNDLE_IDENTIFIER = com.Emo.OPeace.Feature;
				PRODUCT_NAME = Feature;
				SDKROOT = iphoneos;
				SKIP_INSTALL = YES;
				SUPPORTS_MACCATALYST = NO;
				SUPPORTS_MAC_DESIGNED_FOR_IPHONE_IPAD = YES;
				SUPPORTS_XR_DESIGNED_FOR_IPHONE_IPAD = NO;
				SWIFT_ACTIVE_COMPILATION_CONDITIONS = DEBUG;
				SWIFT_COMPILATION_MODE = singlefile;
				SWIFT_OPTIMIZATION_LEVEL = "-Onone";
				SWIFT_VERSION = 5.0;
				TARGETED_DEVICE_FAMILY = "1,2";
				VERSIONING_SYSTEM = "apple-generic";
				VERSION_INFO_PREFIX = "";
			};
			name = Debug;
		};
		AAE080D5F12040C609BA8590 /* Release */ = {
			isa = XCBuildConfiguration;
			buildSettings = {
				ALWAYS_SEARCH_USER_PATHS = NO;
				CLANG_ANALYZER_LOCALIZABILITY_NONLOCALIZED = YES;
				CLANG_ANALYZER_NONNULL = YES;
				CLANG_ANALYZER_NUMBER_OBJECT_CONVERSION = YES_AGGRESSIVE;
				CLANG_CXX_LANGUAGE_STANDARD = "gnu++14";
				CLANG_CXX_LIBRARY = "libc++";
				CLANG_ENABLE_MODULES = YES;
				CLANG_ENABLE_OBJC_ARC = YES;
				CLANG_ENABLE_OBJC_WEAK = YES;
				CLANG_WARN_BLOCK_CAPTURE_AUTORELEASING = YES;
				CLANG_WARN_BOOL_CONVERSION = YES;
				CLANG_WARN_COMMA = YES;
				CLANG_WARN_CONSTANT_CONVERSION = YES;
				CLANG_WARN_DEPRECATED_OBJC_IMPLEMENTATIONS = YES;
				CLANG_WARN_DIRECT_OBJC_ISA_USAGE = YES_ERROR;
				CLANG_WARN_DOCUMENTATION_COMMENTS = YES;
				CLANG_WARN_EMPTY_BODY = YES;
				CLANG_WARN_ENUM_CONVERSION = YES;
				CLANG_WARN_INFINITE_RECURSION = YES;
				CLANG_WARN_INT_CONVERSION = YES;
				CLANG_WARN_NON_LITERAL_NULL_CONVERSION = YES;
				CLANG_WARN_OBJC_IMPLICIT_RETAIN_SELF = YES;
				CLANG_WARN_OBJC_LITERAL_CONVERSION = YES;
				CLANG_WARN_OBJC_ROOT_CLASS = YES_ERROR;
				CLANG_WARN_QUOTED_INCLUDE_IN_FRAMEWORK_HEADER = YES;
				CLANG_WARN_RANGE_LOOP_ANALYSIS = YES;
				CLANG_WARN_STRICT_PROTOTYPES = YES;
				CLANG_WARN_SUSPICIOUS_MOVE = YES;
				CLANG_WARN_UNGUARDED_AVAILABILITY = YES_AGGRESSIVE;
				CLANG_WARN_UNREACHABLE_CODE = YES;
				CLANG_WARN__DUPLICATE_METHOD_MATCH = YES;
				COPY_PHASE_STRIP = NO;
				DEAD_CODE_STRIPPING = YES;
				DEBUG_INFORMATION_FORMAT = "dwarf-with-dsym";
				ENABLE_NS_ASSERTIONS = NO;
				ENABLE_STRICT_OBJC_MSGSEND = YES;
				GCC_C_LANGUAGE_STANDARD = gnu11;
				GCC_NO_COMMON_BLOCKS = YES;
				GCC_WARN_64_TO_32_BIT_CONVERSION = YES;
				GCC_WARN_ABOUT_RETURN_TYPE = YES_ERROR;
				GCC_WARN_UNDECLARED_SELECTOR = YES;
				GCC_WARN_UNINITIALIZED_AUTOS = YES_AGGRESSIVE;
				GCC_WARN_UNUSED_FUNCTION = YES;
				GCC_WARN_UNUSED_VARIABLE = YES;
				MTL_ENABLE_DEBUG_INFO = NO;
				PRODUCT_NAME = "$(TARGET_NAME)";
				VALIDATE_PRODUCT = YES;
			};
			name = Release;
		};
		BE21BD744EDF8D6BE01C636F /* Debug */ = {
			isa = XCBuildConfiguration;
			buildSettings = {
				ALWAYS_SEARCH_USER_PATHS = NO;
				CLANG_ANALYZER_LOCALIZABILITY_NONLOCALIZED = YES;
				CLANG_ANALYZER_NONNULL = YES;
				CLANG_ANALYZER_NUMBER_OBJECT_CONVERSION = YES_AGGRESSIVE;
				CLANG_CXX_LANGUAGE_STANDARD = "gnu++14";
				CLANG_CXX_LIBRARY = "libc++";
				CLANG_ENABLE_MODULES = YES;
				CLANG_ENABLE_OBJC_ARC = YES;
				CLANG_ENABLE_OBJC_WEAK = YES;
				CLANG_WARN_BLOCK_CAPTURE_AUTORELEASING = YES;
				CLANG_WARN_BOOL_CONVERSION = YES;
				CLANG_WARN_COMMA = YES;
				CLANG_WARN_CONSTANT_CONVERSION = YES;
				CLANG_WARN_DEPRECATED_OBJC_IMPLEMENTATIONS = YES;
				CLANG_WARN_DIRECT_OBJC_ISA_USAGE = YES_ERROR;
				CLANG_WARN_DOCUMENTATION_COMMENTS = YES;
				CLANG_WARN_EMPTY_BODY = YES;
				CLANG_WARN_ENUM_CONVERSION = YES;
				CLANG_WARN_INFINITE_RECURSION = YES;
				CLANG_WARN_INT_CONVERSION = YES;
				CLANG_WARN_NON_LITERAL_NULL_CONVERSION = YES;
				CLANG_WARN_OBJC_IMPLICIT_RETAIN_SELF = YES;
				CLANG_WARN_OBJC_LITERAL_CONVERSION = YES;
				CLANG_WARN_OBJC_ROOT_CLASS = YES_ERROR;
				CLANG_WARN_QUOTED_INCLUDE_IN_FRAMEWORK_HEADER = YES;
				CLANG_WARN_RANGE_LOOP_ANALYSIS = YES;
				CLANG_WARN_STRICT_PROTOTYPES = YES;
				CLANG_WARN_SUSPICIOUS_MOVE = YES;
				CLANG_WARN_UNGUARDED_AVAILABILITY = YES_AGGRESSIVE;
				CLANG_WARN_UNREACHABLE_CODE = YES;
				CLANG_WARN__DUPLICATE_METHOD_MATCH = YES;
				COPY_PHASE_STRIP = NO;
				DEAD_CODE_STRIPPING = YES;
				DEBUG_INFORMATION_FORMAT = dwarf;
				ENABLE_STRICT_OBJC_MSGSEND = YES;
				ENABLE_TESTABILITY = YES;
				GCC_C_LANGUAGE_STANDARD = gnu11;
				GCC_DYNAMIC_NO_PIC = NO;
				GCC_NO_COMMON_BLOCKS = YES;
				GCC_OPTIMIZATION_LEVEL = 0;
				GCC_PREPROCESSOR_DEFINITIONS = (
					"DEBUG=1",
					"$(inherited)",
				);
				GCC_WARN_64_TO_32_BIT_CONVERSION = YES;
				GCC_WARN_ABOUT_RETURN_TYPE = YES_ERROR;
				GCC_WARN_UNDECLARED_SELECTOR = YES;
				GCC_WARN_UNINITIALIZED_AUTOS = YES_AGGRESSIVE;
				GCC_WARN_UNUSED_FUNCTION = YES;
				GCC_WARN_UNUSED_VARIABLE = YES;
				MTL_ENABLE_DEBUG_INFO = YES;
				ONLY_ACTIVE_ARCH = YES;
				PRODUCT_NAME = "$(TARGET_NAME)";
			};
			name = Debug;
		};
		C224BA4A33122E440BD50EB2 /* Release */ = {
			isa = XCBuildConfiguration;
			buildSettings = {
				CODE_SIGN_IDENTITY = "iPhone Developer";
				INFOPLIST_FILE = "Derived/InfoPlists/FeatureTests-Info.plist";
				IPHONEOS_DEPLOYMENT_TARGET = 17.0;
				LD_RUNPATH_SEARCH_PATHS = (
					"$(inherited)",
					"@executable_path/Frameworks",
					"@loader_path/Frameworks",
				);
				OTHER_SWIFT_FLAGS = "-load-plugin-executable $BUILD_DIR/Debug$EFFECTIVE_PLATFORM_NAME/DependenciesMacrosPlugin#DependenciesMacrosPlugin -load-plugin-executable $BUILD_DIR/Debug$EFFECTIVE_PLATFORM_NAME/CasePathsMacros#CasePathsMacros -load-plugin-executable $BUILD_DIR/Debug$EFFECTIVE_PLATFORM_NAME/ComposableArchitectureMacros#ComposableArchitectureMacros -load-plugin-executable $BUILD_DIR/Debug$EFFECTIVE_PLATFORM_NAME/PerceptionMacros#PerceptionMacros";
				PRODUCT_BUNDLE_IDENTIFIER = com.Emo.OPeace.Feature.FeatureTests;
				PRODUCT_NAME = FeatureTests;
				SDKROOT = iphoneos;
				SUPPORTS_MACCATALYST = NO;
				SUPPORTS_MAC_DESIGNED_FOR_IPHONE_IPAD = YES;
				SUPPORTS_XR_DESIGNED_FOR_IPHONE_IPAD = NO;
				SWIFT_COMPILATION_MODE = wholemodule;
				SWIFT_OPTIMIZATION_LEVEL = "-Owholemodule";
				SWIFT_VERSION = 5.0;
				TARGETED_DEVICE_FAMILY = "1,2";
			};
			name = Release;
		};
/* End XCBuildConfiguration section */

/* Begin XCConfigurationList section */
		31B40DEAC22225C89EF80B24 /* Build configuration list for PBXProject "Feature" */ = {
			isa = XCConfigurationList;
			buildConfigurations = (
				BE21BD744EDF8D6BE01C636F /* Debug */,
				AAE080D5F12040C609BA8590 /* Release */,
			);
			defaultConfigurationIsVisible = 0;
			defaultConfigurationName = Release;
		};
		B67372031E0DFDF7E3094C3B /* Build configuration list for PBXNativeTarget "Feature" */ = {
			isa = XCConfigurationList;
			buildConfigurations = (
				998D3497CFC5E33F38DE643C /* Debug */,
				4B53596B37518A13579011AA /* Release */,
			);
			defaultConfigurationIsVisible = 0;
			defaultConfigurationName = Release;
		};
		E785296926B7F2BA9B23A7E3 /* Build configuration list for PBXNativeTarget "Feature-Dev" */ = {
			isa = XCConfigurationList;
			buildConfigurations = (
				82920014030294251225DD67 /* Debug */,
				4FC08885593775FB09B60BDF /* Release */,
			);
			defaultConfigurationIsVisible = 0;
			defaultConfigurationName = Release;
		};
		EC9E0E42AA5E46FB80F3B0CF /* Build configuration list for PBXNativeTarget "FeatureTests" */ = {
			isa = XCConfigurationList;
			buildConfigurations = (
				6EFF9D149948A6D4F64C2657 /* Debug */,
				C224BA4A33122E440BD50EB2 /* Release */,
			);
			defaultConfigurationIsVisible = 0;
			defaultConfigurationName = Release;
		};
/* End XCConfigurationList section */
	};
	rootObject = 44191F7B9590ED06371F46BF /* Project object */;
}
