// !$*UTF8*$!
{
	archiveVersion = 1;
	classes = {
	};
	objectVersion = 55;
	objects = {

/* Begin PBXBuildFile section */
		1AD38619FB40811DC7F067BB /* test.swift in Sources */ = {isa = PBXBuildFile; fileRef = 28CCB6C88557610302866AB9 /* test.swift */; };
		314B9EA24F32792C4AC44C8E /* OpeaceApp.swift in Sources */ = {isa = PBXBuildFile; fileRef = 8B9D38A4CA1E3521DD8538BE /* OpeaceApp.swift */; };
		530D7A4D24BD734459A5B33F /* ContentView.swift in Sources */ = {isa = PBXBuildFile; fileRef = B8AF0F50BDCFE6FC0B5D90B0 /* ContentView.swift */; };
		6DC8923659198D603F255B5D /* OpeaceApp.swift in Sources */ = {isa = PBXBuildFile; fileRef = 8B9D38A4CA1E3521DD8538BE /* OpeaceApp.swift */; };
		9E5BA72861F02B20CF391C3B /* ContentView.swift in Sources */ = {isa = PBXBuildFile; fileRef = B8AF0F50BDCFE6FC0B5D90B0 /* ContentView.swift */; };
/* End PBXBuildFile section */

/* Begin PBXContainerItemProxy section */
		DDDB7D913FADE1134B368A91 /* PBXContainerItemProxy */ = {
			isa = PBXContainerItemProxy;
			containerPortal = F18B04FFC6C052E50C5BAEEA /* Project object */;
			proxyType = 1;
			remoteGlobalIDString = 67D9F4592180F61529ADFF00;
			remoteInfo = OPeace;
		};
/* End PBXContainerItemProxy section */

/* Begin PBXCopyFilesBuildPhase section */
		1908BCD75735C25C506A6DE4 /* Embed Frameworks */ = {
			isa = PBXCopyFilesBuildPhase;
			buildActionMask = 2147483647;
			dstPath = "";
			dstSubfolderSpec = 10;
			files = (
			);
			name = "Embed Frameworks";
			runOnlyForDeploymentPostprocessing = 0;
		};
		918BC4F2D7B0D6BAB8A061E5 /* Embed Frameworks */ = {
			isa = PBXCopyFilesBuildPhase;
			buildActionMask = 2147483647;
			dstPath = "";
			dstSubfolderSpec = 10;
			files = (
			);
			name = "Embed Frameworks";
			runOnlyForDeploymentPostprocessing = 0;
		};
		FEE320E802BB2F086B64F038 /* Embed Frameworks */ = {
			isa = PBXCopyFilesBuildPhase;
			buildActionMask = 2147483647;
			dstPath = "";
			dstSubfolderSpec = 10;
			files = (
			);
			name = "Embed Frameworks";
			runOnlyForDeploymentPostprocessing = 0;
		};
/* End PBXCopyFilesBuildPhase section */

/* Begin PBXFileReference section */
		28CCB6C88557610302866AB9 /* test.swift */ = {isa = PBXFileReference; lastKnownFileType = sourcecode.swift; path = test.swift; sourceTree = "<group>"; };
		39EB1E0DCC56F5D20F7CF97B /* OPeaceTests-Info.plist */ = {isa = PBXFileReference; lastKnownFileType = text.plist; path = "OPeaceTests-Info.plist"; sourceTree = "<group>"; };
		4B5F6A7E244E786398E4A327 /* OPeace_Dev.app */ = {isa = PBXFileReference; explicitFileType = wrapper.application; includeInIndex = 0; path = OPeace_Dev.app; sourceTree = BUILT_PRODUCTS_DIR; };
		8B9D38A4CA1E3521DD8538BE /* OpeaceApp.swift */ = {isa = PBXFileReference; lastKnownFileType = sourcecode.swift; path = OpeaceApp.swift; sourceTree = "<group>"; };
		A445C66880DC63E9958A59AA /* OPeace.app */ = {isa = PBXFileReference; explicitFileType = wrapper.application; includeInIndex = 0; path = OPeace.app; sourceTree = BUILT_PRODUCTS_DIR; };
		B8AF0F50BDCFE6FC0B5D90B0 /* ContentView.swift */ = {isa = PBXFileReference; lastKnownFileType = sourcecode.swift; path = ContentView.swift; sourceTree = "<group>"; };
		D9678ED159E24A7980155D0C /* Info.plist */ = {isa = PBXFileReference; lastKnownFileType = text.plist; path = Info.plist; sourceTree = "<group>"; };
		DE77E1B0D4071D61EFEBAD16 /* OPeaceTests.xctest */ = {isa = PBXFileReference; explicitFileType = wrapper.cfbundle; includeInIndex = 0; path = OPeaceTests.xctest; sourceTree = BUILT_PRODUCTS_DIR; };
/* End PBXFileReference section */

/* Begin PBXFrameworksBuildPhase section */
		3F43FEA6251AC3A3E655C462 /* Frameworks */ = {
			isa = PBXFrameworksBuildPhase;
			buildActionMask = 2147483647;
			files = (
			);
			runOnlyForDeploymentPostprocessing = 0;
		};
		4AF7A0FD4711282D611025AE /* Frameworks */ = {
			isa = PBXFrameworksBuildPhase;
			buildActionMask = 2147483647;
			files = (
			);
			runOnlyForDeploymentPostprocessing = 0;
		};
		AA137F6B971C94B5B414104C /* Frameworks */ = {
			isa = PBXFrameworksBuildPhase;
			buildActionMask = 2147483647;
			files = (
			);
			runOnlyForDeploymentPostprocessing = 0;
		};
/* End PBXFrameworksBuildPhase section */

/* Begin PBXGroup section */
		0690A5E7F754D21B1C80E484 /* Compiled */ = {
			isa = PBXGroup;
			children = (
			);
			name = Compiled;
			sourceTree = "<group>";
		};
		0FE37264563D3658DC5B8543 = {
			isa = PBXGroup;
			children = (
				45ADAF318A02CAFDF8C6224B /* Project */,
				0690A5E7F754D21B1C80E484 /* Compiled */,
				3F2247ADAAE2A17A5F1DF0E9 /* Products */,
			);
			sourceTree = "<group>";
		};
		1AB4FE79166F9D8BA743236F /* InfoPlists */ = {
			isa = PBXGroup;
			children = (
				39EB1E0DCC56F5D20F7CF97B /* OPeaceTests-Info.plist */,
			);
			path = InfoPlists;
			sourceTree = "<group>";
		};
		213D5A90805B578C5CE78264 /* Applicaton */ = {
			isa = PBXGroup;
			children = (
				8B9D38A4CA1E3521DD8538BE /* OpeaceApp.swift */,
			);
			path = Applicaton;
			sourceTree = "<group>";
		};
		3F2247ADAAE2A17A5F1DF0E9 /* Products */ = {
			isa = PBXGroup;
			children = (
				4B5F6A7E244E786398E4A327 /* OPeace_Dev.app */,
				A445C66880DC63E9958A59AA /* OPeace.app */,
				DE77E1B0D4071D61EFEBAD16 /* OPeaceTests.xctest */,
			);
			name = Products;
			sourceTree = "<group>";
		};
		419F4246985134C340672215 /* Sources */ = {
			isa = PBXGroup;
			children = (
				213D5A90805B578C5CE78264 /* Applicaton */,
				4DAC7528990F65298350287D /* Presentations */,
			);
			path = Sources;
			sourceTree = "<group>";
		};
		45ADAF318A02CAFDF8C6224B /* Project */ = {
			isa = PBXGroup;
			children = (
				7E7CE22EABBCBAC0C0EE5781 /* Derived */,
				C01D06E37F2879FD9EB651AB /* OPeaceTests */,
				419F4246985134C340672215 /* Sources */,
				E7F8C20A3A8E3CA0E2581356 /* Support */,
			);
			name = Project;
			sourceTree = "<group>";
		};
		4DAC7528990F65298350287D /* Presentations */ = {
			isa = PBXGroup;
			children = (
				B8AF0F50BDCFE6FC0B5D90B0 /* ContentView.swift */,
			);
			path = Presentations;
			sourceTree = "<group>";
		};
		681CA21C138E4CFAEB9EDBF8 /* Sources */ = {
			isa = PBXGroup;
			children = (
				28CCB6C88557610302866AB9 /* test.swift */,
			);
			path = Sources;
			sourceTree = "<group>";
		};
		7E7CE22EABBCBAC0C0EE5781 /* Derived */ = {
			isa = PBXGroup;
			children = (
				1AB4FE79166F9D8BA743236F /* InfoPlists */,
			);
			path = Derived;
			sourceTree = "<group>";
		};
		C01D06E37F2879FD9EB651AB /* OPeaceTests */ = {
			isa = PBXGroup;
			children = (
				681CA21C138E4CFAEB9EDBF8 /* Sources */,
			);
			path = OPeaceTests;
			sourceTree = "<group>";
		};
		E7F8C20A3A8E3CA0E2581356 /* Support */ = {
			isa = PBXGroup;
			children = (
				D9678ED159E24A7980155D0C /* Info.plist */,
			);
			path = Support;
			sourceTree = "<group>";
		};
/* End PBXGroup section */

/* Begin PBXNativeTarget section */
		2F1E58DFE4272F4D92DF2D4D /* OPeace-Dev */ = {
			isa = PBXNativeTarget;
			buildConfigurationList = FADCF27C5296A410AFE015E3 /* Build configuration list for PBXNativeTarget "OPeace-Dev" */;
			buildPhases = (
				18A37FFF4CCCF534DF7F8124 /* Sources */,
				B7AE6E0CC2BB74A9D4AD1C66 /* Resources */,
				918BC4F2D7B0D6BAB8A061E5 /* Embed Frameworks */,
				AA137F6B971C94B5B414104C /* Frameworks */,
			);
			buildRules = (
			);
			dependencies = (
			);
			name = "OPeace-Dev";
			productName = OPeace_Dev;
			productReference = 4B5F6A7E244E786398E4A327 /* OPeace_Dev.app */;
			productType = "com.apple.product-type.application";
		};
		67D9F4592180F61529ADFF00 /* OPeace */ = {
			isa = PBXNativeTarget;
			buildConfigurationList = F714BB4E7DE9D14BEA1C38F3 /* Build configuration list for PBXNativeTarget "OPeace" */;
			buildPhases = (
				054282E714126E9F8FC4496C /* Sources */,
				7EFD441F7E714EF2EFD3B461 /* Resources */,
				FEE320E802BB2F086B64F038 /* Embed Frameworks */,
				4AF7A0FD4711282D611025AE /* Frameworks */,
			);
			buildRules = (
			);
			dependencies = (
			);
			name = OPeace;
			productName = OPeace;
			productReference = A445C66880DC63E9958A59AA /* OPeace.app */;
			productType = "com.apple.product-type.application";
		};
		D846BAB7A4553FDE0C61B023 /* OPeaceTests */ = {
			isa = PBXNativeTarget;
			buildConfigurationList = 92890D5F5E8038EB2EFF0145 /* Build configuration list for PBXNativeTarget "OPeaceTests" */;
			buildPhases = (
				B13367AE440B0FA0D157DAA2 /* Sources */,
				7D4EBDEA4C0F6908A285D2D7 /* Resources */,
				1908BCD75735C25C506A6DE4 /* Embed Frameworks */,
				3F43FEA6251AC3A3E655C462 /* Frameworks */,
			);
			buildRules = (
			);
			dependencies = (
				BFE9C16E4F914690059DF2EB /* PBXTargetDependency */,
			);
			name = OPeaceTests;
			productName = OPeaceTests;
			productReference = DE77E1B0D4071D61EFEBAD16 /* OPeaceTests.xctest */;
			productType = "com.apple.product-type.bundle.unit-test";
		};
/* End PBXNativeTarget section */

/* Begin PBXProject section */
		F18B04FFC6C052E50C5BAEEA /* Project object */ = {
			isa = PBXProject;
			attributes = {
				BuildIndependentTargetsInParallel = YES;
				ORGANIZATIONNAME = Yeom;
				TargetAttributes = {
					D846BAB7A4553FDE0C61B023 = {
						TestTargetID = 67D9F4592180F61529ADFF00;
					};
				};
			};
			buildConfigurationList = 1A2A4F1F2A46751AF9CF4954 /* Build configuration list for PBXProject "OPeace" */;
			compatibilityVersion = "Xcode 14.0";
			developmentRegion = en;
			hasScannedForEncodings = 0;
			knownRegions = (
				Base,
				en,
			);
			mainGroup = 0FE37264563D3658DC5B8543;
			productRefGroup = 3F2247ADAAE2A17A5F1DF0E9 /* Products */;
			projectDirPath = "";
			projectRoot = "";
			targets = (
				67D9F4592180F61529ADFF00 /* OPeace */,
				2F1E58DFE4272F4D92DF2D4D /* OPeace-Dev */,
				D846BAB7A4553FDE0C61B023 /* OPeaceTests */,
			);
		};
/* End PBXProject section */

/* Begin PBXResourcesBuildPhase section */
		7D4EBDEA4C0F6908A285D2D7 /* Resources */ = {
			isa = PBXResourcesBuildPhase;
			buildActionMask = 2147483647;
			files = (
			);
			runOnlyForDeploymentPostprocessing = 0;
		};
		7EFD441F7E714EF2EFD3B461 /* Resources */ = {
			isa = PBXResourcesBuildPhase;
			buildActionMask = 2147483647;
			files = (
			);
			runOnlyForDeploymentPostprocessing = 0;
		};
		B7AE6E0CC2BB74A9D4AD1C66 /* Resources */ = {
			isa = PBXResourcesBuildPhase;
			buildActionMask = 2147483647;
			files = (
			);
			runOnlyForDeploymentPostprocessing = 0;
		};
/* End PBXResourcesBuildPhase section */

/* Begin PBXSourcesBuildPhase section */
		054282E714126E9F8FC4496C /* Sources */ = {
			isa = PBXSourcesBuildPhase;
			buildActionMask = 2147483647;
			files = (
				6DC8923659198D603F255B5D /* OpeaceApp.swift in Sources */,
				9E5BA72861F02B20CF391C3B /* ContentView.swift in Sources */,
			);
			runOnlyForDeploymentPostprocessing = 0;
		};
		18A37FFF4CCCF534DF7F8124 /* Sources */ = {
			isa = PBXSourcesBuildPhase;
			buildActionMask = 2147483647;
			files = (
				314B9EA24F32792C4AC44C8E /* OpeaceApp.swift in Sources */,
				530D7A4D24BD734459A5B33F /* ContentView.swift in Sources */,
			);
			runOnlyForDeploymentPostprocessing = 0;
		};
		B13367AE440B0FA0D157DAA2 /* Sources */ = {
			isa = PBXSourcesBuildPhase;
			buildActionMask = 2147483647;
			files = (
				1AD38619FB40811DC7F067BB /* test.swift in Sources */,
			);
			runOnlyForDeploymentPostprocessing = 0;
		};
/* End PBXSourcesBuildPhase section */

/* Begin PBXTargetDependency section */
		BFE9C16E4F914690059DF2EB /* PBXTargetDependency */ = {
			isa = PBXTargetDependency;
			name = OPeace;
			target = 67D9F4592180F61529ADFF00 /* OPeace */;
			targetProxy = DDDB7D913FADE1134B368A91 /* PBXContainerItemProxy */;
		};
/* End PBXTargetDependency section */

/* Begin XCBuildConfiguration section */
		15252E96D814E59CB38CFD73 /* Dev */ = {
			isa = XCBuildConfiguration;
			buildSettings = {
				BUNDLE_LOADER = "$(TEST_HOST)";
				CODE_SIGN_IDENTITY = "iPhone Developer";
				INFOPLIST_FILE = "Derived/InfoPlists/OPeaceTests-Info.plist";
				IPHONEOS_DEPLOYMENT_TARGET = 17.0;
				LD_RUNPATH_SEARCH_PATHS = (
					"$(inherited)",
					"@executable_path/Frameworks",
					"@loader_path/Frameworks",
				);
				PRODUCT_BUNDLE_IDENTIFIER = com.Emo.OPeace.OPeaceTests;
				PRODUCT_NAME = OPeaceTests;
				SDKROOT = iphoneos;
				SUPPORTS_MACCATALYST = NO;
				SUPPORTS_MAC_DESIGNED_FOR_IPHONE_IPAD = YES;
				SUPPORTS_XR_DESIGNED_FOR_IPHONE_IPAD = NO;
				SWIFT_ACTIVE_COMPILATION_CONDITIONS = DEBUG;
				SWIFT_COMPILATION_MODE = singlefile;
				SWIFT_OPTIMIZATION_LEVEL = "-Onone";
				SWIFT_VERSION = 5.0;
				TARGETED_DEVICE_FAMILY = "1,2";
				TEST_HOST = "$(BUILT_PRODUCTS_DIR)/OPeace.app/$(BUNDLE_EXECUTABLE_FOLDER_PATH)/OPeace";
				TEST_TARGET_NAME = OPeace;
			};
			name = Dev;
		};
		2E104F5D8F2CB71968536A83 /* Release */ = {
			isa = XCBuildConfiguration;
			buildSettings = {
				BUNDLE_LOADER = "$(TEST_HOST)";
				CODE_SIGN_IDENTITY = "iPhone Developer";
				INFOPLIST_FILE = "Derived/InfoPlists/OPeaceTests-Info.plist";
				IPHONEOS_DEPLOYMENT_TARGET = 17.0;
				LD_RUNPATH_SEARCH_PATHS = (
					"$(inherited)",
					"@executable_path/Frameworks",
					"@loader_path/Frameworks",
				);
				PRODUCT_BUNDLE_IDENTIFIER = com.Emo.OPeace.OPeaceTests;
				PRODUCT_NAME = OPeaceTests;
				SDKROOT = iphoneos;
				SUPPORTS_MACCATALYST = NO;
				SUPPORTS_MAC_DESIGNED_FOR_IPHONE_IPAD = YES;
				SUPPORTS_XR_DESIGNED_FOR_IPHONE_IPAD = NO;
				SWIFT_COMPILATION_MODE = wholemodule;
				SWIFT_OPTIMIZATION_LEVEL = "-Owholemodule";
				SWIFT_VERSION = 5.0;
				TARGETED_DEVICE_FAMILY = "1,2";
				TEST_HOST = "$(BUILT_PRODUCTS_DIR)/OPeace.app/$(BUNDLE_EXECUTABLE_FOLDER_PATH)/OPeace";
				TEST_TARGET_NAME = OPeace;
			};
			name = Release;
		};
		3340737D9C36F49FD82730D7 /* Release */ = {
			isa = XCBuildConfiguration;
			buildSettings = {
				ASSETCATALOG_COMPILER_APPICON_NAME = AppIcon;
				CODE_SIGN_IDENTITY = "iPhone Developer";
				ENABLE_PREVIEWS = YES;
				INFOPLIST_FILE = Support/Info.plist;
				IPHONEOS_DEPLOYMENT_TARGET = 17.0;
				LD_RUNPATH_SEARCH_PATHS = (
					"$(inherited)",
					"@executable_path/Frameworks",
				);
				PRODUCT_BUNDLE_IDENTIFIER = com.Emo.OPeace;
				PRODUCT_NAME = OPeace_Dev;
				SDKROOT = iphoneos;
				SUPPORTS_MACCATALYST = NO;
				SUPPORTS_MAC_DESIGNED_FOR_IPHONE_IPAD = YES;
				SUPPORTS_XR_DESIGNED_FOR_IPHONE_IPAD = NO;
				SWIFT_COMPILATION_MODE = wholemodule;
				SWIFT_OPTIMIZATION_LEVEL = "-Owholemodule";
				SWIFT_VERSION = 5.0;
				TARGETED_DEVICE_FAMILY = "1,2";
			};
			name = Release;
		};
		522C8A7016305F684F9AF4E5 /* Debug */ = {
			isa = XCBuildConfiguration;
			buildSettings = {
				ASSETCATALOG_COMPILER_APPICON_NAME = AppIcon;
				CODE_SIGN_IDENTITY = "iPhone Developer";
				ENABLE_PREVIEWS = YES;
				INFOPLIST_FILE = Support/Info.plist;
				IPHONEOS_DEPLOYMENT_TARGET = 17.0;
				LD_RUNPATH_SEARCH_PATHS = (
					"$(inherited)",
					"@executable_path/Frameworks",
				);
				PRODUCT_BUNDLE_IDENTIFIER = com.Emo.OPeace;
				PRODUCT_NAME = OPeace_Dev;
				SDKROOT = iphoneos;
				SUPPORTS_MACCATALYST = NO;
				SUPPORTS_MAC_DESIGNED_FOR_IPHONE_IPAD = YES;
				SUPPORTS_XR_DESIGNED_FOR_IPHONE_IPAD = NO;
				SWIFT_ACTIVE_COMPILATION_CONDITIONS = DEBUG;
				SWIFT_COMPILATION_MODE = singlefile;
				SWIFT_OPTIMIZATION_LEVEL = "-Onone";
				SWIFT_VERSION = 5.0;
				TARGETED_DEVICE_FAMILY = "1,2";
			};
			name = Debug;
		};
		59F8DD4ECD319AFEA8DAC83D /* Dev */ = {
			isa = XCBuildConfiguration;
			buildSettings = {
				ALWAYS_SEARCH_USER_PATHS = NO;
				AS_AUTHENTICATION_SERVICES_ENABLED = YES;
				BACKGROUND_MODES = "remote-notification";
				CFBundleDisplayName = OPeace;
				CLANG_ANALYZER_LOCALIZABILITY_NONLOCALIZED = YES;
				CLANG_ANALYZER_NONNULL = YES;
				CLANG_ANALYZER_NUMBER_OBJECT_CONVERSION = YES_AGGRESSIVE;
				CLANG_CXX_LANGUAGE_STANDARD = "gnu++14";
				CLANG_CXX_LIBRARY = "libc++";
				CLANG_ENABLE_MODULES = YES;
				CLANG_ENABLE_OBJC_ARC = YES;
				CLANG_ENABLE_OBJC_WEAK = YES;
				CLANG_WARN_BLOCK_CAPTURE_AUTORELEASING = YES;
				CLANG_WARN_BOOL_CONVERSION = YES;
				CLANG_WARN_COMMA = YES;
				CLANG_WARN_CONSTANT_CONVERSION = YES;
				CLANG_WARN_DEPRECATED_OBJC_IMPLEMENTATIONS = YES;
				CLANG_WARN_DIRECT_OBJC_ISA_USAGE = YES_ERROR;
				CLANG_WARN_DOCUMENTATION_COMMENTS = YES;
				CLANG_WARN_EMPTY_BODY = YES;
				CLANG_WARN_ENUM_CONVERSION = YES;
				CLANG_WARN_INFINITE_RECURSION = YES;
				CLANG_WARN_INT_CONVERSION = YES;
				CLANG_WARN_NON_LITERAL_NULL_CONVERSION = YES;
				CLANG_WARN_OBJC_IMPLICIT_RETAIN_SELF = YES;
				CLANG_WARN_OBJC_LITERAL_CONVERSION = YES;
				CLANG_WARN_OBJC_ROOT_CLASS = YES_ERROR;
				CLANG_WARN_QUOTED_INCLUDE_IN_FRAMEWORK_HEADER = YES;
				CLANG_WARN_RANGE_LOOP_ANALYSIS = YES;
				CLANG_WARN_STRICT_PROTOTYPES = YES;
				CLANG_WARN_SUSPICIOUS_MOVE = YES;
				CLANG_WARN_UNGUARDED_AVAILABILITY = YES_AGGRESSIVE;
				CLANG_WARN_UNREACHABLE_CODE = YES;
				CLANG_WARN__DUPLICATE_METHOD_MATCH = YES;
				CODE_SIGN_IDENTITY = "iPhone Developer";
				CODE_SIGN_STYLE = Automatic;
				COPY_PHASE_STRIP = NO;
				CURRENT_PROJECT_VERSION = 10;
				DEAD_CODE_STRIPPING = YES;
				DEBUG_INFORMATION_FORMAT = "DWARF with dSYM File";
				DEVELOPMENT_ASSET_PATH = "\"Resources/Preview Content\"";
				DEVELOPMENT_TEAM = "sunghun yeom";
				DISPLAY_NAME = "OPeace-Dev";
				ENABLE_BACKGROUND_MODES = YES;
				ENABLE_STRICT_OBJC_MSGSEND = YES;
				ENABLE_TESTABILITY = YES;
				GCC_C_LANGUAGE_STANDARD = gnu11;
				GCC_DYNAMIC_NO_PIC = NO;
				GCC_NO_COMMON_BLOCKS = YES;
				GCC_OPTIMIZATION_LEVEL = 0;
				GCC_PREPROCESSOR_DEFINITIONS = (
					"DEBUG=1",
					"$(inherited)",
				);
				GCC_WARN_64_TO_32_BIT_CONVERSION = YES;
				GCC_WARN_ABOUT_RETURN_TYPE = YES_ERROR;
				GCC_WARN_UNDECLARED_SELECTOR = YES;
				GCC_WARN_UNINITIALIZED_AUTOS = YES_AGGRESSIVE;
				GCC_WARN_UNUSED_FUNCTION = YES;
				GCC_WARN_UNUSED_VARIABLE = YES;
				MARKETING_VERSION = 1.0.0;
				MTL_ENABLE_DEBUG_INFO = YES;
				ONLY_ACTIVE_ARCH = YES;
				OTHER_LDFLAGS = "-all_load";
				PRODUCT_NAME = "OPeace-Dev";
				PUSH_NOTIFICATIONS_ENABLED = YES;
				STRIP_STYLE = "non-global";
				VERSIONING_SYSTEM = "apple-generic";
			};
			name = Dev;
		};
		991BB080E4A77206DC10195F /* Debug */ = {
			isa = XCBuildConfiguration;
			buildSettings = {
				BUNDLE_LOADER = "$(TEST_HOST)";
				CODE_SIGN_IDENTITY = "iPhone Developer";
				INFOPLIST_FILE = "Derived/InfoPlists/OPeaceTests-Info.plist";
				IPHONEOS_DEPLOYMENT_TARGET = 17.0;
				LD_RUNPATH_SEARCH_PATHS = (
					"$(inherited)",
					"@executable_path/Frameworks",
					"@loader_path/Frameworks",
				);
				PRODUCT_BUNDLE_IDENTIFIER = com.Emo.OPeace.OPeaceTests;
				PRODUCT_NAME = OPeaceTests;
				SDKROOT = iphoneos;
				SUPPORTS_MACCATALYST = NO;
				SUPPORTS_MAC_DESIGNED_FOR_IPHONE_IPAD = YES;
				SUPPORTS_XR_DESIGNED_FOR_IPHONE_IPAD = NO;
				SWIFT_ACTIVE_COMPILATION_CONDITIONS = DEBUG;
				SWIFT_COMPILATION_MODE = singlefile;
				SWIFT_OPTIMIZATION_LEVEL = "-Onone";
				SWIFT_VERSION = 5.0;
				TARGETED_DEVICE_FAMILY = "1,2";
				TEST_HOST = "$(BUILT_PRODUCTS_DIR)/OPeace.app/$(BUNDLE_EXECUTABLE_FOLDER_PATH)/OPeace";
				TEST_TARGET_NAME = OPeace;
			};
			name = Debug;
		};
		ADA65AD47B10600E7D8DBC1B /* Release */ = {
			isa = XCBuildConfiguration;
			buildSettings = {
				ASSETCATALOG_COMPILER_APPICON_NAME = AppIcon;
				CODE_SIGN_IDENTITY = "iPhone Developer";
				ENABLE_PREVIEWS = YES;
				INFOPLIST_FILE = Support/Info.plist;
				IPHONEOS_DEPLOYMENT_TARGET = 17.0;
				LD_RUNPATH_SEARCH_PATHS = (
					"$(inherited)",
					"@executable_path/Frameworks",
				);
				PRODUCT_BUNDLE_IDENTIFIER = com.Emo.OPeace;
				PRODUCT_NAME = OPeace;
				SDKROOT = iphoneos;
				SUPPORTS_MACCATALYST = NO;
				SUPPORTS_MAC_DESIGNED_FOR_IPHONE_IPAD = YES;
				SUPPORTS_XR_DESIGNED_FOR_IPHONE_IPAD = NO;
				SWIFT_COMPILATION_MODE = wholemodule;
				SWIFT_OPTIMIZATION_LEVEL = "-Owholemodule";
				SWIFT_VERSION = 5.0;
				TARGETED_DEVICE_FAMILY = "1,2";
			};
			name = Release;
		};
		B1D2835072CE24A5F44DF03A /* Debug */ = {
			isa = XCBuildConfiguration;
			buildSettings = {
				ASSETCATALOG_COMPILER_APPICON_NAME = AppIcon;
				CODE_SIGN_IDENTITY = "iPhone Developer";
				ENABLE_PREVIEWS = YES;
				INFOPLIST_FILE = Support/Info.plist;
				IPHONEOS_DEPLOYMENT_TARGET = 17.0;
				LD_RUNPATH_SEARCH_PATHS = (
					"$(inherited)",
					"@executable_path/Frameworks",
				);
				PRODUCT_BUNDLE_IDENTIFIER = com.Emo.OPeace;
				PRODUCT_NAME = OPeace;
				SDKROOT = iphoneos;
				SUPPORTS_MACCATALYST = NO;
				SUPPORTS_MAC_DESIGNED_FOR_IPHONE_IPAD = YES;
				SUPPORTS_XR_DESIGNED_FOR_IPHONE_IPAD = NO;
				SWIFT_ACTIVE_COMPILATION_CONDITIONS = DEBUG;
				SWIFT_COMPILATION_MODE = singlefile;
				SWIFT_OPTIMIZATION_LEVEL = "-Onone";
				SWIFT_VERSION = 5.0;
				TARGETED_DEVICE_FAMILY = "1,2";
			};
			name = Debug;
		};
		D27BC97880D1117650AD231F /* Dev */ = {
			isa = XCBuildConfiguration;
			buildSettings = {
				ASSETCATALOG_COMPILER_APPICON_NAME = AppIcon;
				CODE_SIGN_IDENTITY = "iPhone Developer";
				ENABLE_PREVIEWS = YES;
				INFOPLIST_FILE = Support/Info.plist;
				IPHONEOS_DEPLOYMENT_TARGET = 17.0;
				LD_RUNPATH_SEARCH_PATHS = (
					"$(inherited)",
					"@executable_path/Frameworks",
				);
				PRODUCT_BUNDLE_IDENTIFIER = com.Emo.OPeace;
				PRODUCT_NAME = OPeace_Dev;
				SDKROOT = iphoneos;
				SUPPORTS_MACCATALYST = NO;
				SUPPORTS_MAC_DESIGNED_FOR_IPHONE_IPAD = YES;
				SUPPORTS_XR_DESIGNED_FOR_IPHONE_IPAD = NO;
				SWIFT_ACTIVE_COMPILATION_CONDITIONS = DEBUG;
				SWIFT_COMPILATION_MODE = singlefile;
				SWIFT_OPTIMIZATION_LEVEL = "-Onone";
				SWIFT_VERSION = 5.0;
				TARGETED_DEVICE_FAMILY = "1,2";
			};
			name = Dev;
		};
		D718DC6FC3FCE6C2BD4DEB31 /* Dev */ = {
			isa = XCBuildConfiguration;
			buildSettings = {
				ASSETCATALOG_COMPILER_APPICON_NAME = AppIcon;
				CODE_SIGN_IDENTITY = "iPhone Developer";
				ENABLE_PREVIEWS = YES;
				INFOPLIST_FILE = Support/Info.plist;
				IPHONEOS_DEPLOYMENT_TARGET = 17.0;
				LD_RUNPATH_SEARCH_PATHS = (
					"$(inherited)",
					"@executable_path/Frameworks",
				);
				PRODUCT_BUNDLE_IDENTIFIER = com.Emo.OPeace;
				PRODUCT_NAME = OPeace;
				SDKROOT = iphoneos;
				SUPPORTS_MACCATALYST = NO;
				SUPPORTS_MAC_DESIGNED_FOR_IPHONE_IPAD = YES;
				SUPPORTS_XR_DESIGNED_FOR_IPHONE_IPAD = NO;
				SWIFT_ACTIVE_COMPILATION_CONDITIONS = DEBUG;
				SWIFT_COMPILATION_MODE = singlefile;
				SWIFT_OPTIMIZATION_LEVEL = "-Onone";
				SWIFT_VERSION = 5.0;
				TARGETED_DEVICE_FAMILY = "1,2";
			};
			name = Dev;
		};
		E5BAB150EB074D3A5BDA86B8 /* Release */ = {
			isa = XCBuildConfiguration;
			buildSettings = {
				ALWAYS_SEARCH_USER_PATHS = NO;
				AS_AUTHENTICATION_SERVICES_ENABLED = YES;
				BACKGROUND_MODES = "remote-notification";
				CFBundleDisplayName = OPeace;
				CLANG_ANALYZER_LOCALIZABILITY_NONLOCALIZED = YES;
				CLANG_ANALYZER_NONNULL = YES;
				CLANG_ANALYZER_NUMBER_OBJECT_CONVERSION = YES_AGGRESSIVE;
				CLANG_CXX_LANGUAGE_STANDARD = "gnu++14";
				CLANG_CXX_LIBRARY = "libc++";
				CLANG_ENABLE_MODULES = YES;
				CLANG_ENABLE_OBJC_ARC = YES;
				CLANG_ENABLE_OBJC_WEAK = YES;
				CLANG_WARN_BLOCK_CAPTURE_AUTORELEASING = YES;
				CLANG_WARN_BOOL_CONVERSION = YES;
				CLANG_WARN_COMMA = YES;
				CLANG_WARN_CONSTANT_CONVERSION = YES;
				CLANG_WARN_DEPRECATED_OBJC_IMPLEMENTATIONS = YES;
				CLANG_WARN_DIRECT_OBJC_ISA_USAGE = YES_ERROR;
				CLANG_WARN_DOCUMENTATION_COMMENTS = YES;
				CLANG_WARN_EMPTY_BODY = YES;
				CLANG_WARN_ENUM_CONVERSION = YES;
				CLANG_WARN_INFINITE_RECURSION = YES;
				CLANG_WARN_INT_CONVERSION = YES;
				CLANG_WARN_NON_LITERAL_NULL_CONVERSION = YES;
				CLANG_WARN_OBJC_IMPLICIT_RETAIN_SELF = YES;
				CLANG_WARN_OBJC_LITERAL_CONVERSION = YES;
				CLANG_WARN_OBJC_ROOT_CLASS = YES_ERROR;
				CLANG_WARN_QUOTED_INCLUDE_IN_FRAMEWORK_HEADER = YES;
				CLANG_WARN_RANGE_LOOP_ANALYSIS = YES;
				CLANG_WARN_STRICT_PROTOTYPES = YES;
				CLANG_WARN_SUSPICIOUS_MOVE = YES;
				CLANG_WARN_UNGUARDED_AVAILABILITY = YES_AGGRESSIVE;
				CLANG_WARN_UNREACHABLE_CODE = YES;
				CLANG_WARN__DUPLICATE_METHOD_MATCH = YES;
				CODE_SIGN_IDENTITY = "iPhone Developer";
				CODE_SIGN_STYLE = Automatic;
				COPY_PHASE_STRIP = NO;
				CURRENT_PROJECT_VERSION = 10;
				DEAD_CODE_STRIPPING = YES;
				DEBUG_INFORMATION_FORMAT = "DWARF with dSYM File";
				DEVELOPMENT_ASSET_PATH = "\"Resources/Preview Content\"";
				DEVELOPMENT_ASSET_PATHS = "\"Resources/Preview Content\"";
				DEVELOPMENT_TEAM = "sunghun yeom";
				DISPLAY_NAME = OPeace;
				ENABLE_BACKGROUND_MODES = YES;
				ENABLE_NS_ASSERTIONS = NO;
				ENABLE_STRICT_OBJC_MSGSEND = YES;
				GCC_C_LANGUAGE_STANDARD = gnu11;
				GCC_NO_COMMON_BLOCKS = YES;
				GCC_WARN_64_TO_32_BIT_CONVERSION = YES;
				GCC_WARN_ABOUT_RETURN_TYPE = YES_ERROR;
				GCC_WARN_UNDECLARED_SELECTOR = YES;
				GCC_WARN_UNINITIALIZED_AUTOS = YES_AGGRESSIVE;
				GCC_WARN_UNUSED_FUNCTION = YES;
				GCC_WARN_UNUSED_VARIABLE = YES;
				MARKETING_VERSION = 1.0.0;
				MTL_ENABLE_DEBUG_INFO = NO;
				OTHER_LDFLAGS = "-all_load";
				PRODUCT_NAME = OPeace;
				PUSH_NOTIFICATIONS_ENABLED = YES;
				STRIP_STYLE = "non-global";
				VALIDATE_PRODUCT = YES;
				VERSIONING_SYSTEM = "apple-generic";
			};
			name = Release;
		};
		EFD2DFEFC4410AD36969A154 /* Debug */ = {
			isa = XCBuildConfiguration;
			buildSettings = {
				ALWAYS_SEARCH_USER_PATHS = NO;
				AS_AUTHENTICATION_SERVICES_ENABLED = YES;
				BACKGROUND_MODES = "remote-notification";
				CFBundleDisplayName = OPeace;
				CLANG_ANALYZER_LOCALIZABILITY_NONLOCALIZED = YES;
				CLANG_ANALYZER_NONNULL = YES;
				CLANG_ANALYZER_NUMBER_OBJECT_CONVERSION = YES_AGGRESSIVE;
				CLANG_CXX_LANGUAGE_STANDARD = "gnu++14";
				CLANG_CXX_LIBRARY = "libc++";
				CLANG_ENABLE_MODULES = YES;
				CLANG_ENABLE_OBJC_ARC = YES;
				CLANG_ENABLE_OBJC_WEAK = YES;
				CLANG_WARN_BLOCK_CAPTURE_AUTORELEASING = YES;
				CLANG_WARN_BOOL_CONVERSION = YES;
				CLANG_WARN_COMMA = YES;
				CLANG_WARN_CONSTANT_CONVERSION = YES;
				CLANG_WARN_DEPRECATED_OBJC_IMPLEMENTATIONS = YES;
				CLANG_WARN_DIRECT_OBJC_ISA_USAGE = YES_ERROR;
				CLANG_WARN_DOCUMENTATION_COMMENTS = YES;
				CLANG_WARN_EMPTY_BODY = YES;
				CLANG_WARN_ENUM_CONVERSION = YES;
				CLANG_WARN_INFINITE_RECURSION = YES;
				CLANG_WARN_INT_CONVERSION = YES;
				CLANG_WARN_NON_LITERAL_NULL_CONVERSION = YES;
				CLANG_WARN_OBJC_IMPLICIT_RETAIN_SELF = YES;
				CLANG_WARN_OBJC_LITERAL_CONVERSION = YES;
				CLANG_WARN_OBJC_ROOT_CLASS = YES_ERROR;
				CLANG_WARN_QUOTED_INCLUDE_IN_FRAMEWORK_HEADER = YES;
				CLANG_WARN_RANGE_LOOP_ANALYSIS = YES;
				CLANG_WARN_STRICT_PROTOTYPES = YES;
				CLANG_WARN_SUSPICIOUS_MOVE = YES;
				CLANG_WARN_UNGUARDED_AVAILABILITY = YES_AGGRESSIVE;
				CLANG_WARN_UNREACHABLE_CODE = YES;
				CLANG_WARN__DUPLICATE_METHOD_MATCH = YES;
				CODE_SIGN_IDENTITY = "iPhone Developer";
				CODE_SIGN_STYLE = Automatic;
				COPY_PHASE_STRIP = NO;
				CURRENT_PROJECT_VERSION = 10;
				DEAD_CODE_STRIPPING = YES;
				DEBUG_INFORMATION_FORMAT = "DWARF with dSYM File";
				DEVELOPMENT_ASSET_PATH = "\"Resources/Preview Content\"";
				DEVELOPMENT_TEAM = "sunghun yeom";
				DISPLAY_NAME = OPeace;
				ENABLE_BACKGROUND_MODES = YES;
				ENABLE_STRICT_OBJC_MSGSEND = YES;
				ENABLE_TESTABILITY = YES;
				GCC_C_LANGUAGE_STANDARD = gnu11;
				GCC_DYNAMIC_NO_PIC = NO;
				GCC_NO_COMMON_BLOCKS = YES;
				GCC_OPTIMIZATION_LEVEL = 0;
				GCC_PREPROCESSOR_DEFINITIONS = (
					"DEBUG=1",
					"$(inherited)",
				);
				GCC_WARN_64_TO_32_BIT_CONVERSION = YES;
				GCC_WARN_ABOUT_RETURN_TYPE = YES_ERROR;
				GCC_WARN_UNDECLARED_SELECTOR = YES;
				GCC_WARN_UNINITIALIZED_AUTOS = YES_AGGRESSIVE;
				GCC_WARN_UNUSED_FUNCTION = YES;
				GCC_WARN_UNUSED_VARIABLE = YES;
				MARKETING_VERSION = 1.0.0;
				MTL_ENABLE_DEBUG_INFO = YES;
				ONLY_ACTIVE_ARCH = YES;
				OTHER_LDFLAGS = "-all_load";
				PRODUCT_NAME = OPeace;
				PUSH_NOTIFICATIONS_ENABLED = YES;
				STRIP_STYLE = "non-global";
				VERSIONING_SYSTEM = "apple-generic";
			};
			name = Debug;
		};
/* End XCBuildConfiguration section */

/* Begin XCConfigurationList section */
		1A2A4F1F2A46751AF9CF4954 /* Build configuration list for PBXProject "OPeace" */ = {
			isa = XCConfigurationList;
			buildConfigurations = (
				EFD2DFEFC4410AD36969A154 /* Debug */,
				59F8DD4ECD319AFEA8DAC83D /* Dev */,
				E5BAB150EB074D3A5BDA86B8 /* Release */,
			);
			defaultConfigurationIsVisible = 0;
			defaultConfigurationName = Release;
		};
		92890D5F5E8038EB2EFF0145 /* Build configuration list for PBXNativeTarget "OPeaceTests" */ = {
			isa = XCConfigurationList;
			buildConfigurations = (
				991BB080E4A77206DC10195F /* Debug */,
				15252E96D814E59CB38CFD73 /* Dev */,
				2E104F5D8F2CB71968536A83 /* Release */,
			);
			defaultConfigurationIsVisible = 0;
			defaultConfigurationName = Release;
		};
		F714BB4E7DE9D14BEA1C38F3 /* Build configuration list for PBXNativeTarget "OPeace" */ = {
			isa = XCConfigurationList;
			buildConfigurations = (
				B1D2835072CE24A5F44DF03A /* Debug */,
				D718DC6FC3FCE6C2BD4DEB31 /* Dev */,
				ADA65AD47B10600E7D8DBC1B /* Release */,
			);
			defaultConfigurationIsVisible = 0;
			defaultConfigurationName = Release;
		};
		FADCF27C5296A410AFE015E3 /* Build configuration list for PBXNativeTarget "OPeace-Dev" */ = {
			isa = XCConfigurationList;
			buildConfigurations = (
				522C8A7016305F684F9AF4E5 /* Debug */,
				D27BC97880D1117650AD231F /* Dev */,
				3340737D9C36F49FD82730D7 /* Release */,
			);
			defaultConfigurationIsVisible = 0;
			defaultConfigurationName = Release;
		};
/* End XCConfigurationList section */
	};
	rootObject = F18B04FFC6C052E50C5BAEEA /* Project object */;
}
