// !$*UTF8*$!
{
	archiveVersion = 1;
	classes = {
	};
	objectVersion = 55;
	objects = {

/* Begin PBXBuildFile section */
		0839E29BD1D12DE03C0E87AE /* CustomDump.framework in Frameworks */ = {isa = PBXBuildFile; fileRef = 84C5A9D8E758407B59904051 /* CustomDump.framework */; };
		137FB33C6049A4FCFB4BFD9F /* DependenciesMacros.framework in Frameworks */ = {isa = PBXBuildFile; fileRef = D77B8F96F2D7E4E7CC8F1A2B /* DependenciesMacros.framework */; };
		159ADE0F3C57EC30C0D8BBF4 /* test.swift in Sources */ = {isa = PBXBuildFile; fileRef = 3CDC85F2C303AB80C6FC8F48 /* test.swift */; };
		1AC479E376E9007EC1217447 /* XCTestDynamicOverlay.framework in Frameworks */ = {isa = PBXBuildFile; fileRef = 1AF6137B4B98842F38BF6FCC /* XCTestDynamicOverlay.framework */; };
		23B389EA36A57AFBEF9BBA93 /* Alamofire.framework in Frameworks */ = {isa = PBXBuildFile; fileRef = 55F1F65C936F42E1947E86A3 /* Alamofire.framework */; };
		28559BBA6E23AF32F5878E13 /* _CollectionsUtilities.framework in Frameworks */ = {isa = PBXBuildFile; fileRef = 89FE706F98FCE71955049BC6 /* _CollectionsUtilities.framework */; };
		3C93D1BDBE0C2D0FC5AE9014 /* Dependencies.framework in Frameworks */ = {isa = PBXBuildFile; fileRef = 6089D1BF09532092A94A3EA1 /* Dependencies.framework */; };
		45E2BF6C5886BD44C4C8F082 /* test.swift in Sources */ = {isa = PBXBuildFile; fileRef = 3CDC85F2C303AB80C6FC8F48 /* test.swift */; };
		468A88518DA62C90AECDD1C5 /* CasePaths.framework in Frameworks */ = {isa = PBXBuildFile; fileRef = 2B0807E22634A17BCF696EEE /* CasePaths.framework */; };
		4EA8EEF7C26D6D2D00C343FD /* CFNetwork.framework in Frameworks */ = {isa = PBXBuildFile; fileRef = 3D54E11FF89A5ADC7DF6EF77 /* CFNetwork.framework */; };
		50A4092E5C24B7CDCBB418BB /* SwiftUINavigationCore.framework in Frameworks */ = {isa = PBXBuildFile; fileRef = FE32D62A1A538B15870A9573 /* SwiftUINavigationCore.framework */; };
		56EB4B2B9351994742703EA7 /* test.swift in Sources */ = {isa = PBXBuildFile; fileRef = A73B016CF79111CF14F3B881 /* test.swift */; };
		57B93831A9FB8C132ACF7213 /* Perception.framework in Frameworks */ = {isa = PBXBuildFile; fileRef = 280CADB9905052B7BDF215CE /* Perception.framework */; };
		5DAF972C74C61C1A47375616 /* CombineSchedulers.framework in Frameworks */ = {isa = PBXBuildFile; fileRef = 4E058C6B74D85A5B2B65C6F4 /* CombineSchedulers.framework */; };
		61837D262EC0E197A9BC9B50 /* ComposableArchitecture.framework in Dependencies */ = {isa = PBXBuildFile; fileRef = B74B51113FA93E786E267992 /* ComposableArchitecture.framework */; };
		6C8E8CA2C1279BC49A07A8A1 /* ShareKit.framework in Frameworks */ = {isa = PBXBuildFile; fileRef = EDC63D6E0C4783D297C6DBD5 /* ShareKit.framework */; };
		726503341C2E8AD8E07ED514 /* DesignSystemKit.framework in Dependencies */ = {isa = PBXBuildFile; fileRef = 4249A903CB965A1E439BC8C0 /* DesignSystemKit.framework */; };
		757E30ACA82B236C2CC22099 /* Moya.framework in Frameworks */ = {isa = PBXBuildFile; fileRef = 1BCEBD36BB7DC7D664E166A0 /* Moya.framework */; };
		93EA37EAC62970E1DA3C91C0 /* IdentifiedCollections.framework in Frameworks */ = {isa = PBXBuildFile; fileRef = ABDF1AE2A61CB554F4F9F364 /* IdentifiedCollections.framework */; };
		94957CFFCA80A56CD419D592 /* ComposableArchitecture.framework in Dependencies */ = {isa = PBXBuildFile; fileRef = B74B51113FA93E786E267992 /* ComposableArchitecture.framework */; };
		A877FFD1E80DDAAC66CD5336 /* Clocks.framework in Frameworks */ = {isa = PBXBuildFile; fileRef = 0DC9BDB9E588858C46692ABE /* Clocks.framework */; };
		A9D9CFA7C6C0DAE7E51E47C8 /* DesignSystemKit_DesignSystemKit.bundle in Dependencies */ = {isa = PBXBuildFile; fileRef = 92422713AB422C06DD2CE1FA /* DesignSystemKit_DesignSystemKit.bundle */; };
		AE4455DEB2F21907C195CC0E /* DesignSystemKit.framework in Frameworks */ = {isa = PBXBuildFile; fileRef = 4249A903CB965A1E439BC8C0 /* DesignSystemKit.framework */; };
		AF5A2B2FCB2484AA19CFC729 /* OrderedCollections.framework in Frameworks */ = {isa = PBXBuildFile; fileRef = C25E1DBE451966BE7C2B3FC1 /* OrderedCollections.framework */; };
		B2E9CE0102D2426053B4928D /* ConcurrencyExtras.framework in Frameworks */ = {isa = PBXBuildFile; fileRef = 881B84F7FA3DF201ECDB4374 /* ConcurrencyExtras.framework */; };
		D7C037B40FA32395B16688C2 /* Moya.framework in Dependencies */ = {isa = PBXBuildFile; fileRef = 1BCEBD36BB7DC7D664E166A0 /* Moya.framework */; };
		EDBFB9FCE985432EE39E5CCE /* DesignSystemKit.framework in Dependencies */ = {isa = PBXBuildFile; fileRef = 4249A903CB965A1E439BC8C0 /* DesignSystemKit.framework */; };
		F29892371C225C697B6213CA /* ComposableArchitecture.framework in Frameworks */ = {isa = PBXBuildFile; fileRef = B74B51113FA93E786E267992 /* ComposableArchitecture.framework */; };
		F6A5DE13290E3D4772562E4E /* Moya.framework in Dependencies */ = {isa = PBXBuildFile; fileRef = 1BCEBD36BB7DC7D664E166A0 /* Moya.framework */; };
		F828557E5672169FBF83EF03 /* DesignSystemKit_DesignSystemKit.bundle in Resources */ = {isa = PBXBuildFile; fileRef = 92422713AB422C06DD2CE1FA /* DesignSystemKit_DesignSystemKit.bundle */; };
/* End PBXBuildFile section */

/* Begin PBXContainerItemProxy section */
		55117E893E1B632727063AB8 /* PBXContainerItemProxy */ = {
			isa = PBXContainerItemProxy;
			containerPortal = 457C4EB085B7A957B0A69BE0 /* Project object */;
			proxyType = 1;
			remoteGlobalIDString = D6DA10AB20EECEA15A6B4A75;
			remoteInfo = ShareKit;
		};
/* End PBXContainerItemProxy section */

/* Begin PBXCopyFilesBuildPhase section */
		6639437C220BA64477904151 /* Dependencies */ = {
			isa = PBXCopyFilesBuildPhase;
			buildActionMask = 8;
			dstSubfolderSpec = 16;
			files = (
				A9D9CFA7C6C0DAE7E51E47C8 /* DesignSystemKit_DesignSystemKit.bundle in Dependencies */,
			);
			name = Dependencies;
			runOnlyForDeploymentPostprocessing = 1;
		};
		78EB840B22F8758A5DF9C773 /* Embed Frameworks */ = {
			isa = PBXCopyFilesBuildPhase;
			buildActionMask = 2147483647;
			dstPath = "";
			dstSubfolderSpec = 10;
			files = (
			);
			name = "Embed Frameworks";
			runOnlyForDeploymentPostprocessing = 0;
		};
		865FB25469CFBA59FD820B23 /* Dependencies */ = {
			isa = PBXCopyFilesBuildPhase;
			buildActionMask = 8;
			dstSubfolderSpec = 16;
			files = (
				94957CFFCA80A56CD419D592 /* ComposableArchitecture.framework in Dependencies */,
				EDBFB9FCE985432EE39E5CCE /* DesignSystemKit.framework in Dependencies */,
				D7C037B40FA32395B16688C2 /* Moya.framework in Dependencies */,
			);
			name = Dependencies;
			runOnlyForDeploymentPostprocessing = 1;
		};
		922E3ECFE3B6C5B14EAEA394 /* Embed Frameworks */ = {
			isa = PBXCopyFilesBuildPhase;
			buildActionMask = 2147483647;
			dstPath = "";
			dstSubfolderSpec = 10;
			files = (
			);
			name = "Embed Frameworks";
			runOnlyForDeploymentPostprocessing = 0;
		};
		C8F1199A47FB7E23ACBF8576 /* Dependencies */ = {
			isa = PBXCopyFilesBuildPhase;
			buildActionMask = 8;
			dstSubfolderSpec = 16;
			files = (
				61837D262EC0E197A9BC9B50 /* ComposableArchitecture.framework in Dependencies */,
				726503341C2E8AD8E07ED514 /* DesignSystemKit.framework in Dependencies */,
				F6A5DE13290E3D4772562E4E /* Moya.framework in Dependencies */,
			);
			name = Dependencies;
			runOnlyForDeploymentPostprocessing = 1;
		};
		CE4EF6B73764C83F9F2242C5 /* Embed Frameworks */ = {
			isa = PBXCopyFilesBuildPhase;
			buildActionMask = 2147483647;
			dstPath = "";
			dstSubfolderSpec = 10;
			files = (
			);
			name = "Embed Frameworks";
			runOnlyForDeploymentPostprocessing = 0;
		};
/* End PBXCopyFilesBuildPhase section */

/* Begin PBXFileReference section */
		0DC9BDB9E588858C46692ABE /* Clocks.framework */ = {isa = PBXFileReference; explicitFileType = wrapper.framework; includeInIndex = 0; path = Clocks.framework; sourceTree = BUILT_PRODUCTS_DIR; };
		13B3DD7FEEE514392265ABC7 /* ShareKitTests-Info.plist */ = {isa = PBXFileReference; lastKnownFileType = text.plist; path = "ShareKitTests-Info.plist"; sourceTree = "<group>"; };
		1AF6137B4B98842F38BF6FCC /* XCTestDynamicOverlay.framework */ = {isa = PBXFileReference; explicitFileType = wrapper.framework; includeInIndex = 0; path = XCTestDynamicOverlay.framework; sourceTree = BUILT_PRODUCTS_DIR; };
		1BB71CEC97567EE44AEDF24D /* ShareKit_Dev.framework */ = {isa = PBXFileReference; explicitFileType = wrapper.framework; includeInIndex = 0; path = ShareKit_Dev.framework; sourceTree = BUILT_PRODUCTS_DIR; };
		1BCEBD36BB7DC7D664E166A0 /* Moya.framework */ = {isa = PBXFileReference; explicitFileType = wrapper.framework; includeInIndex = 0; path = Moya.framework; sourceTree = BUILT_PRODUCTS_DIR; };
		280CADB9905052B7BDF215CE /* Perception.framework */ = {isa = PBXFileReference; explicitFileType = wrapper.framework; includeInIndex = 0; path = Perception.framework; sourceTree = BUILT_PRODUCTS_DIR; };
		2B0807E22634A17BCF696EEE /* CasePaths.framework */ = {isa = PBXFileReference; explicitFileType = wrapper.framework; includeInIndex = 0; path = CasePaths.framework; sourceTree = BUILT_PRODUCTS_DIR; };
		3CDC85F2C303AB80C6FC8F48 /* test.swift */ = {isa = PBXFileReference; lastKnownFileType = sourcecode.swift; path = test.swift; sourceTree = "<group>"; };
		3D54E11FF89A5ADC7DF6EF77 /* CFNetwork.framework */ = {isa = PBXFileReference; lastKnownFileType = wrapper.framework; name = CFNetwork.framework; path = Platforms/iPhoneOS.platform/Developer/SDKs/iPhoneOS.sdk/System/Library/Frameworks/CFNetwork.framework; sourceTree = DEVELOPER_DIR; };
		4249A903CB965A1E439BC8C0 /* DesignSystemKit.framework */ = {isa = PBXFileReference; explicitFileType = wrapper.framework; includeInIndex = 0; path = DesignSystemKit.framework; sourceTree = BUILT_PRODUCTS_DIR; };
		4E058C6B74D85A5B2B65C6F4 /* CombineSchedulers.framework */ = {isa = PBXFileReference; explicitFileType = wrapper.framework; includeInIndex = 0; path = CombineSchedulers.framework; sourceTree = BUILT_PRODUCTS_DIR; };
		55F1F65C936F42E1947E86A3 /* Alamofire.framework */ = {isa = PBXFileReference; explicitFileType = wrapper.framework; includeInIndex = 0; path = Alamofire.framework; sourceTree = BUILT_PRODUCTS_DIR; };
		6089D1BF09532092A94A3EA1 /* Dependencies.framework */ = {isa = PBXFileReference; explicitFileType = wrapper.framework; includeInIndex = 0; path = Dependencies.framework; sourceTree = BUILT_PRODUCTS_DIR; };
		84C5A9D8E758407B59904051 /* CustomDump.framework */ = {isa = PBXFileReference; explicitFileType = wrapper.framework; includeInIndex = 0; path = CustomDump.framework; sourceTree = BUILT_PRODUCTS_DIR; };
		881B84F7FA3DF201ECDB4374 /* ConcurrencyExtras.framework */ = {isa = PBXFileReference; explicitFileType = wrapper.framework; includeInIndex = 0; path = ConcurrencyExtras.framework; sourceTree = BUILT_PRODUCTS_DIR; };
		89FE706F98FCE71955049BC6 /* _CollectionsUtilities.framework */ = {isa = PBXFileReference; explicitFileType = wrapper.framework; includeInIndex = 0; path = _CollectionsUtilities.framework; sourceTree = BUILT_PRODUCTS_DIR; };
		92422713AB422C06DD2CE1FA /* DesignSystemKit_DesignSystemKit.bundle */ = {isa = PBXFileReference; explicitFileType = wrapper.cfbundle; includeInIndex = 0; path = DesignSystemKit_DesignSystemKit.bundle; sourceTree = BUILT_PRODUCTS_DIR; };
		9FC06FA0D8E021700BB9AD1F /* ShareKit-Info.plist */ = {isa = PBXFileReference; lastKnownFileType = text.plist; path = "ShareKit-Info.plist"; sourceTree = "<group>"; };
		A73B016CF79111CF14F3B881 /* test.swift */ = {isa = PBXFileReference; lastKnownFileType = sourcecode.swift; path = test.swift; sourceTree = "<group>"; };
		ABDF1AE2A61CB554F4F9F364 /* IdentifiedCollections.framework */ = {isa = PBXFileReference; explicitFileType = wrapper.framework; includeInIndex = 0; path = IdentifiedCollections.framework; sourceTree = BUILT_PRODUCTS_DIR; };
		B05860AD9DD6E7534BD84B37 /* ShareKitTests.xctest */ = {isa = PBXFileReference; explicitFileType = wrapper.cfbundle; includeInIndex = 0; path = ShareKitTests.xctest; sourceTree = BUILT_PRODUCTS_DIR; };
		B74B51113FA93E786E267992 /* ComposableArchitecture.framework */ = {isa = PBXFileReference; explicitFileType = wrapper.framework; includeInIndex = 0; path = ComposableArchitecture.framework; sourceTree = BUILT_PRODUCTS_DIR; };
		BC94E0DC4094FF4428D978AD /* ShareKit-Dev-Info.plist */ = {isa = PBXFileReference; lastKnownFileType = text.plist; path = "ShareKit-Dev-Info.plist"; sourceTree = "<group>"; };
		C25E1DBE451966BE7C2B3FC1 /* OrderedCollections.framework */ = {isa = PBXFileReference; explicitFileType = wrapper.framework; includeInIndex = 0; path = OrderedCollections.framework; sourceTree = BUILT_PRODUCTS_DIR; };
		D77B8F96F2D7E4E7CC8F1A2B /* DependenciesMacros.framework */ = {isa = PBXFileReference; explicitFileType = wrapper.framework; includeInIndex = 0; path = DependenciesMacros.framework; sourceTree = BUILT_PRODUCTS_DIR; };
		EDC63D6E0C4783D297C6DBD5 /* ShareKit.framework */ = {isa = PBXFileReference; explicitFileType = wrapper.framework; includeInIndex = 0; path = ShareKit.framework; sourceTree = BUILT_PRODUCTS_DIR; };
		FE32D62A1A538B15870A9573 /* SwiftUINavigationCore.framework */ = {isa = PBXFileReference; explicitFileType = wrapper.framework; includeInIndex = 0; path = SwiftUINavigationCore.framework; sourceTree = BUILT_PRODUCTS_DIR; };
/* End PBXFileReference section */

/* Begin PBXFrameworksBuildPhase section */
		1A7289ECB102D47514DBB45E /* Frameworks */ = {
			isa = PBXFrameworksBuildPhase;
			buildActionMask = 2147483647;
			files = (
			);
			runOnlyForDeploymentPostprocessing = 0;
		};
		43D13704223A9BE4BCE00310 /* Frameworks */ = {
			isa = PBXFrameworksBuildPhase;
			buildActionMask = 2147483647;
			files = (
			);
			runOnlyForDeploymentPostprocessing = 0;
		};
		BB06847AEB29A073257DC45D /* Frameworks */ = {
			isa = PBXFrameworksBuildPhase;
			buildActionMask = 2147483647;
			files = (
				4EA8EEF7C26D6D2D00C343FD /* CFNetwork.framework in Frameworks */,
				23B389EA36A57AFBEF9BBA93 /* Alamofire.framework in Frameworks */,
				468A88518DA62C90AECDD1C5 /* CasePaths.framework in Frameworks */,
				A877FFD1E80DDAAC66CD5336 /* Clocks.framework in Frameworks */,
				5DAF972C74C61C1A47375616 /* CombineSchedulers.framework in Frameworks */,
				F29892371C225C697B6213CA /* ComposableArchitecture.framework in Frameworks */,
				B2E9CE0102D2426053B4928D /* ConcurrencyExtras.framework in Frameworks */,
				0839E29BD1D12DE03C0E87AE /* CustomDump.framework in Frameworks */,
				3C93D1BDBE0C2D0FC5AE9014 /* Dependencies.framework in Frameworks */,
				137FB33C6049A4FCFB4BFD9F /* DependenciesMacros.framework in Frameworks */,
				AE4455DEB2F21907C195CC0E /* DesignSystemKit.framework in Frameworks */,
				93EA37EAC62970E1DA3C91C0 /* IdentifiedCollections.framework in Frameworks */,
				757E30ACA82B236C2CC22099 /* Moya.framework in Frameworks */,
				AF5A2B2FCB2484AA19CFC729 /* OrderedCollections.framework in Frameworks */,
				57B93831A9FB8C132ACF7213 /* Perception.framework in Frameworks */,
				6C8E8CA2C1279BC49A07A8A1 /* ShareKit.framework in Frameworks */,
				50A4092E5C24B7CDCBB418BB /* SwiftUINavigationCore.framework in Frameworks */,
				1AC479E376E9007EC1217447 /* XCTestDynamicOverlay.framework in Frameworks */,
				28559BBA6E23AF32F5878E13 /* _CollectionsUtilities.framework in Frameworks */,
			);
			runOnlyForDeploymentPostprocessing = 0;
		};
/* End PBXFrameworksBuildPhase section */

/* Begin PBXGroup section */
		50640791750EEDE62A5A6621 /* ShareKitTests */ = {
			isa = PBXGroup;
			children = (
				6CF39AE37C28C61E0EEC9543 /* Sources */,
			);
			path = ShareKitTests;
			sourceTree = "<group>";
		};
		5AAD829CFAB77A34DBAC1529 /* Sources */ = {
			isa = PBXGroup;
			children = (
				3CDC85F2C303AB80C6FC8F48 /* test.swift */,
			);
			path = Sources;
			sourceTree = "<group>";
		};
		6CF39AE37C28C61E0EEC9543 /* Sources */ = {
			isa = PBXGroup;
			children = (
				A73B016CF79111CF14F3B881 /* test.swift */,
			);
			path = Sources;
			sourceTree = "<group>";
		};
		72FA94D34387111DC97235CF /* InfoPlists */ = {
			isa = PBXGroup;
			children = (
				BC94E0DC4094FF4428D978AD /* ShareKit-Dev-Info.plist */,
				9FC06FA0D8E021700BB9AD1F /* ShareKit-Info.plist */,
				13B3DD7FEEE514392265ABC7 /* ShareKitTests-Info.plist */,
			);
			path = InfoPlists;
			sourceTree = "<group>";
		};
		8A76240332AB83A73033832C /* Derived */ = {
			isa = PBXGroup;
			children = (
				72FA94D34387111DC97235CF /* InfoPlists */,
			);
			path = Derived;
			sourceTree = "<group>";
		};
		8EDC403B196F6DFA6668FC26 = {
			isa = PBXGroup;
			children = (
				9365F60D810D7606E09AD4E5 /* Project */,
				B0A61189FFD867FCBFCDA06C /* Frameworks */,
				B8E8D51219BAE6E3A0FEF4F7 /* Products */,
			);
			sourceTree = "<group>";
		};
		9365F60D810D7606E09AD4E5 /* Project */ = {
			isa = PBXGroup;
			children = (
				8A76240332AB83A73033832C /* Derived */,
				50640791750EEDE62A5A6621 /* ShareKitTests */,
				5AAD829CFAB77A34DBAC1529 /* Sources */,
			);
			name = Project;
			sourceTree = "<group>";
		};
		B0A61189FFD867FCBFCDA06C /* Frameworks */ = {
			isa = PBXGroup;
			children = (
				3D54E11FF89A5ADC7DF6EF77 /* CFNetwork.framework */,
			);
			name = Frameworks;
			sourceTree = "<group>";
		};
		B8E8D51219BAE6E3A0FEF4F7 /* Products */ = {
			isa = PBXGroup;
			children = (
				89FE706F98FCE71955049BC6 /* _CollectionsUtilities.framework */,
				55F1F65C936F42E1947E86A3 /* Alamofire.framework */,
				2B0807E22634A17BCF696EEE /* CasePaths.framework */,
				0DC9BDB9E588858C46692ABE /* Clocks.framework */,
				4E058C6B74D85A5B2B65C6F4 /* CombineSchedulers.framework */,
				B74B51113FA93E786E267992 /* ComposableArchitecture.framework */,
				881B84F7FA3DF201ECDB4374 /* ConcurrencyExtras.framework */,
				84C5A9D8E758407B59904051 /* CustomDump.framework */,
				6089D1BF09532092A94A3EA1 /* Dependencies.framework */,
				D77B8F96F2D7E4E7CC8F1A2B /* DependenciesMacros.framework */,
				92422713AB422C06DD2CE1FA /* DesignSystemKit_DesignSystemKit.bundle */,
				4249A903CB965A1E439BC8C0 /* DesignSystemKit.framework */,
				ABDF1AE2A61CB554F4F9F364 /* IdentifiedCollections.framework */,
				1BCEBD36BB7DC7D664E166A0 /* Moya.framework */,
				C25E1DBE451966BE7C2B3FC1 /* OrderedCollections.framework */,
				280CADB9905052B7BDF215CE /* Perception.framework */,
				1BB71CEC97567EE44AEDF24D /* ShareKit_Dev.framework */,
				EDC63D6E0C4783D297C6DBD5 /* ShareKit.framework */,
				B05860AD9DD6E7534BD84B37 /* ShareKitTests.xctest */,
				FE32D62A1A538B15870A9573 /* SwiftUINavigationCore.framework */,
				1AF6137B4B98842F38BF6FCC /* XCTestDynamicOverlay.framework */,
			);
			name = Products;
			sourceTree = "<group>";
		};
/* End PBXGroup section */

/* Begin PBXNativeTarget section */
		5486D186405667A4DD1654EC /* ShareKit-Dev */ = {
			isa = PBXNativeTarget;
			buildConfigurationList = 71C1294B237448DF06997F71 /* Build configuration list for PBXNativeTarget "ShareKit-Dev" */;
			buildPhases = (
				6E321A065ECB40D8916B4A14 /* Sources */,
				23A32B750C4C6A60C28CDEE0 /* Resources */,
				78EB840B22F8758A5DF9C773 /* Embed Frameworks */,
				1A7289ECB102D47514DBB45E /* Frameworks */,
				865FB25469CFBA59FD820B23 /* Dependencies */,
			);
			buildRules = (
			);
			dependencies = (
			);
			name = "ShareKit-Dev";
			productName = ShareKit_Dev;
			productReference = 1BB71CEC97567EE44AEDF24D /* ShareKit_Dev.framework */;
			productType = "com.apple.product-type.framework";
		};
		67A9550E691079AD4F0C5D1B /* ShareKitTests */ = {
			isa = PBXNativeTarget;
			buildConfigurationList = 19764A1F9887AD7DF5AA74E5 /* Build configuration list for PBXNativeTarget "ShareKitTests" */;
			buildPhases = (
				446C8EC709EF2B018663A4D5 /* Sources */,
				3D4991321534EA52F96D086C /* Resources */,
				CE4EF6B73764C83F9F2242C5 /* Embed Frameworks */,
				BB06847AEB29A073257DC45D /* Frameworks */,
				6639437C220BA64477904151 /* Dependencies */,
			);
			buildRules = (
			);
			dependencies = (
				2F4F0313F8F8A356D9402640 /* PBXTargetDependency */,
			);
			name = ShareKitTests;
			productName = ShareKitTests;
			productReference = B05860AD9DD6E7534BD84B37 /* ShareKitTests.xctest */;
			productType = "com.apple.product-type.bundle.unit-test";
		};
		D6DA10AB20EECEA15A6B4A75 /* ShareKit */ = {
			isa = PBXNativeTarget;
			buildConfigurationList = D97CBDDE4A0223A806D73895 /* Build configuration list for PBXNativeTarget "ShareKit" */;
			buildPhases = (
				3F368742A5CDCC1315E82833 /* Sources */,
				F6114C2DF15B66FD889B215D /* Resources */,
				922E3ECFE3B6C5B14EAEA394 /* Embed Frameworks */,
				43D13704223A9BE4BCE00310 /* Frameworks */,
				C8F1199A47FB7E23ACBF8576 /* Dependencies */,
			);
			buildRules = (
			);
			dependencies = (
			);
			name = ShareKit;
			productName = ShareKit;
			productReference = EDC63D6E0C4783D297C6DBD5 /* ShareKit.framework */;
			productType = "com.apple.product-type.framework";
		};
/* End PBXNativeTarget section */

/* Begin PBXProject section */
		457C4EB085B7A957B0A69BE0 /* Project object */ = {
			isa = PBXProject;
			attributes = {
				BuildIndependentTargetsInParallel = YES;
				ORGANIZATIONNAME = Yeom;
				TargetAttributes = {
				};
			};
			buildConfigurationList = 5288D38261A4094B9097E8CD /* Build configuration list for PBXProject "ShareKit" */;
			compatibilityVersion = "Xcode 14.0";
			developmentRegion = en;
			hasScannedForEncodings = 0;
			knownRegions = (
				Base,
				en,
			);
			mainGroup = 8EDC403B196F6DFA6668FC26;
			productRefGroup = B8E8D51219BAE6E3A0FEF4F7 /* Products */;
			projectDirPath = "";
			projectRoot = "";
			targets = (
				D6DA10AB20EECEA15A6B4A75 /* ShareKit */,
				5486D186405667A4DD1654EC /* ShareKit-Dev */,
				67A9550E691079AD4F0C5D1B /* ShareKitTests */,
			);
		};
/* End PBXProject section */

/* Begin PBXResourcesBuildPhase section */
		23A32B750C4C6A60C28CDEE0 /* Resources */ = {
			isa = PBXResourcesBuildPhase;
			buildActionMask = 2147483647;
			files = (
			);
			runOnlyForDeploymentPostprocessing = 0;
		};
		3D4991321534EA52F96D086C /* Resources */ = {
			isa = PBXResourcesBuildPhase;
			buildActionMask = 2147483647;
			files = (
				F828557E5672169FBF83EF03 /* DesignSystemKit_DesignSystemKit.bundle in Resources */,
			);
			runOnlyForDeploymentPostprocessing = 0;
		};
		F6114C2DF15B66FD889B215D /* Resources */ = {
			isa = PBXResourcesBuildPhase;
			buildActionMask = 2147483647;
			files = (
			);
			runOnlyForDeploymentPostprocessing = 0;
		};
/* End PBXResourcesBuildPhase section */

/* Begin PBXSourcesBuildPhase section */
		3F368742A5CDCC1315E82833 /* Sources */ = {
			isa = PBXSourcesBuildPhase;
			buildActionMask = 2147483647;
			files = (
				45E2BF6C5886BD44C4C8F082 /* test.swift in Sources */,
			);
			runOnlyForDeploymentPostprocessing = 0;
		};
		446C8EC709EF2B018663A4D5 /* Sources */ = {
			isa = PBXSourcesBuildPhase;
			buildActionMask = 2147483647;
			files = (
				56EB4B2B9351994742703EA7 /* test.swift in Sources */,
			);
			runOnlyForDeploymentPostprocessing = 0;
		};
		6E321A065ECB40D8916B4A14 /* Sources */ = {
			isa = PBXSourcesBuildPhase;
			buildActionMask = 2147483647;
			files = (
				159ADE0F3C57EC30C0D8BBF4 /* test.swift in Sources */,
			);
			runOnlyForDeploymentPostprocessing = 0;
		};
/* End PBXSourcesBuildPhase section */

/* Begin PBXTargetDependency section */
		2F4F0313F8F8A356D9402640 /* PBXTargetDependency */ = {
			isa = PBXTargetDependency;
			name = ShareKit;
			target = D6DA10AB20EECEA15A6B4A75 /* ShareKit */;
			targetProxy = 55117E893E1B632727063AB8 /* PBXContainerItemProxy */;
		};
/* End PBXTargetDependency section */

/* Begin XCBuildConfiguration section */
		131B6A8992FAEECE3FFFEE00 /* Release */ = {
			isa = XCBuildConfiguration;
			buildSettings = {
				CODE_SIGN_IDENTITY = "";
				CURRENT_PROJECT_VERSION = 1;
				DEFINES_MODULE = YES;
				DYLIB_COMPATIBILITY_VERSION = 1;
				DYLIB_CURRENT_VERSION = 1;
				DYLIB_INSTALL_NAME_BASE = "@rpath";
				INFOPLIST_FILE = "Derived/InfoPlists/ShareKit-Dev-Info.plist";
				INSTALL_PATH = "$(LOCAL_LIBRARY_DIR)/Frameworks";
				IPHONEOS_DEPLOYMENT_TARGET = 17.0;
				LD_RUNPATH_SEARCH_PATHS = (
					"$(inherited)",
					"@executable_path/Frameworks",
					"@loader_path/Frameworks",
				);
				MACH_O_TYPE = staticlib;
				OTHER_SWIFT_FLAGS = (
					"-load-plugin-executable",
					"$BUILD_DIR/Debug$EFFECTIVE_PLATFORM_NAME/DependenciesMacrosPlugin#DependenciesMacrosPlugin",
					"-load-plugin-executable",
					"$BUILD_DIR/Debug$EFFECTIVE_PLATFORM_NAME/CasePathsMacros#CasePathsMacros",
					"-load-plugin-executable",
					"$BUILD_DIR/Debug$EFFECTIVE_PLATFORM_NAME/PerceptionMacros#PerceptionMacros",
					"-load-plugin-executable",
					"$BUILD_DIR/Debug$EFFECTIVE_PLATFORM_NAME/CasePathsMacros#CasePathsMacros",
				);
				PRODUCT_BUNDLE_IDENTIFIER = com.Emo.OPeace.ShareKit;
				PRODUCT_NAME = ShareKit_Dev;
				SDKROOT = iphoneos;
				SKIP_INSTALL = YES;
				SUPPORTS_MACCATALYST = NO;
				SUPPORTS_MAC_DESIGNED_FOR_IPHONE_IPAD = YES;
				SUPPORTS_XR_DESIGNED_FOR_IPHONE_IPAD = NO;
				SWIFT_COMPILATION_MODE = wholemodule;
				SWIFT_OPTIMIZATION_LEVEL = "-Owholemodule";
				SWIFT_VERSION = 5.0;
				TARGETED_DEVICE_FAMILY = "1,2";
				VERSIONING_SYSTEM = "apple-generic";
				VERSION_INFO_PREFIX = "";
			};
			name = Release;
		};
		1784DCB7593ECE161FBCC77A /* Debug */ = {
			isa = XCBuildConfiguration;
			buildSettings = {
				CODE_SIGN_IDENTITY = "";
				CURRENT_PROJECT_VERSION = 1;
				DEFINES_MODULE = YES;
				DYLIB_COMPATIBILITY_VERSION = 1;
				DYLIB_CURRENT_VERSION = 1;
				DYLIB_INSTALL_NAME_BASE = "@rpath";
				INFOPLIST_FILE = "Derived/InfoPlists/ShareKit-Dev-Info.plist";
				INSTALL_PATH = "$(LOCAL_LIBRARY_DIR)/Frameworks";
				IPHONEOS_DEPLOYMENT_TARGET = 17.0;
				LD_RUNPATH_SEARCH_PATHS = (
					"$(inherited)",
					"@executable_path/Frameworks",
					"@loader_path/Frameworks",
				);
				MACH_O_TYPE = staticlib;
				OTHER_SWIFT_FLAGS = (
					"-load-plugin-executable",
					"$BUILD_DIR/Debug$EFFECTIVE_PLATFORM_NAME/PerceptionMacros#PerceptionMacros",
					"-load-plugin-executable",
					"$BUILD_DIR/Debug$EFFECTIVE_PLATFORM_NAME/ComposableArchitectureMacros#ComposableArchitectureMacros",
					"-load-plugin-executable",
					"$BUILD_DIR/Debug$EFFECTIVE_PLATFORM_NAME/CasePathsMacros#CasePathsMacros",
					"-load-plugin-executable",
					"$BUILD_DIR/Debug$EFFECTIVE_PLATFORM_NAME/DependenciesMacrosPlugin#DependenciesMacrosPlugin",
				);
				PRODUCT_BUNDLE_IDENTIFIER = com.Emo.OPeace.ShareKit;
				PRODUCT_NAME = ShareKit_Dev;
				SDKROOT = iphoneos;
				SKIP_INSTALL = YES;
				SUPPORTS_MACCATALYST = NO;
				SUPPORTS_MAC_DESIGNED_FOR_IPHONE_IPAD = YES;
				SUPPORTS_XR_DESIGNED_FOR_IPHONE_IPAD = NO;
				SWIFT_ACTIVE_COMPILATION_CONDITIONS = DEBUG;
				SWIFT_COMPILATION_MODE = singlefile;
				SWIFT_OPTIMIZATION_LEVEL = "-Onone";
				SWIFT_VERSION = 5.0;
				TARGETED_DEVICE_FAMILY = "1,2";
				VERSIONING_SYSTEM = "apple-generic";
				VERSION_INFO_PREFIX = "";
			};
			name = Debug;
		};
		3D818FBB27E5ED54B32FCFDA /* Release */ = {
			isa = XCBuildConfiguration;
			buildSettings = {
				CODE_SIGN_IDENTITY = "";
				CURRENT_PROJECT_VERSION = 1;
				DEFINES_MODULE = YES;
				DYLIB_COMPATIBILITY_VERSION = 1;
				DYLIB_CURRENT_VERSION = 1;
				DYLIB_INSTALL_NAME_BASE = "@rpath";
				INFOPLIST_FILE = "Derived/InfoPlists/ShareKit-Info.plist";
				INSTALL_PATH = "$(LOCAL_LIBRARY_DIR)/Frameworks";
				IPHONEOS_DEPLOYMENT_TARGET = 17.0;
				LD_RUNPATH_SEARCH_PATHS = (
					"$(inherited)",
					"@executable_path/Frameworks",
					"@loader_path/Frameworks",
				);
				MACH_O_TYPE = staticlib;
				OTHER_SWIFT_FLAGS = (
					"-load-plugin-executable",
					"$BUILD_DIR/Debug$EFFECTIVE_PLATFORM_NAME/PerceptionMacros#PerceptionMacros",
					"-load-plugin-executable",
					"$BUILD_DIR/Debug$EFFECTIVE_PLATFORM_NAME/CasePathsMacros#CasePathsMacros",
					"-load-plugin-executable",
					"$BUILD_DIR/Debug$EFFECTIVE_PLATFORM_NAME/DependenciesMacrosPlugin#DependenciesMacrosPlugin",
					"-load-plugin-executable",
					"$BUILD_DIR/Debug$EFFECTIVE_PLATFORM_NAME/ComposableArchitectureMacros#ComposableArchitectureMacros",
				);
				PRODUCT_BUNDLE_IDENTIFIER = com.Emo.OPeace.ShareKit;
				PRODUCT_NAME = ShareKit;
				SDKROOT = iphoneos;
				SKIP_INSTALL = YES;
				SUPPORTS_MACCATALYST = NO;
				SUPPORTS_MAC_DESIGNED_FOR_IPHONE_IPAD = YES;
				SUPPORTS_XR_DESIGNED_FOR_IPHONE_IPAD = NO;
				SWIFT_COMPILATION_MODE = wholemodule;
				SWIFT_OPTIMIZATION_LEVEL = "-Owholemodule";
				SWIFT_VERSION = 5.0;
				TARGETED_DEVICE_FAMILY = "1,2";
				VERSIONING_SYSTEM = "apple-generic";
				VERSION_INFO_PREFIX = "";
			};
			name = Release;
		};
		927B8EA7346F4D2428AC45C0 /* Debug */ = {
			isa = XCBuildConfiguration;
			buildSettings = {
				CODE_SIGN_IDENTITY = "";
				CURRENT_PROJECT_VERSION = 1;
				DEFINES_MODULE = YES;
				DYLIB_COMPATIBILITY_VERSION = 1;
				DYLIB_CURRENT_VERSION = 1;
				DYLIB_INSTALL_NAME_BASE = "@rpath";
				INFOPLIST_FILE = "Derived/InfoPlists/ShareKit-Info.plist";
				INSTALL_PATH = "$(LOCAL_LIBRARY_DIR)/Frameworks";
				IPHONEOS_DEPLOYMENT_TARGET = 17.0;
				LD_RUNPATH_SEARCH_PATHS = (
					"$(inherited)",
					"@executable_path/Frameworks",
					"@loader_path/Frameworks",
				);
				MACH_O_TYPE = staticlib;
				OTHER_SWIFT_FLAGS = (
					"-load-plugin-executable",
					"$BUILD_DIR/Debug$EFFECTIVE_PLATFORM_NAME/DependenciesMacrosPlugin#DependenciesMacrosPlugin",
					"-load-plugin-executable",
					"$BUILD_DIR/Debug$EFFECTIVE_PLATFORM_NAME/CasePathsMacros#CasePathsMacros",
					"-load-plugin-executable",
					"$BUILD_DIR/Debug$EFFECTIVE_PLATFORM_NAME/ComposableArchitectureMacros#ComposableArchitectureMacros",
					"-load-plugin-executable",
					"$BUILD_DIR/Debug$EFFECTIVE_PLATFORM_NAME/PerceptionMacros#PerceptionMacros",
				);
				PRODUCT_BUNDLE_IDENTIFIER = com.Emo.OPeace.ShareKit;
				PRODUCT_NAME = ShareKit;
				SDKROOT = iphoneos;
				SKIP_INSTALL = YES;
				SUPPORTS_MACCATALYST = NO;
				SUPPORTS_MAC_DESIGNED_FOR_IPHONE_IPAD = YES;
				SUPPORTS_XR_DESIGNED_FOR_IPHONE_IPAD = NO;
				SWIFT_ACTIVE_COMPILATION_CONDITIONS = DEBUG;
				SWIFT_COMPILATION_MODE = singlefile;
				SWIFT_OPTIMIZATION_LEVEL = "-Onone";
				SWIFT_VERSION = 5.0;
				TARGETED_DEVICE_FAMILY = "1,2";
				VERSIONING_SYSTEM = "apple-generic";
				VERSION_INFO_PREFIX = "";
			};
			name = Debug;
		};
		AABC5F9BBEE01AFF931DF42E /* Release */ = {
			isa = XCBuildConfiguration;
			buildSettings = {
				ALWAYS_SEARCH_USER_PATHS = NO;
				CLANG_ANALYZER_LOCALIZABILITY_NONLOCALIZED = YES;
				CLANG_ANALYZER_NONNULL = YES;
				CLANG_ANALYZER_NUMBER_OBJECT_CONVERSION = YES_AGGRESSIVE;
				CLANG_CXX_LANGUAGE_STANDARD = "gnu++14";
				CLANG_CXX_LIBRARY = "libc++";
				CLANG_ENABLE_MODULES = YES;
				CLANG_ENABLE_OBJC_ARC = YES;
				CLANG_ENABLE_OBJC_WEAK = YES;
				CLANG_WARN_BLOCK_CAPTURE_AUTORELEASING = YES;
				CLANG_WARN_BOOL_CONVERSION = YES;
				CLANG_WARN_COMMA = YES;
				CLANG_WARN_CONSTANT_CONVERSION = YES;
				CLANG_WARN_DEPRECATED_OBJC_IMPLEMENTATIONS = YES;
				CLANG_WARN_DIRECT_OBJC_ISA_USAGE = YES_ERROR;
				CLANG_WARN_DOCUMENTATION_COMMENTS = YES;
				CLANG_WARN_EMPTY_BODY = YES;
				CLANG_WARN_ENUM_CONVERSION = YES;
				CLANG_WARN_INFINITE_RECURSION = YES;
				CLANG_WARN_INT_CONVERSION = YES;
				CLANG_WARN_NON_LITERAL_NULL_CONVERSION = YES;
				CLANG_WARN_OBJC_IMPLICIT_RETAIN_SELF = YES;
				CLANG_WARN_OBJC_LITERAL_CONVERSION = YES;
				CLANG_WARN_OBJC_ROOT_CLASS = YES_ERROR;
				CLANG_WARN_QUOTED_INCLUDE_IN_FRAMEWORK_HEADER = YES;
				CLANG_WARN_RANGE_LOOP_ANALYSIS = YES;
				CLANG_WARN_STRICT_PROTOTYPES = YES;
				CLANG_WARN_SUSPICIOUS_MOVE = YES;
				CLANG_WARN_UNGUARDED_AVAILABILITY = YES_AGGRESSIVE;
				CLANG_WARN_UNREACHABLE_CODE = YES;
				CLANG_WARN__DUPLICATE_METHOD_MATCH = YES;
				COPY_PHASE_STRIP = NO;
				DEAD_CODE_STRIPPING = YES;
				DEBUG_INFORMATION_FORMAT = "dwarf-with-dsym";
				ENABLE_NS_ASSERTIONS = NO;
				ENABLE_STRICT_OBJC_MSGSEND = YES;
				GCC_C_LANGUAGE_STANDARD = gnu11;
				GCC_NO_COMMON_BLOCKS = YES;
				GCC_WARN_64_TO_32_BIT_CONVERSION = YES;
				GCC_WARN_ABOUT_RETURN_TYPE = YES_ERROR;
				GCC_WARN_UNDECLARED_SELECTOR = YES;
				GCC_WARN_UNINITIALIZED_AUTOS = YES_AGGRESSIVE;
				GCC_WARN_UNUSED_FUNCTION = YES;
				GCC_WARN_UNUSED_VARIABLE = YES;
				MTL_ENABLE_DEBUG_INFO = NO;
				PRODUCT_NAME = "$(TARGET_NAME)";
				VALIDATE_PRODUCT = YES;
			};
			name = Release;
		};
		BA4539093D4BB7DD2C6B48F5 /* Debug */ = {
			isa = XCBuildConfiguration;
			buildSettings = {
				CODE_SIGN_IDENTITY = "iPhone Developer";
				INFOPLIST_FILE = "Derived/InfoPlists/ShareKitTests-Info.plist";
				IPHONEOS_DEPLOYMENT_TARGET = 17.0;
				LD_RUNPATH_SEARCH_PATHS = (
					"$(inherited)",
					"@executable_path/Frameworks",
					"@loader_path/Frameworks",
				);
				OTHER_SWIFT_FLAGS = (
					"-load-plugin-executable",
					"$BUILD_DIR/Debug$EFFECTIVE_PLATFORM_NAME/PerceptionMacros#PerceptionMacros",
					"-load-plugin-executable",
					"$BUILD_DIR/Debug$EFFECTIVE_PLATFORM_NAME/CasePathsMacros#CasePathsMacros",
					"-load-plugin-executable",
					"$BUILD_DIR/Debug$EFFECTIVE_PLATFORM_NAME/ComposableArchitectureMacros#ComposableArchitectureMacros",
				);
				PRODUCT_BUNDLE_IDENTIFIER = com.Emo.OPeace.ShareKit.ShareKitTests;
				PRODUCT_NAME = ShareKitTests;
				SDKROOT = iphoneos;
				SUPPORTS_MACCATALYST = NO;
				SUPPORTS_MAC_DESIGNED_FOR_IPHONE_IPAD = YES;
				SUPPORTS_XR_DESIGNED_FOR_IPHONE_IPAD = NO;
				SWIFT_ACTIVE_COMPILATION_CONDITIONS = DEBUG;
				SWIFT_COMPILATION_MODE = singlefile;
				SWIFT_OPTIMIZATION_LEVEL = "-Onone";
				SWIFT_VERSION = 5.0;
				TARGETED_DEVICE_FAMILY = "1,2";
			};
			name = Debug;
		};
		D3D8EB59E7649278253CC284 /* Debug */ = {
			isa = XCBuildConfiguration;
			buildSettings = {
				ALWAYS_SEARCH_USER_PATHS = NO;
				CLANG_ANALYZER_LOCALIZABILITY_NONLOCALIZED = YES;
				CLANG_ANALYZER_NONNULL = YES;
				CLANG_ANALYZER_NUMBER_OBJECT_CONVERSION = YES_AGGRESSIVE;
				CLANG_CXX_LANGUAGE_STANDARD = "gnu++14";
				CLANG_CXX_LIBRARY = "libc++";
				CLANG_ENABLE_MODULES = YES;
				CLANG_ENABLE_OBJC_ARC = YES;
				CLANG_ENABLE_OBJC_WEAK = YES;
				CLANG_WARN_BLOCK_CAPTURE_AUTORELEASING = YES;
				CLANG_WARN_BOOL_CONVERSION = YES;
				CLANG_WARN_COMMA = YES;
				CLANG_WARN_CONSTANT_CONVERSION = YES;
				CLANG_WARN_DEPRECATED_OBJC_IMPLEMENTATIONS = YES;
				CLANG_WARN_DIRECT_OBJC_ISA_USAGE = YES_ERROR;
				CLANG_WARN_DOCUMENTATION_COMMENTS = YES;
				CLANG_WARN_EMPTY_BODY = YES;
				CLANG_WARN_ENUM_CONVERSION = YES;
				CLANG_WARN_INFINITE_RECURSION = YES;
				CLANG_WARN_INT_CONVERSION = YES;
				CLANG_WARN_NON_LITERAL_NULL_CONVERSION = YES;
				CLANG_WARN_OBJC_IMPLICIT_RETAIN_SELF = YES;
				CLANG_WARN_OBJC_LITERAL_CONVERSION = YES;
				CLANG_WARN_OBJC_ROOT_CLASS = YES_ERROR;
				CLANG_WARN_QUOTED_INCLUDE_IN_FRAMEWORK_HEADER = YES;
				CLANG_WARN_RANGE_LOOP_ANALYSIS = YES;
				CLANG_WARN_STRICT_PROTOTYPES = YES;
				CLANG_WARN_SUSPICIOUS_MOVE = YES;
				CLANG_WARN_UNGUARDED_AVAILABILITY = YES_AGGRESSIVE;
				CLANG_WARN_UNREACHABLE_CODE = YES;
				CLANG_WARN__DUPLICATE_METHOD_MATCH = YES;
				COPY_PHASE_STRIP = NO;
				DEAD_CODE_STRIPPING = YES;
				DEBUG_INFORMATION_FORMAT = dwarf;
				ENABLE_STRICT_OBJC_MSGSEND = YES;
				ENABLE_TESTABILITY = YES;
				GCC_C_LANGUAGE_STANDARD = gnu11;
				GCC_DYNAMIC_NO_PIC = NO;
				GCC_NO_COMMON_BLOCKS = YES;
				GCC_OPTIMIZATION_LEVEL = 0;
				GCC_PREPROCESSOR_DEFINITIONS = (
					"DEBUG=1",
					"$(inherited)",
				);
				GCC_WARN_64_TO_32_BIT_CONVERSION = YES;
				GCC_WARN_ABOUT_RETURN_TYPE = YES_ERROR;
				GCC_WARN_UNDECLARED_SELECTOR = YES;
				GCC_WARN_UNINITIALIZED_AUTOS = YES_AGGRESSIVE;
				GCC_WARN_UNUSED_FUNCTION = YES;
				GCC_WARN_UNUSED_VARIABLE = YES;
				MTL_ENABLE_DEBUG_INFO = YES;
				ONLY_ACTIVE_ARCH = YES;
				PRODUCT_NAME = "$(TARGET_NAME)";
			};
			name = Debug;
		};
		EC1D9BCBF85FD720EC0E3BBA /* Release */ = {
			isa = XCBuildConfiguration;
			buildSettings = {
				CODE_SIGN_IDENTITY = "iPhone Developer";
				INFOPLIST_FILE = "Derived/InfoPlists/ShareKitTests-Info.plist";
				IPHONEOS_DEPLOYMENT_TARGET = 17.0;
				LD_RUNPATH_SEARCH_PATHS = (
					"$(inherited)",
					"@executable_path/Frameworks",
					"@loader_path/Frameworks",
				);
				OTHER_SWIFT_FLAGS = (
					"-load-plugin-executable",
					"$BUILD_DIR/Debug$EFFECTIVE_PLATFORM_NAME/ComposableArchitectureMacros#ComposableArchitectureMacros",
					"-load-plugin-executable",
					"$BUILD_DIR/Debug$EFFECTIVE_PLATFORM_NAME/CasePathsMacros#CasePathsMacros",
					"-load-plugin-executable",
					"$BUILD_DIR/Debug$EFFECTIVE_PLATFORM_NAME/PerceptionMacros#PerceptionMacros",
					"-load-plugin-executable",
					"$BUILD_DIR/Debug$EFFECTIVE_PLATFORM_NAME/DependenciesMacrosPlugin#DependenciesMacrosPlugin",
				);
				PRODUCT_BUNDLE_IDENTIFIER = com.Emo.OPeace.ShareKit.ShareKitTests;
				PRODUCT_NAME = ShareKitTests;
				SDKROOT = iphoneos;
				SUPPORTS_MACCATALYST = NO;
				SUPPORTS_MAC_DESIGNED_FOR_IPHONE_IPAD = YES;
				SUPPORTS_XR_DESIGNED_FOR_IPHONE_IPAD = NO;
				SWIFT_COMPILATION_MODE = wholemodule;
				SWIFT_OPTIMIZATION_LEVEL = "-Owholemodule";
				SWIFT_VERSION = 5.0;
				TARGETED_DEVICE_FAMILY = "1,2";
			};
			name = Release;
		};
/* End XCBuildConfiguration section */

/* Begin XCConfigurationList section */
		19764A1F9887AD7DF5AA74E5 /* Build configuration list for PBXNativeTarget "ShareKitTests" */ = {
			isa = XCConfigurationList;
			buildConfigurations = (
				BA4539093D4BB7DD2C6B48F5 /* Debug */,
				EC1D9BCBF85FD720EC0E3BBA /* Release */,
			);
			defaultConfigurationIsVisible = 0;
			defaultConfigurationName = Release;
		};
		5288D38261A4094B9097E8CD /* Build configuration list for PBXProject "ShareKit" */ = {
			isa = XCConfigurationList;
			buildConfigurations = (
				D3D8EB59E7649278253CC284 /* Debug */,
				AABC5F9BBEE01AFF931DF42E /* Release */,
			);
			defaultConfigurationIsVisible = 0;
			defaultConfigurationName = Release;
		};
		71C1294B237448DF06997F71 /* Build configuration list for PBXNativeTarget "ShareKit-Dev" */ = {
			isa = XCConfigurationList;
			buildConfigurations = (
				1784DCB7593ECE161FBCC77A /* Debug */,
				131B6A8992FAEECE3FFFEE00 /* Release */,
			);
			defaultConfigurationIsVisible = 0;
			defaultConfigurationName = Release;
		};
		D97CBDDE4A0223A806D73895 /* Build configuration list for PBXNativeTarget "ShareKit" */ = {
			isa = XCConfigurationList;
			buildConfigurations = (
				927B8EA7346F4D2428AC45C0 /* Debug */,
				3D818FBB27E5ED54B32FCFDA /* Release */,
			);
			defaultConfigurationIsVisible = 0;
			defaultConfigurationName = Release;
		};
/* End XCConfigurationList section */
	};
	rootObject = 457C4EB085B7A957B0A69BE0 /* Project object */;
}
