// !$*UTF8*$!
{
	archiveVersion = 1;
	classes = {
	};
	objectVersion = 55;
	objects = {

/* Begin PBXBuildFile section */
		0718EA134ADAAD5D18951336 /* OPeaceKit.swift in Sources */ = {isa = PBXBuildFile; fileRef = BF15BB75A4266BB5F4239D7D /* OPeaceKit.swift */; };
		07AB7DF0EE185C98BC71BE24 /* OPeaceKit.framework in Frameworks */ = {isa = PBXBuildFile; fileRef = 8783E8776BB2085EAAD09A51 /* OPeaceKit.framework */; };
		12D8737022FF157FFC284259 /* Preview Assets.xcassets in Resources */ = {isa = PBXBuildFile; fileRef = 52AC20621AE4AD70D39AE4DA /* Preview Assets.xcassets */; };
		4B4254FD12802A8035912DD3 /* OPeaceKit.framework in Embed Frameworks */ = {isa = PBXBuildFile; fileRef = 8783E8776BB2085EAAD09A51 /* OPeaceKit.framework */; settings = {ATTRIBUTES = (CodeSignOnCopy, RemoveHeadersOnCopy, ); }; };
		6755C7FCF356613C7F86D3D6 /* TuistAssets+OPeace.swift in Sources */ = {isa = PBXBuildFile; fileRef = E9AF3BE6FAD546CD1A68EE13 /* TuistAssets+OPeace.swift */; };
		763820243DC54E89C45E076F /* OPeaceKit.framework in Frameworks */ = {isa = PBXBuildFile; fileRef = 8783E8776BB2085EAAD09A51 /* OPeaceKit.framework */; };
		7826AFEAF87136375CFB83A3 /* OPeaceUI.framework in Frameworks */ = {isa = PBXBuildFile; fileRef = 81D26C226D523E5755F577B3 /* OPeaceUI.framework */; };
		7D9BBA2B49EEFBDF4C3A1A7E /* TuistBundle+OPeace.swift in Sources */ = {isa = PBXBuildFile; fileRef = 0E284EB4A91928A78EE95343 /* TuistBundle+OPeace.swift */; };
		89BC7128ED681154BACEB2DC /* OPeaceTests.swift in Sources */ = {isa = PBXBuildFile; fileRef = 760EBB4DE5DB47F0047F5C51 /* OPeaceTests.swift */; };
		93A0862040F9E7AC3F8C41D3 /* Assets.xcassets in Resources */ = {isa = PBXBuildFile; fileRef = 0AC4746CB9130468560AB88B /* Assets.xcassets */; };
		BB650A8701C1A7D44366C1B6 /* OPeaceUITests.swift in Sources */ = {isa = PBXBuildFile; fileRef = FBD1AE119B1DACAEA46E64C1 /* OPeaceUITests.swift */; };
		CC0F95BCDF46DE0C67E27615 /* OPeaceUI.framework in Embed Frameworks */ = {isa = PBXBuildFile; fileRef = 81D26C226D523E5755F577B3 /* OPeaceUI.framework */; settings = {ATTRIBUTES = (CodeSignOnCopy, RemoveHeadersOnCopy, ); }; };
		DA7E2390CD198A4F05E02366 /* ContentView.swift in Sources */ = {isa = PBXBuildFile; fileRef = FC78A4DBDBE8C46E1C063A1C /* ContentView.swift */; };
		DF821065120F9188E7E03E46 /* OPeaceKitTests.swift in Sources */ = {isa = PBXBuildFile; fileRef = 629407A04ADEA7E81AEAE395 /* OPeaceKitTests.swift */; };
		E5FCBF4CA1293D7783B0C5B3 /* OPeaceUI.framework in Frameworks */ = {isa = PBXBuildFile; fileRef = 81D26C226D523E5755F577B3 /* OPeaceUI.framework */; };
		F788CD0A9C8F03F66272AAB6 /* OPeaceApp.swift in Sources */ = {isa = PBXBuildFile; fileRef = B45652123E0CA11F6E795B37 /* OPeaceApp.swift */; };
/* End PBXBuildFile section */

/* Begin PBXContainerItemProxy section */
		19DB080667E69ED4815C6738 /* PBXContainerItemProxy */ = {
			isa = PBXContainerItemProxy;
			containerPortal = F18B04FFC6C052E50C5BAEEA /* Project object */;
			proxyType = 1;
			remoteGlobalIDString = FB7BB62D204879F6DFF941C1;
			remoteInfo = OPeaceUI;
		};
		1F7F46426C146698DDB3A0BE /* PBXContainerItemProxy */ = {
			isa = PBXContainerItemProxy;
			containerPortal = F18B04FFC6C052E50C5BAEEA /* Project object */;
			proxyType = 1;
			remoteGlobalIDString = 9AD5BF79F77C9025DF343C0C;
			remoteInfo = OPeaceKit;
		};
		8F3FD9213D887E8EE83AA966 /* PBXContainerItemProxy */ = {
			isa = PBXContainerItemProxy;
			containerPortal = F18B04FFC6C052E50C5BAEEA /* Project object */;
			proxyType = 1;
			remoteGlobalIDString = FB7BB62D204879F6DFF941C1;
			remoteInfo = OPeaceUI;
		};
		D4BEDD17433843E50A2792A2 /* PBXContainerItemProxy */ = {
			isa = PBXContainerItemProxy;
			containerPortal = F18B04FFC6C052E50C5BAEEA /* Project object */;
			proxyType = 1;
			remoteGlobalIDString = 9AD5BF79F77C9025DF343C0C;
			remoteInfo = OPeaceKit;
		};
		DDDB7D913FADE1134B368A91 /* PBXContainerItemProxy */ = {
			isa = PBXContainerItemProxy;
			containerPortal = F18B04FFC6C052E50C5BAEEA /* Project object */;
			proxyType = 1;
			remoteGlobalIDString = 67D9F4592180F61529ADFF00;
			remoteInfo = OPeace;
		};
/* End PBXContainerItemProxy section */

/* Begin PBXCopyFilesBuildPhase section */
		1908BCD75735C25C506A6DE4 /* Embed Frameworks */ = {
			isa = PBXCopyFilesBuildPhase;
			buildActionMask = 2147483647;
			dstPath = "";
			dstSubfolderSpec = 10;
			files = (
			);
			name = "Embed Frameworks";
			runOnlyForDeploymentPostprocessing = 0;
		};
		27A42CC6EEA4505A3EE28D2A /* Embed Frameworks */ = {
			isa = PBXCopyFilesBuildPhase;
			buildActionMask = 2147483647;
			dstPath = "";
			dstSubfolderSpec = 10;
			files = (
			);
			name = "Embed Frameworks";
			runOnlyForDeploymentPostprocessing = 0;
		};
		44EA821A850D7E45B6A61245 /* Embed Frameworks */ = {
			isa = PBXCopyFilesBuildPhase;
			buildActionMask = 2147483647;
			dstPath = "";
			dstSubfolderSpec = 10;
			files = (
			);
			name = "Embed Frameworks";
			runOnlyForDeploymentPostprocessing = 0;
		};
		870FF00598BFC3D2F999ED8B /* Embed Frameworks */ = {
			isa = PBXCopyFilesBuildPhase;
			buildActionMask = 2147483647;
			dstPath = "";
			dstSubfolderSpec = 10;
			files = (
			);
			name = "Embed Frameworks";
			runOnlyForDeploymentPostprocessing = 0;
		};
		B84AC8BA86A42B2495E5B8EC /* Embed Frameworks */ = {
			isa = PBXCopyFilesBuildPhase;
			buildActionMask = 2147483647;
			dstPath = "";
			dstSubfolderSpec = 10;
			files = (
			);
			name = "Embed Frameworks";
			runOnlyForDeploymentPostprocessing = 0;
		};
		FEE320E802BB2F086B64F038 /* Embed Frameworks */ = {
			isa = PBXCopyFilesBuildPhase;
			buildActionMask = 2147483647;
			dstPath = "";
			dstSubfolderSpec = 10;
			files = (
				4B4254FD12802A8035912DD3 /* OPeaceKit.framework in Embed Frameworks */,
				CC0F95BCDF46DE0C67E27615 /* OPeaceUI.framework in Embed Frameworks */,
			);
			name = "Embed Frameworks";
			runOnlyForDeploymentPostprocessing = 0;
		};
/* End PBXCopyFilesBuildPhase section */

/* Begin PBXFileReference section */
		04DDAB92D5C6A318E3E9106C /* OPeaceUI-Info.plist */ = {isa = PBXFileReference; lastKnownFileType = text.plist; path = "OPeaceUI-Info.plist"; sourceTree = "<group>"; };
		0AC4746CB9130468560AB88B /* Assets.xcassets */ = {isa = PBXFileReference; lastKnownFileType = folder.assetcatalog; path = Assets.xcassets; sourceTree = "<group>"; };
		0E284EB4A91928A78EE95343 /* TuistBundle+OPeace.swift */ = {isa = PBXFileReference; lastKnownFileType = sourcecode.swift; path = "TuistBundle+OPeace.swift"; sourceTree = "<group>"; };
		231DB86E9FD48863312E8181 /* OPeace-Info.plist */ = {isa = PBXFileReference; lastKnownFileType = text.plist; path = "OPeace-Info.plist"; sourceTree = "<group>"; };
		27BD7C802153E8E6E23CBFE0 /* OPeaceKitTests.xctest */ = {isa = PBXFileReference; explicitFileType = wrapper.cfbundle; includeInIndex = 0; path = OPeaceKitTests.xctest; sourceTree = BUILT_PRODUCTS_DIR; };
		39EB1E0DCC56F5D20F7CF97B /* OPeaceTests-Info.plist */ = {isa = PBXFileReference; lastKnownFileType = text.plist; path = "OPeaceTests-Info.plist"; sourceTree = "<group>"; };
		4D2B3D9EF2A00B8C50D203F8 /* OPeaceUITests-Info.plist */ = {isa = PBXFileReference; lastKnownFileType = text.plist; path = "OPeaceUITests-Info.plist"; sourceTree = "<group>"; };
		52AC20621AE4AD70D39AE4DA /* Preview Assets.xcassets */ = {isa = PBXFileReference; lastKnownFileType = folder.assetcatalog; path = "Preview Assets.xcassets"; sourceTree = "<group>"; };
		542B3F41E71F0E5EE9F131C3 /* OPeaceKitTests-Info.plist */ = {isa = PBXFileReference; lastKnownFileType = text.plist; path = "OPeaceKitTests-Info.plist"; sourceTree = "<group>"; };
		629407A04ADEA7E81AEAE395 /* OPeaceKitTests.swift */ = {isa = PBXFileReference; lastKnownFileType = sourcecode.swift; path = OPeaceKitTests.swift; sourceTree = "<group>"; };
		760EBB4DE5DB47F0047F5C51 /* OPeaceTests.swift */ = {isa = PBXFileReference; lastKnownFileType = sourcecode.swift; path = OPeaceTests.swift; sourceTree = "<group>"; };
		81D26C226D523E5755F577B3 /* OPeaceUI.framework */ = {isa = PBXFileReference; explicitFileType = wrapper.framework; includeInIndex = 0; path = OPeaceUI.framework; sourceTree = BUILT_PRODUCTS_DIR; };
		8783E8776BB2085EAAD09A51 /* OPeaceKit.framework */ = {isa = PBXFileReference; explicitFileType = wrapper.framework; includeInIndex = 0; path = OPeaceKit.framework; sourceTree = BUILT_PRODUCTS_DIR; };
		A445C66880DC63E9958A59AA /* OPeace.app */ = {isa = PBXFileReference; explicitFileType = wrapper.application; includeInIndex = 0; path = OPeace.app; sourceTree = BUILT_PRODUCTS_DIR; };
		B45652123E0CA11F6E795B37 /* OPeaceApp.swift */ = {isa = PBXFileReference; lastKnownFileType = sourcecode.swift; path = OPeaceApp.swift; sourceTree = "<group>"; };
		BF15BB75A4266BB5F4239D7D /* OPeaceKit.swift */ = {isa = PBXFileReference; lastKnownFileType = sourcecode.swift; path = OPeaceKit.swift; sourceTree = "<group>"; };
		C53D890D7A9AA0D523B886F9 /* OPeaceUITests.xctest */ = {isa = PBXFileReference; explicitFileType = wrapper.cfbundle; includeInIndex = 0; path = OPeaceUITests.xctest; sourceTree = BUILT_PRODUCTS_DIR; };
		DDD6C9D634429A544109FC5A /* OPeaceKit-Info.plist */ = {isa = PBXFileReference; lastKnownFileType = text.plist; path = "OPeaceKit-Info.plist"; sourceTree = "<group>"; };
		DE77E1B0D4071D61EFEBAD16 /* OPeaceTests.xctest */ = {isa = PBXFileReference; explicitFileType = wrapper.cfbundle; includeInIndex = 0; path = OPeaceTests.xctest; sourceTree = BUILT_PRODUCTS_DIR; };
		E9AF3BE6FAD546CD1A68EE13 /* TuistAssets+OPeace.swift */ = {isa = PBXFileReference; lastKnownFileType = sourcecode.swift; path = "TuistAssets+OPeace.swift"; sourceTree = "<group>"; };
		FBD1AE119B1DACAEA46E64C1 /* OPeaceUITests.swift */ = {isa = PBXFileReference; lastKnownFileType = sourcecode.swift; path = OPeaceUITests.swift; sourceTree = "<group>"; };
		FC78A4DBDBE8C46E1C063A1C /* ContentView.swift */ = {isa = PBXFileReference; lastKnownFileType = sourcecode.swift; path = ContentView.swift; sourceTree = "<group>"; };
/* End PBXFileReference section */

/* Begin PBXFrameworksBuildPhase section */
		11ED1B13B7E8DE699D20CAD6 /* Frameworks */ = {
			isa = PBXFrameworksBuildPhase;
			buildActionMask = 2147483647;
			files = (
			);
			runOnlyForDeploymentPostprocessing = 0;
		};
		3F43FEA6251AC3A3E655C462 /* Frameworks */ = {
			isa = PBXFrameworksBuildPhase;
			buildActionMask = 2147483647;
			files = (
			);
			runOnlyForDeploymentPostprocessing = 0;
		};
		4AF7A0FD4711282D611025AE /* Frameworks */ = {
			isa = PBXFrameworksBuildPhase;
			buildActionMask = 2147483647;
			files = (
				763820243DC54E89C45E076F /* OPeaceKit.framework in Frameworks */,
				E5FCBF4CA1293D7783B0C5B3 /* OPeaceUI.framework in Frameworks */,
			);
			runOnlyForDeploymentPostprocessing = 0;
		};
		6F310A9B388D97CC7F7EDD14 /* Frameworks */ = {
			isa = PBXFrameworksBuildPhase;
			buildActionMask = 2147483647;
			files = (
			);
			runOnlyForDeploymentPostprocessing = 0;
		};
		E6E204D21777C509BC7AA126 /* Frameworks */ = {
			isa = PBXFrameworksBuildPhase;
			buildActionMask = 2147483647;
			files = (
				7826AFEAF87136375CFB83A3 /* OPeaceUI.framework in Frameworks */,
			);
			runOnlyForDeploymentPostprocessing = 0;
		};
		FF2D7096ADC6F6E21AC9A366 /* Frameworks */ = {
			isa = PBXFrameworksBuildPhase;
			buildActionMask = 2147483647;
			files = (
				07AB7DF0EE185C98BC71BE24 /* OPeaceKit.framework in Frameworks */,
			);
			runOnlyForDeploymentPostprocessing = 0;
		};
/* End PBXFrameworksBuildPhase section */

/* Begin PBXGroup section */
		01C604BC8FC2175C9CB85EE0 /* Sources */ = {
			isa = PBXGroup;
			children = (
				FC78A4DBDBE8C46E1C063A1C /* ContentView.swift */,
			);
			path = Sources;
			sourceTree = "<group>";
		};
		0690A5E7F754D21B1C80E484 /* Compiled */ = {
			isa = PBXGroup;
			children = (
			);
			name = Compiled;
			sourceTree = "<group>";
		};
		0FE37264563D3658DC5B8543 = {
			isa = PBXGroup;
			children = (
				45ADAF318A02CAFDF8C6224B /* Project */,
				0690A5E7F754D21B1C80E484 /* Compiled */,
				3F2247ADAAE2A17A5F1DF0E9 /* Products */,
			);
			sourceTree = "<group>";
		};
		1AB4FE79166F9D8BA743236F /* InfoPlists */ = {
			isa = PBXGroup;
			children = (
				231DB86E9FD48863312E8181 /* OPeace-Info.plist */,
				DDD6C9D634429A544109FC5A /* OPeaceKit-Info.plist */,
				542B3F41E71F0E5EE9F131C3 /* OPeaceKitTests-Info.plist */,
				39EB1E0DCC56F5D20F7CF97B /* OPeaceTests-Info.plist */,
				04DDAB92D5C6A318E3E9106C /* OPeaceUI-Info.plist */,
				4D2B3D9EF2A00B8C50D203F8 /* OPeaceUITests-Info.plist */,
			);
			path = InfoPlists;
			sourceTree = "<group>";
		};
		1ED716C0BD3CE9CA7C376A07 /* Tests */ = {
			isa = PBXGroup;
			children = (
				760EBB4DE5DB47F0047F5C51 /* OPeaceTests.swift */,
			);
			path = Tests;
			sourceTree = "<group>";
		};
		36A72858349C6035172E0DF8 /* Resources */ = {
			isa = PBXGroup;
			children = (
				AD12E71BA2299A6A03B9E4FF /* Preview Content */,
				0AC4746CB9130468560AB88B /* Assets.xcassets */,
			);
			path = Resources;
			sourceTree = "<group>";
		};
		3F2247ADAAE2A17A5F1DF0E9 /* Products */ = {
			isa = PBXGroup;
			children = (
				A445C66880DC63E9958A59AA /* OPeace.app */,
				8783E8776BB2085EAAD09A51 /* OPeaceKit.framework */,
				27BD7C802153E8E6E23CBFE0 /* OPeaceKitTests.xctest */,
				DE77E1B0D4071D61EFEBAD16 /* OPeaceTests.xctest */,
				81D26C226D523E5755F577B3 /* OPeaceUI.framework */,
				C53D890D7A9AA0D523B886F9 /* OPeaceUITests.xctest */,
			);
			name = Products;
			sourceTree = "<group>";
		};
		45ADAF318A02CAFDF8C6224B /* Project */ = {
			isa = PBXGroup;
			children = (
				7E7CE22EABBCBAC0C0EE5781 /* Derived */,
				45BDE47CBF4902EFE403FDEB /* Targets */,
			);
			name = Project;
			sourceTree = "<group>";
		};
		45BDE47CBF4902EFE403FDEB /* Targets */ = {
			isa = PBXGroup;
			children = (
				C56F80CF5F29BBF927B71CB3 /* OPeace */,
				6053CE80EE98643EA6F01FEE /* OPeaceKit */,
				B91C35F33442A4A46607BE8F /* OPeaceUI */,
			);
			path = Targets;
			sourceTree = "<group>";
		};
		6053CE80EE98643EA6F01FEE /* OPeaceKit */ = {
			isa = PBXGroup;
			children = (
				C89A63E5E805D160A19D82E6 /* Sources */,
				B0D73F566FCA1889C0CEF234 /* Tests */,
			);
			path = OPeaceKit;
			sourceTree = "<group>";
		};
		78090E0BA1BBC8141549CB8D /* Sources */ = {
			isa = PBXGroup;
			children = (
				E9AF3BE6FAD546CD1A68EE13 /* TuistAssets+OPeace.swift */,
				0E284EB4A91928A78EE95343 /* TuistBundle+OPeace.swift */,
			);
			path = Sources;
			sourceTree = "<group>";
		};
		7E7CE22EABBCBAC0C0EE5781 /* Derived */ = {
			isa = PBXGroup;
			children = (
				1AB4FE79166F9D8BA743236F /* InfoPlists */,
				78090E0BA1BBC8141549CB8D /* Sources */,
			);
			path = Derived;
			sourceTree = "<group>";
		};
		8D15F3083134CDDC20DBD0C1 /* Tests */ = {
			isa = PBXGroup;
			children = (
				FBD1AE119B1DACAEA46E64C1 /* OPeaceUITests.swift */,
			);
			path = Tests;
			sourceTree = "<group>";
		};
		AD12E71BA2299A6A03B9E4FF /* Preview Content */ = {
			isa = PBXGroup;
			children = (
				52AC20621AE4AD70D39AE4DA /* Preview Assets.xcassets */,
			);
			path = "Preview Content";
			sourceTree = "<group>";
		};
		B0D73F566FCA1889C0CEF234 /* Tests */ = {
			isa = PBXGroup;
			children = (
				629407A04ADEA7E81AEAE395 /* OPeaceKitTests.swift */,
			);
			path = Tests;
			sourceTree = "<group>";
		};
		B91C35F33442A4A46607BE8F /* OPeaceUI */ = {
			isa = PBXGroup;
			children = (
				01C604BC8FC2175C9CB85EE0 /* Sources */,
				8D15F3083134CDDC20DBD0C1 /* Tests */,
			);
			path = OPeaceUI;
			sourceTree = "<group>";
		};
		C56F80CF5F29BBF927B71CB3 /* OPeace */ = {
			isa = PBXGroup;
			children = (
				36A72858349C6035172E0DF8 /* Resources */,
				ECA99573145E56A3351AF717 /* Sources */,
				1ED716C0BD3CE9CA7C376A07 /* Tests */,
			);
			path = OPeace;
			sourceTree = "<group>";
		};
		C89A63E5E805D160A19D82E6 /* Sources */ = {
			isa = PBXGroup;
			children = (
				BF15BB75A4266BB5F4239D7D /* OPeaceKit.swift */,
			);
			path = Sources;
			sourceTree = "<group>";
		};
		ECA99573145E56A3351AF717 /* Sources */ = {
			isa = PBXGroup;
			children = (
				B45652123E0CA11F6E795B37 /* OPeaceApp.swift */,
			);
			path = Sources;
			sourceTree = "<group>";
		};
/* End PBXGroup section */

/* Begin PBXNativeTarget section */
		3D1762135D1646391248A5C2 /* OPeaceUITests */ = {
			isa = PBXNativeTarget;
			buildConfigurationList = 9D025175A457481DAD21A47B /* Build configuration list for PBXNativeTarget "OPeaceUITests" */;
			buildPhases = (
				AFABBF75208DC3557149FE36 /* Sources */,
				17FB5F9FCF945092768B08EE /* Resources */,
				27A42CC6EEA4505A3EE28D2A /* Embed Frameworks */,
				E6E204D21777C509BC7AA126 /* Frameworks */,
			);
			buildRules = (
			);
			dependencies = (
				02E9F78FD4A5BFB272B320BF /* PBXTargetDependency */,
			);
			name = OPeaceUITests;
			productName = OPeaceUITests;
			productReference = C53D890D7A9AA0D523B886F9 /* OPeaceUITests.xctest */;
			productType = "com.apple.product-type.bundle.unit-test";
		};
		67D9F4592180F61529ADFF00 /* OPeace */ = {
			isa = PBXNativeTarget;
			buildConfigurationList = F714BB4E7DE9D14BEA1C38F3 /* Build configuration list for PBXNativeTarget "OPeace" */;
			buildPhases = (
				054282E714126E9F8FC4496C /* Sources */,
				7EFD441F7E714EF2EFD3B461 /* Resources */,
				FEE320E802BB2F086B64F038 /* Embed Frameworks */,
				4AF7A0FD4711282D611025AE /* Frameworks */,
			);
			buildRules = (
			);
			dependencies = (
				CD20BE37573F4F98C3F0D510 /* PBXTargetDependency */,
				B96C1B376D25B8B51389EF31 /* PBXTargetDependency */,
			);
			name = OPeace;
			productName = OPeace;
			productReference = A445C66880DC63E9958A59AA /* OPeace.app */;
			productType = "com.apple.product-type.application";
		};
		6CC7ED4DAD0D7D2F7ED625FE /* OPeaceKitTests */ = {
			isa = PBXNativeTarget;
			buildConfigurationList = 08F3F3B5CD2557900BA53DB5 /* Build configuration list for PBXNativeTarget "OPeaceKitTests" */;
			buildPhases = (
				D94E7B575B82CA37DFB34E66 /* Sources */,
				61F523628D47BF2591CDD575 /* Resources */,
				44EA821A850D7E45B6A61245 /* Embed Frameworks */,
				FF2D7096ADC6F6E21AC9A366 /* Frameworks */,
			);
			buildRules = (
			);
			dependencies = (
				76339191A729D688AD3CFF18 /* PBXTargetDependency */,
			);
			name = OPeaceKitTests;
			productName = OPeaceKitTests;
			productReference = 27BD7C802153E8E6E23CBFE0 /* OPeaceKitTests.xctest */;
			productType = "com.apple.product-type.bundle.unit-test";
		};
		9AD5BF79F77C9025DF343C0C /* OPeaceKit */ = {
			isa = PBXNativeTarget;
			buildConfigurationList = 2E5E73377D1F1979009EBB59 /* Build configuration list for PBXNativeTarget "OPeaceKit" */;
			buildPhases = (
				D6B6A814062DD17A2B478E48 /* Sources */,
				6BE3E41C473F5C38F4DDF124 /* Resources */,
				B84AC8BA86A42B2495E5B8EC /* Embed Frameworks */,
				6F310A9B388D97CC7F7EDD14 /* Frameworks */,
			);
			buildRules = (
			);
			dependencies = (
			);
			name = OPeaceKit;
			productName = OPeaceKit;
			productReference = 8783E8776BB2085EAAD09A51 /* OPeaceKit.framework */;
			productType = "com.apple.product-type.framework";
		};
		D846BAB7A4553FDE0C61B023 /* OPeaceTests */ = {
			isa = PBXNativeTarget;
			buildConfigurationList = 92890D5F5E8038EB2EFF0145 /* Build configuration list for PBXNativeTarget "OPeaceTests" */;
			buildPhases = (
				B13367AE440B0FA0D157DAA2 /* Sources */,
				7D4EBDEA4C0F6908A285D2D7 /* Resources */,
				1908BCD75735C25C506A6DE4 /* Embed Frameworks */,
				3F43FEA6251AC3A3E655C462 /* Frameworks */,
			);
			buildRules = (
			);
			dependencies = (
				BFE9C16E4F914690059DF2EB /* PBXTargetDependency */,
			);
			name = OPeaceTests;
			productName = OPeaceTests;
			productReference = DE77E1B0D4071D61EFEBAD16 /* OPeaceTests.xctest */;
			productType = "com.apple.product-type.bundle.unit-test";
		};
		FB7BB62D204879F6DFF941C1 /* OPeaceUI */ = {
			isa = PBXNativeTarget;
			buildConfigurationList = 0FBFA845CC9489A3A0D94BF6 /* Build configuration list for PBXNativeTarget "OPeaceUI" */;
			buildPhases = (
				22442350467139D60D773C97 /* Sources */,
				B7B436D6E3F8537564C66BB7 /* Resources */,
				870FF00598BFC3D2F999ED8B /* Embed Frameworks */,
				11ED1B13B7E8DE699D20CAD6 /* Frameworks */,
			);
			buildRules = (
			);
			dependencies = (
			);
			name = OPeaceUI;
			productName = OPeaceUI;
			productReference = 81D26C226D523E5755F577B3 /* OPeaceUI.framework */;
			productType = "com.apple.product-type.framework";
		};
/* End PBXNativeTarget section */

/* Begin PBXProject section */
		F18B04FFC6C052E50C5BAEEA /* Project object */ = {
			isa = PBXProject;
			attributes = {
				BuildIndependentTargetsInParallel = YES;
				ORGANIZATIONNAME = tuist.io;
				TargetAttributes = {
					D846BAB7A4553FDE0C61B023 = {
						TestTargetID = 67D9F4592180F61529ADFF00;
					};
				};
			};
			buildConfigurationList = 1A2A4F1F2A46751AF9CF4954 /* Build configuration list for PBXProject "OPeace" */;
			compatibilityVersion = "Xcode 14.0";
			developmentRegion = en;
			hasScannedForEncodings = 0;
			knownRegions = (
				Base,
				en,
			);
			mainGroup = 0FE37264563D3658DC5B8543;
			productRefGroup = 3F2247ADAAE2A17A5F1DF0E9 /* Products */;
			projectDirPath = "";
			projectRoot = "";
			targets = (
				67D9F4592180F61529ADFF00 /* OPeace */,
				D846BAB7A4553FDE0C61B023 /* OPeaceTests */,
				9AD5BF79F77C9025DF343C0C /* OPeaceKit */,
				6CC7ED4DAD0D7D2F7ED625FE /* OPeaceKitTests */,
				FB7BB62D204879F6DFF941C1 /* OPeaceUI */,
				3D1762135D1646391248A5C2 /* OPeaceUITests */,
			);
		};
/* End PBXProject section */

/* Begin PBXResourcesBuildPhase section */
		17FB5F9FCF945092768B08EE /* Resources */ = {
			isa = PBXResourcesBuildPhase;
			buildActionMask = 2147483647;
			files = (
			);
			runOnlyForDeploymentPostprocessing = 0;
		};
		61F523628D47BF2591CDD575 /* Resources */ = {
			isa = PBXResourcesBuildPhase;
			buildActionMask = 2147483647;
			files = (
			);
			runOnlyForDeploymentPostprocessing = 0;
		};
		6BE3E41C473F5C38F4DDF124 /* Resources */ = {
			isa = PBXResourcesBuildPhase;
			buildActionMask = 2147483647;
			files = (
			);
			runOnlyForDeploymentPostprocessing = 0;
		};
		7D4EBDEA4C0F6908A285D2D7 /* Resources */ = {
			isa = PBXResourcesBuildPhase;
			buildActionMask = 2147483647;
			files = (
			);
			runOnlyForDeploymentPostprocessing = 0;
		};
		7EFD441F7E714EF2EFD3B461 /* Resources */ = {
			isa = PBXResourcesBuildPhase;
			buildActionMask = 2147483647;
			files = (
				93A0862040F9E7AC3F8C41D3 /* Assets.xcassets in Resources */,
				12D8737022FF157FFC284259 /* Preview Assets.xcassets in Resources */,
			);
			runOnlyForDeploymentPostprocessing = 0;
		};
		B7B436D6E3F8537564C66BB7 /* Resources */ = {
			isa = PBXResourcesBuildPhase;
			buildActionMask = 2147483647;
			files = (
			);
			runOnlyForDeploymentPostprocessing = 0;
		};
/* End PBXResourcesBuildPhase section */

/* Begin PBXSourcesBuildPhase section */
		054282E714126E9F8FC4496C /* Sources */ = {
			isa = PBXSourcesBuildPhase;
			buildActionMask = 2147483647;
			files = (
				6755C7FCF356613C7F86D3D6 /* TuistAssets+OPeace.swift in Sources */,
				7D9BBA2B49EEFBDF4C3A1A7E /* TuistBundle+OPeace.swift in Sources */,
				F788CD0A9C8F03F66272AAB6 /* OPeaceApp.swift in Sources */,
			);
			runOnlyForDeploymentPostprocessing = 0;
		};
		22442350467139D60D773C97 /* Sources */ = {
			isa = PBXSourcesBuildPhase;
			buildActionMask = 2147483647;
			files = (
				DA7E2390CD198A4F05E02366 /* ContentView.swift in Sources */,
			);
			runOnlyForDeploymentPostprocessing = 0;
		};
		AFABBF75208DC3557149FE36 /* Sources */ = {
			isa = PBXSourcesBuildPhase;
			buildActionMask = 2147483647;
			files = (
				BB650A8701C1A7D44366C1B6 /* OPeaceUITests.swift in Sources */,
			);
			runOnlyForDeploymentPostprocessing = 0;
		};
		B13367AE440B0FA0D157DAA2 /* Sources */ = {
			isa = PBXSourcesBuildPhase;
			buildActionMask = 2147483647;
			files = (
				89BC7128ED681154BACEB2DC /* OPeaceTests.swift in Sources */,
			);
			runOnlyForDeploymentPostprocessing = 0;
		};
		D6B6A814062DD17A2B478E48 /* Sources */ = {
			isa = PBXSourcesBuildPhase;
			buildActionMask = 2147483647;
			files = (
				0718EA134ADAAD5D18951336 /* OPeaceKit.swift in Sources */,
			);
			runOnlyForDeploymentPostprocessing = 0;
		};
		D94E7B575B82CA37DFB34E66 /* Sources */ = {
			isa = PBXSourcesBuildPhase;
			buildActionMask = 2147483647;
			files = (
				DF821065120F9188E7E03E46 /* OPeaceKitTests.swift in Sources */,
			);
			runOnlyForDeploymentPostprocessing = 0;
		};
/* End PBXSourcesBuildPhase section */

/* Begin PBXTargetDependency section */
		02E9F78FD4A5BFB272B320BF /* PBXTargetDependency */ = {
			isa = PBXTargetDependency;
			name = OPeaceUI;
			target = FB7BB62D204879F6DFF941C1 /* OPeaceUI */;
			targetProxy = 8F3FD9213D887E8EE83AA966 /* PBXContainerItemProxy */;
		};
		76339191A729D688AD3CFF18 /* PBXTargetDependency */ = {
			isa = PBXTargetDependency;
			name = OPeaceKit;
			target = 9AD5BF79F77C9025DF343C0C /* OPeaceKit */;
			targetProxy = 1F7F46426C146698DDB3A0BE /* PBXContainerItemProxy */;
		};
		B96C1B376D25B8B51389EF31 /* PBXTargetDependency */ = {
			isa = PBXTargetDependency;
			name = OPeaceUI;
			target = FB7BB62D204879F6DFF941C1 /* OPeaceUI */;
			targetProxy = 19DB080667E69ED4815C6738 /* PBXContainerItemProxy */;
		};
		BFE9C16E4F914690059DF2EB /* PBXTargetDependency */ = {
			isa = PBXTargetDependency;
			name = OPeace;
			target = 67D9F4592180F61529ADFF00 /* OPeace */;
			targetProxy = DDDB7D913FADE1134B368A91 /* PBXContainerItemProxy */;
		};
		CD20BE37573F4F98C3F0D510 /* PBXTargetDependency */ = {
			isa = PBXTargetDependency;
			name = OPeaceKit;
			target = 9AD5BF79F77C9025DF343C0C /* OPeaceKit */;
			targetProxy = D4BEDD17433843E50A2792A2 /* PBXContainerItemProxy */;
		};
/* End PBXTargetDependency section */

/* Begin XCBuildConfiguration section */
		0B909A0CDF64C77E8847BD8D /* Debug */ = {
			isa = XCBuildConfiguration;
			buildSettings = {
				CODE_SIGN_IDENTITY = "iPhone Developer";
				INFOPLIST_FILE = "Derived/InfoPlists/OPeaceUITests-Info.plist";
				LD_RUNPATH_SEARCH_PATHS = (
					"$(inherited)",
					"@executable_path/Frameworks",
					"@loader_path/Frameworks",
				);
				PRODUCT_BUNDLE_IDENTIFIER = io.tuist.OPeaceUITests;
				PRODUCT_NAME = OPeaceUITests;
				SDKROOT = iphoneos;
				SUPPORTS_MACCATALYST = NO;
				SUPPORTS_MAC_DESIGNED_FOR_IPHONE_IPAD = YES;
				SUPPORTS_XR_DESIGNED_FOR_IPHONE_IPAD = NO;
				SWIFT_ACTIVE_COMPILATION_CONDITIONS = DEBUG;
				SWIFT_COMPILATION_MODE = singlefile;
				SWIFT_OPTIMIZATION_LEVEL = "-Onone";
				SWIFT_VERSION = 5.0;
				TARGETED_DEVICE_FAMILY = "1,2";
			};
			name = Debug;
		};
		2E104F5D8F2CB71968536A83 /* Release */ = {
			isa = XCBuildConfiguration;
			buildSettings = {
				BUNDLE_LOADER = "$(TEST_HOST)";
				CODE_SIGN_IDENTITY = "iPhone Developer";
				INFOPLIST_FILE = "Derived/InfoPlists/OPeaceTests-Info.plist";
				LD_RUNPATH_SEARCH_PATHS = (
					"$(inherited)",
					"@executable_path/Frameworks",
					"@loader_path/Frameworks",
				);
				PRODUCT_BUNDLE_IDENTIFIER = io.tuist.OPeaceTests;
				PRODUCT_NAME = OPeaceTests;
				SDKROOT = iphoneos;
				SUPPORTS_MACCATALYST = NO;
				SUPPORTS_MAC_DESIGNED_FOR_IPHONE_IPAD = YES;
				SUPPORTS_XR_DESIGNED_FOR_IPHONE_IPAD = NO;
				SWIFT_COMPILATION_MODE = wholemodule;
				SWIFT_OPTIMIZATION_LEVEL = "-Owholemodule";
				SWIFT_VERSION = 5.0;
				TARGETED_DEVICE_FAMILY = "1,2";
				TEST_HOST = "$(BUILT_PRODUCTS_DIR)/OPeace.app/$(BUNDLE_EXECUTABLE_FOLDER_PATH)/OPeace";
				TEST_TARGET_NAME = OPeace;
			};
			name = Release;
		};
		653EAA527A224222913F96F2 /* Debug */ = {
			isa = XCBuildConfiguration;
			buildSettings = {
				CODE_SIGN_IDENTITY = "";
				CURRENT_PROJECT_VERSION = 1;
				DEFINES_MODULE = YES;
				DYLIB_COMPATIBILITY_VERSION = 1;
				DYLIB_CURRENT_VERSION = 1;
				DYLIB_INSTALL_NAME_BASE = "@rpath";
				INFOPLIST_FILE = "Derived/InfoPlists/OPeaceKit-Info.plist";
				INSTALL_PATH = "$(LOCAL_LIBRARY_DIR)/Frameworks";
				LD_RUNPATH_SEARCH_PATHS = (
					"$(inherited)",
					"@executable_path/Frameworks",
					"@loader_path/Frameworks",
				);
				PRODUCT_BUNDLE_IDENTIFIER = io.tuist.OPeaceKit;
				PRODUCT_NAME = OPeaceKit;
				SDKROOT = iphoneos;
				SKIP_INSTALL = YES;
				SUPPORTS_MACCATALYST = NO;
				SUPPORTS_MAC_DESIGNED_FOR_IPHONE_IPAD = YES;
				SUPPORTS_XR_DESIGNED_FOR_IPHONE_IPAD = NO;
				SWIFT_ACTIVE_COMPILATION_CONDITIONS = DEBUG;
				SWIFT_COMPILATION_MODE = singlefile;
				SWIFT_OPTIMIZATION_LEVEL = "-Onone";
				SWIFT_VERSION = 5.0;
				TARGETED_DEVICE_FAMILY = "1,2";
				VERSIONING_SYSTEM = "apple-generic";
				VERSION_INFO_PREFIX = "";
			};
			name = Debug;
		};
		6960D9B19382148B92DEB9C7 /* Release */ = {
			isa = XCBuildConfiguration;
			buildSettings = {
				CODE_SIGN_IDENTITY = "";
				CURRENT_PROJECT_VERSION = 1;
				DEFINES_MODULE = YES;
				DYLIB_COMPATIBILITY_VERSION = 1;
				DYLIB_CURRENT_VERSION = 1;
				DYLIB_INSTALL_NAME_BASE = "@rpath";
				INFOPLIST_FILE = "Derived/InfoPlists/OPeaceKit-Info.plist";
				INSTALL_PATH = "$(LOCAL_LIBRARY_DIR)/Frameworks";
				LD_RUNPATH_SEARCH_PATHS = (
					"$(inherited)",
					"@executable_path/Frameworks",
					"@loader_path/Frameworks",
				);
				PRODUCT_BUNDLE_IDENTIFIER = io.tuist.OPeaceKit;
				PRODUCT_NAME = OPeaceKit;
				SDKROOT = iphoneos;
				SKIP_INSTALL = YES;
				SUPPORTS_MACCATALYST = NO;
				SUPPORTS_MAC_DESIGNED_FOR_IPHONE_IPAD = YES;
				SUPPORTS_XR_DESIGNED_FOR_IPHONE_IPAD = NO;
				SWIFT_COMPILATION_MODE = wholemodule;
				SWIFT_OPTIMIZATION_LEVEL = "-Owholemodule";
				SWIFT_VERSION = 5.0;
				TARGETED_DEVICE_FAMILY = "1,2";
				VERSIONING_SYSTEM = "apple-generic";
				VERSION_INFO_PREFIX = "";
			};
			name = Release;
		};
		991BB080E4A77206DC10195F /* Debug */ = {
			isa = XCBuildConfiguration;
			buildSettings = {
				BUNDLE_LOADER = "$(TEST_HOST)";
				CODE_SIGN_IDENTITY = "iPhone Developer";
				INFOPLIST_FILE = "Derived/InfoPlists/OPeaceTests-Info.plist";
				LD_RUNPATH_SEARCH_PATHS = (
					"$(inherited)",
					"@executable_path/Frameworks",
					"@loader_path/Frameworks",
				);
				PRODUCT_BUNDLE_IDENTIFIER = io.tuist.OPeaceTests;
				PRODUCT_NAME = OPeaceTests;
				SDKROOT = iphoneos;
				SUPPORTS_MACCATALYST = NO;
				SUPPORTS_MAC_DESIGNED_FOR_IPHONE_IPAD = YES;
				SUPPORTS_XR_DESIGNED_FOR_IPHONE_IPAD = NO;
				SWIFT_ACTIVE_COMPILATION_CONDITIONS = DEBUG;
				SWIFT_COMPILATION_MODE = singlefile;
				SWIFT_OPTIMIZATION_LEVEL = "-Onone";
				SWIFT_VERSION = 5.0;
				TARGETED_DEVICE_FAMILY = "1,2";
				TEST_HOST = "$(BUILT_PRODUCTS_DIR)/OPeace.app/$(BUNDLE_EXECUTABLE_FOLDER_PATH)/OPeace";
				TEST_TARGET_NAME = OPeace;
			};
			name = Debug;
		};
		9E4E9D89C6349230CAC3F0DB /* Debug */ = {
			isa = XCBuildConfiguration;
			buildSettings = {
				CODE_SIGN_IDENTITY = "iPhone Developer";
				INFOPLIST_FILE = "Derived/InfoPlists/OPeaceKitTests-Info.plist";
				LD_RUNPATH_SEARCH_PATHS = (
					"$(inherited)",
					"@executable_path/Frameworks",
					"@loader_path/Frameworks",
				);
				PRODUCT_BUNDLE_IDENTIFIER = io.tuist.OPeaceKitTests;
				PRODUCT_NAME = OPeaceKitTests;
				SDKROOT = iphoneos;
				SUPPORTS_MACCATALYST = NO;
				SUPPORTS_MAC_DESIGNED_FOR_IPHONE_IPAD = YES;
				SUPPORTS_XR_DESIGNED_FOR_IPHONE_IPAD = NO;
				SWIFT_ACTIVE_COMPILATION_CONDITIONS = DEBUG;
				SWIFT_COMPILATION_MODE = singlefile;
				SWIFT_OPTIMIZATION_LEVEL = "-Onone";
				SWIFT_VERSION = 5.0;
				TARGETED_DEVICE_FAMILY = "1,2";
			};
			name = Debug;
		};
		ADA65AD47B10600E7D8DBC1B /* Release */ = {
			isa = XCBuildConfiguration;
			buildSettings = {
				ASSETCATALOG_COMPILER_APPICON_NAME = AppIcon;
				CODE_SIGN_IDENTITY = "iPhone Developer";
				ENABLE_PREVIEWS = YES;
				INFOPLIST_FILE = "Derived/InfoPlists/OPeace-Info.plist";
				LD_RUNPATH_SEARCH_PATHS = (
					"$(inherited)",
					"@executable_path/Frameworks",
				);
				PRODUCT_BUNDLE_IDENTIFIER = io.tuist.OPeace;
				PRODUCT_NAME = OPeace;
				SDKROOT = iphoneos;
				SUPPORTS_MACCATALYST = NO;
				SUPPORTS_MAC_DESIGNED_FOR_IPHONE_IPAD = YES;
				SUPPORTS_XR_DESIGNED_FOR_IPHONE_IPAD = NO;
				SWIFT_COMPILATION_MODE = wholemodule;
				SWIFT_OPTIMIZATION_LEVEL = "-Owholemodule";
				SWIFT_VERSION = 5.0;
				TARGETED_DEVICE_FAMILY = "1,2";
			};
			name = Release;
		};
		B1D2835072CE24A5F44DF03A /* Debug */ = {
			isa = XCBuildConfiguration;
			buildSettings = {
				ASSETCATALOG_COMPILER_APPICON_NAME = AppIcon;
				CODE_SIGN_IDENTITY = "iPhone Developer";
				ENABLE_PREVIEWS = YES;
				INFOPLIST_FILE = "Derived/InfoPlists/OPeace-Info.plist";
				LD_RUNPATH_SEARCH_PATHS = (
					"$(inherited)",
					"@executable_path/Frameworks",
				);
				PRODUCT_BUNDLE_IDENTIFIER = io.tuist.OPeace;
				PRODUCT_NAME = OPeace;
				SDKROOT = iphoneos;
				SUPPORTS_MACCATALYST = NO;
				SUPPORTS_MAC_DESIGNED_FOR_IPHONE_IPAD = YES;
				SUPPORTS_XR_DESIGNED_FOR_IPHONE_IPAD = NO;
				SWIFT_ACTIVE_COMPILATION_CONDITIONS = DEBUG;
				SWIFT_COMPILATION_MODE = singlefile;
				SWIFT_OPTIMIZATION_LEVEL = "-Onone";
				SWIFT_VERSION = 5.0;
				TARGETED_DEVICE_FAMILY = "1,2";
			};
			name = Debug;
		};
		C12300F72FBE56ACCA9A9CE1 /* Release */ = {
			isa = XCBuildConfiguration;
			buildSettings = {
				CODE_SIGN_IDENTITY = "iPhone Developer";
				INFOPLIST_FILE = "Derived/InfoPlists/OPeaceKitTests-Info.plist";
				LD_RUNPATH_SEARCH_PATHS = (
					"$(inherited)",
					"@executable_path/Frameworks",
					"@loader_path/Frameworks",
				);
				PRODUCT_BUNDLE_IDENTIFIER = io.tuist.OPeaceKitTests;
				PRODUCT_NAME = OPeaceKitTests;
				SDKROOT = iphoneos;
				SUPPORTS_MACCATALYST = NO;
				SUPPORTS_MAC_DESIGNED_FOR_IPHONE_IPAD = YES;
				SUPPORTS_XR_DESIGNED_FOR_IPHONE_IPAD = NO;
				SWIFT_COMPILATION_MODE = wholemodule;
				SWIFT_OPTIMIZATION_LEVEL = "-Owholemodule";
				SWIFT_VERSION = 5.0;
				TARGETED_DEVICE_FAMILY = "1,2";
			};
			name = Release;
		};
		D24AB0DCAA8BBE5D43EE724E /* Debug */ = {
			isa = XCBuildConfiguration;
			buildSettings = {
				CODE_SIGN_IDENTITY = "";
				CURRENT_PROJECT_VERSION = 1;
				DEFINES_MODULE = YES;
				DYLIB_COMPATIBILITY_VERSION = 1;
				DYLIB_CURRENT_VERSION = 1;
				DYLIB_INSTALL_NAME_BASE = "@rpath";
				INFOPLIST_FILE = "Derived/InfoPlists/OPeaceUI-Info.plist";
				INSTALL_PATH = "$(LOCAL_LIBRARY_DIR)/Frameworks";
				LD_RUNPATH_SEARCH_PATHS = (
					"$(inherited)",
					"@executable_path/Frameworks",
					"@loader_path/Frameworks",
				);
				PRODUCT_BUNDLE_IDENTIFIER = io.tuist.OPeaceUI;
				PRODUCT_NAME = OPeaceUI;
				SDKROOT = iphoneos;
				SKIP_INSTALL = YES;
				SUPPORTS_MACCATALYST = NO;
				SUPPORTS_MAC_DESIGNED_FOR_IPHONE_IPAD = YES;
				SUPPORTS_XR_DESIGNED_FOR_IPHONE_IPAD = NO;
				SWIFT_ACTIVE_COMPILATION_CONDITIONS = DEBUG;
				SWIFT_COMPILATION_MODE = singlefile;
				SWIFT_OPTIMIZATION_LEVEL = "-Onone";
				SWIFT_VERSION = 5.0;
				TARGETED_DEVICE_FAMILY = "1,2";
				VERSIONING_SYSTEM = "apple-generic";
				VERSION_INFO_PREFIX = "";
			};
			name = Debug;
		};
		DCFA95A84416FE42213ACABE /* Release */ = {
			isa = XCBuildConfiguration;
			buildSettings = {
				CODE_SIGN_IDENTITY = "iPhone Developer";
				INFOPLIST_FILE = "Derived/InfoPlists/OPeaceUITests-Info.plist";
				LD_RUNPATH_SEARCH_PATHS = (
					"$(inherited)",
					"@executable_path/Frameworks",
					"@loader_path/Frameworks",
				);
				PRODUCT_BUNDLE_IDENTIFIER = io.tuist.OPeaceUITests;
				PRODUCT_NAME = OPeaceUITests;
				SDKROOT = iphoneos;
				SUPPORTS_MACCATALYST = NO;
				SUPPORTS_MAC_DESIGNED_FOR_IPHONE_IPAD = YES;
				SUPPORTS_XR_DESIGNED_FOR_IPHONE_IPAD = NO;
				SWIFT_COMPILATION_MODE = wholemodule;
				SWIFT_OPTIMIZATION_LEVEL = "-Owholemodule";
				SWIFT_VERSION = 5.0;
				TARGETED_DEVICE_FAMILY = "1,2";
			};
			name = Release;
		};
		E5BAB150EB074D3A5BDA86B8 /* Release */ = {
			isa = XCBuildConfiguration;
			buildSettings = {
				ALWAYS_SEARCH_USER_PATHS = NO;
				CLANG_ANALYZER_LOCALIZABILITY_NONLOCALIZED = YES;
				CLANG_ANALYZER_NONNULL = YES;
				CLANG_ANALYZER_NUMBER_OBJECT_CONVERSION = YES_AGGRESSIVE;
				CLANG_CXX_LANGUAGE_STANDARD = "gnu++14";
				CLANG_CXX_LIBRARY = "libc++";
				CLANG_ENABLE_MODULES = YES;
				CLANG_ENABLE_OBJC_ARC = YES;
				CLANG_ENABLE_OBJC_WEAK = YES;
				CLANG_WARN_BLOCK_CAPTURE_AUTORELEASING = YES;
				CLANG_WARN_BOOL_CONVERSION = YES;
				CLANG_WARN_COMMA = YES;
				CLANG_WARN_CONSTANT_CONVERSION = YES;
				CLANG_WARN_DEPRECATED_OBJC_IMPLEMENTATIONS = YES;
				CLANG_WARN_DIRECT_OBJC_ISA_USAGE = YES_ERROR;
				CLANG_WARN_DOCUMENTATION_COMMENTS = YES;
				CLANG_WARN_EMPTY_BODY = YES;
				CLANG_WARN_ENUM_CONVERSION = YES;
				CLANG_WARN_INFINITE_RECURSION = YES;
				CLANG_WARN_INT_CONVERSION = YES;
				CLANG_WARN_NON_LITERAL_NULL_CONVERSION = YES;
				CLANG_WARN_OBJC_IMPLICIT_RETAIN_SELF = YES;
				CLANG_WARN_OBJC_LITERAL_CONVERSION = YES;
				CLANG_WARN_OBJC_ROOT_CLASS = YES_ERROR;
				CLANG_WARN_QUOTED_INCLUDE_IN_FRAMEWORK_HEADER = YES;
				CLANG_WARN_RANGE_LOOP_ANALYSIS = YES;
				CLANG_WARN_STRICT_PROTOTYPES = YES;
				CLANG_WARN_SUSPICIOUS_MOVE = YES;
				CLANG_WARN_UNGUARDED_AVAILABILITY = YES_AGGRESSIVE;
				CLANG_WARN_UNREACHABLE_CODE = YES;
				CLANG_WARN__DUPLICATE_METHOD_MATCH = YES;
				COPY_PHASE_STRIP = NO;
				DEAD_CODE_STRIPPING = YES;
				DEBUG_INFORMATION_FORMAT = "dwarf-with-dsym";
				ENABLE_NS_ASSERTIONS = NO;
				ENABLE_STRICT_OBJC_MSGSEND = YES;
				GCC_C_LANGUAGE_STANDARD = gnu11;
				GCC_NO_COMMON_BLOCKS = YES;
				GCC_WARN_64_TO_32_BIT_CONVERSION = YES;
				GCC_WARN_ABOUT_RETURN_TYPE = YES_ERROR;
				GCC_WARN_UNDECLARED_SELECTOR = YES;
				GCC_WARN_UNINITIALIZED_AUTOS = YES_AGGRESSIVE;
				GCC_WARN_UNUSED_FUNCTION = YES;
				GCC_WARN_UNUSED_VARIABLE = YES;
				MTL_ENABLE_DEBUG_INFO = NO;
				PRODUCT_NAME = "$(TARGET_NAME)";
				VALIDATE_PRODUCT = YES;
			};
			name = Release;
		};
		EFD2DFEFC4410AD36969A154 /* Debug */ = {
			isa = XCBuildConfiguration;
			buildSettings = {
				ALWAYS_SEARCH_USER_PATHS = NO;
				CLANG_ANALYZER_LOCALIZABILITY_NONLOCALIZED = YES;
				CLANG_ANALYZER_NONNULL = YES;
				CLANG_ANALYZER_NUMBER_OBJECT_CONVERSION = YES_AGGRESSIVE;
				CLANG_CXX_LANGUAGE_STANDARD = "gnu++14";
				CLANG_CXX_LIBRARY = "libc++";
				CLANG_ENABLE_MODULES = YES;
				CLANG_ENABLE_OBJC_ARC = YES;
				CLANG_ENABLE_OBJC_WEAK = YES;
				CLANG_WARN_BLOCK_CAPTURE_AUTORELEASING = YES;
				CLANG_WARN_BOOL_CONVERSION = YES;
				CLANG_WARN_COMMA = YES;
				CLANG_WARN_CONSTANT_CONVERSION = YES;
				CLANG_WARN_DEPRECATED_OBJC_IMPLEMENTATIONS = YES;
				CLANG_WARN_DIRECT_OBJC_ISA_USAGE = YES_ERROR;
				CLANG_WARN_DOCUMENTATION_COMMENTS = YES;
				CLANG_WARN_EMPTY_BODY = YES;
				CLANG_WARN_ENUM_CONVERSION = YES;
				CLANG_WARN_INFINITE_RECURSION = YES;
				CLANG_WARN_INT_CONVERSION = YES;
				CLANG_WARN_NON_LITERAL_NULL_CONVERSION = YES;
				CLANG_WARN_OBJC_IMPLICIT_RETAIN_SELF = YES;
				CLANG_WARN_OBJC_LITERAL_CONVERSION = YES;
				CLANG_WARN_OBJC_ROOT_CLASS = YES_ERROR;
				CLANG_WARN_QUOTED_INCLUDE_IN_FRAMEWORK_HEADER = YES;
				CLANG_WARN_RANGE_LOOP_ANALYSIS = YES;
				CLANG_WARN_STRICT_PROTOTYPES = YES;
				CLANG_WARN_SUSPICIOUS_MOVE = YES;
				CLANG_WARN_UNGUARDED_AVAILABILITY = YES_AGGRESSIVE;
				CLANG_WARN_UNREACHABLE_CODE = YES;
				CLANG_WARN__DUPLICATE_METHOD_MATCH = YES;
				COPY_PHASE_STRIP = NO;
				DEAD_CODE_STRIPPING = YES;
				DEBUG_INFORMATION_FORMAT = dwarf;
				ENABLE_STRICT_OBJC_MSGSEND = YES;
				ENABLE_TESTABILITY = YES;
				GCC_C_LANGUAGE_STANDARD = gnu11;
				GCC_DYNAMIC_NO_PIC = NO;
				GCC_NO_COMMON_BLOCKS = YES;
				GCC_OPTIMIZATION_LEVEL = 0;
				GCC_PREPROCESSOR_DEFINITIONS = (
					"DEBUG=1",
					"$(inherited)",
				);
				GCC_WARN_64_TO_32_BIT_CONVERSION = YES;
				GCC_WARN_ABOUT_RETURN_TYPE = YES_ERROR;
				GCC_WARN_UNDECLARED_SELECTOR = YES;
				GCC_WARN_UNINITIALIZED_AUTOS = YES_AGGRESSIVE;
				GCC_WARN_UNUSED_FUNCTION = YES;
				GCC_WARN_UNUSED_VARIABLE = YES;
				MTL_ENABLE_DEBUG_INFO = YES;
				ONLY_ACTIVE_ARCH = YES;
				PRODUCT_NAME = "$(TARGET_NAME)";
			};
			name = Debug;
		};
		F5C8F96D32DE38C7638CDFDD /* Release */ = {
			isa = XCBuildConfiguration;
			buildSettings = {
				CODE_SIGN_IDENTITY = "";
				CURRENT_PROJECT_VERSION = 1;
				DEFINES_MODULE = YES;
				DYLIB_COMPATIBILITY_VERSION = 1;
				DYLIB_CURRENT_VERSION = 1;
				DYLIB_INSTALL_NAME_BASE = "@rpath";
				INFOPLIST_FILE = "Derived/InfoPlists/OPeaceUI-Info.plist";
				INSTALL_PATH = "$(LOCAL_LIBRARY_DIR)/Frameworks";
				LD_RUNPATH_SEARCH_PATHS = (
					"$(inherited)",
					"@executable_path/Frameworks",
					"@loader_path/Frameworks",
				);
				PRODUCT_BUNDLE_IDENTIFIER = io.tuist.OPeaceUI;
				PRODUCT_NAME = OPeaceUI;
				SDKROOT = iphoneos;
				SKIP_INSTALL = YES;
				SUPPORTS_MACCATALYST = NO;
				SUPPORTS_MAC_DESIGNED_FOR_IPHONE_IPAD = YES;
				SUPPORTS_XR_DESIGNED_FOR_IPHONE_IPAD = NO;
				SWIFT_COMPILATION_MODE = wholemodule;
				SWIFT_OPTIMIZATION_LEVEL = "-Owholemodule";
				SWIFT_VERSION = 5.0;
				TARGETED_DEVICE_FAMILY = "1,2";
				VERSIONING_SYSTEM = "apple-generic";
				VERSION_INFO_PREFIX = "";
			};
			name = Release;
		};
/* End XCBuildConfiguration section */

/* Begin XCConfigurationList section */
		08F3F3B5CD2557900BA53DB5 /* Build configuration list for PBXNativeTarget "OPeaceKitTests" */ = {
			isa = XCConfigurationList;
			buildConfigurations = (
				9E4E9D89C6349230CAC3F0DB /* Debug */,
				C12300F72FBE56ACCA9A9CE1 /* Release */,
			);
			defaultConfigurationIsVisible = 0;
			defaultConfigurationName = Release;
		};
		0FBFA845CC9489A3A0D94BF6 /* Build configuration list for PBXNativeTarget "OPeaceUI" */ = {
			isa = XCConfigurationList;
			buildConfigurations = (
				D24AB0DCAA8BBE5D43EE724E /* Debug */,
				F5C8F96D32DE38C7638CDFDD /* Release */,
			);
			defaultConfigurationIsVisible = 0;
			defaultConfigurationName = Release;
		};
		1A2A4F1F2A46751AF9CF4954 /* Build configuration list for PBXProject "OPeace" */ = {
			isa = XCConfigurationList;
			buildConfigurations = (
				EFD2DFEFC4410AD36969A154 /* Debug */,
				E5BAB150EB074D3A5BDA86B8 /* Release */,
			);
			defaultConfigurationIsVisible = 0;
			defaultConfigurationName = Release;
		};
		2E5E73377D1F1979009EBB59 /* Build configuration list for PBXNativeTarget "OPeaceKit" */ = {
			isa = XCConfigurationList;
			buildConfigurations = (
				653EAA527A224222913F96F2 /* Debug */,
				6960D9B19382148B92DEB9C7 /* Release */,
			);
			defaultConfigurationIsVisible = 0;
			defaultConfigurationName = Release;
		};
		92890D5F5E8038EB2EFF0145 /* Build configuration list for PBXNativeTarget "OPeaceTests" */ = {
			isa = XCConfigurationList;
			buildConfigurations = (
				991BB080E4A77206DC10195F /* Debug */,
				2E104F5D8F2CB71968536A83 /* Release */,
			);
			defaultConfigurationIsVisible = 0;
			defaultConfigurationName = Release;
		};
		9D025175A457481DAD21A47B /* Build configuration list for PBXNativeTarget "OPeaceUITests" */ = {
			isa = XCConfigurationList;
			buildConfigurations = (
				0B909A0CDF64C77E8847BD8D /* Debug */,
				DCFA95A84416FE42213ACABE /* Release */,
			);
			defaultConfigurationIsVisible = 0;
			defaultConfigurationName = Release;
		};
		F714BB4E7DE9D14BEA1C38F3 /* Build configuration list for PBXNativeTarget "OPeace" */ = {
			isa = XCConfigurationList;
			buildConfigurations = (
				B1D2835072CE24A5F44DF03A /* Debug */,
				ADA65AD47B10600E7D8DBC1B /* Release */,
			);
			defaultConfigurationIsVisible = 0;
			defaultConfigurationName = Release;
		};
/* End XCConfigurationList section */
	};
	rootObject = F18B04FFC6C052E50C5BAEEA /* Project object */;
}
