<?xml version="1.0" encoding="UTF-8"?>
<Scheme
   LastUpgradeVersion = "1010"
   version = "1.3">
   <BuildAction
      parallelizeBuildables = "YES"
      buildImplicitDependencies = "YES">
      <BuildActionEntries>
         <BuildActionEntry
            buildForTesting = "YES"
            buildForRunning = "YES"
            buildForProfiling = "YES"
            buildForArchiving = "YES"
            buildForAnalyzing = "YES">
            <BuildableReference
               BuildableIdentifier = "primary"
               BlueprintIdentifier = "2A717419231F3C0B8A3E0F06"
               BuildableName = "Alamofire.framework"
               BlueprintName = "Alamofire"
               ReferencedContainer = "container:Tuist/Dependencies/SwiftPackageManager/.build/checkouts/Alamofire/Alamofire.xcodeproj">
            </BuildableReference>
         </BuildActionEntry>
         <BuildActionEntry
            buildForTesting = "YES"
            buildForRunning = "YES"
            buildForProfiling = "YES"
            buildForArchiving = "YES"
            buildForAnalyzing = "YES">
            <BuildableReference
               BuildableIdentifier = "primary"
               BlueprintIdentifier = "7CB5E98E45FAAF594F8A0F1E"
               BuildableName = "CasePaths.framework"
               BlueprintName = "CasePaths"
               ReferencedContainer = "container:Tuist/Dependencies/SwiftPackageManager/.build/checkouts/swift-case-paths/swift-case-paths.xcodeproj">
            </BuildableReference>
         </BuildActionEntry>
         <BuildActionEntry
            buildForTesting = "YES"
            buildForRunning = "YES"
            buildForProfiling = "YES"
            buildForArchiving = "YES"
            buildForAnalyzing = "YES">
            <BuildableReference
               BuildableIdentifier = "primary"
               BlueprintIdentifier = "A1DFC045089F7370FF821C6F"
               BuildableName = "Clocks.framework"
               BlueprintName = "Clocks"
               ReferencedContainer = "container:Tuist/Dependencies/SwiftPackageManager/.build/checkouts/swift-clocks/swift-clocks.xcodeproj">
            </BuildableReference>
         </BuildActionEntry>
         <BuildActionEntry
            buildForTesting = "YES"
            buildForRunning = "YES"
            buildForProfiling = "YES"
            buildForArchiving = "YES"
            buildForAnalyzing = "YES">
            <BuildableReference
               BuildableIdentifier = "primary"
               BlueprintIdentifier = "62E835EE2C76720CE1A57783"
               BuildableName = "CombineSchedulers.framework"
               BlueprintName = "CombineSchedulers"
               ReferencedContainer = "container:Tuist/Dependencies/SwiftPackageManager/.build/checkouts/combine-schedulers/combine-schedulers.xcodeproj">
            </BuildableReference>
         </BuildActionEntry>
         <BuildActionEntry
            buildForTesting = "YES"
            buildForRunning = "YES"
            buildForProfiling = "YES"
            buildForArchiving = "YES"
            buildForAnalyzing = "YES">
            <BuildableReference
               BuildableIdentifier = "primary"
               BlueprintIdentifier = "BC4117F08C3E566F28BA80F7"
               BuildableName = "ComposableArchitecture.framework"
               BlueprintName = "ComposableArchitecture"
               ReferencedContainer = "container:Tuist/Dependencies/SwiftPackageManager/.build/checkouts/swift-composable-architecture/swift-composable-architecture.xcodeproj">
            </BuildableReference>
         </BuildActionEntry>
         <BuildActionEntry
            buildForTesting = "YES"
            buildForRunning = "YES"
            buildForProfiling = "YES"
            buildForArchiving = "YES"
            buildForAnalyzing = "YES">
            <BuildableReference
               BuildableIdentifier = "primary"
               BlueprintIdentifier = "FB5353CF964F76EE56056930"
               BuildableName = "ConcurrencyExtras.framework"
               BlueprintName = "ConcurrencyExtras"
               ReferencedContainer = "container:Tuist/Dependencies/SwiftPackageManager/.build/checkouts/swift-concurrency-extras/swift-concurrency-extras.xcodeproj">
            </BuildableReference>
         </BuildActionEntry>
         <BuildActionEntry
            buildForTesting = "YES"
            buildForRunning = "YES"
            buildForProfiling = "YES"
            buildForArchiving = "YES"
            buildForAnalyzing = "YES">
            <BuildableReference
               BuildableIdentifier = "primary"
               BlueprintIdentifier = "B90FCF66245CD7327BEE2CBF"
               BuildableName = "Core.framework"
               BlueprintName = "Core"
               ReferencedContainer = "container:Projects/Core/Core.xcodeproj">
            </BuildableReference>
         </BuildActionEntry>
         <BuildActionEntry
            buildForTesting = "YES"
            buildForRunning = "YES"
            buildForProfiling = "YES"
            buildForArchiving = "YES"
            buildForAnalyzing = "YES">
            <BuildableReference
               BuildableIdentifier = "primary"
               BlueprintIdentifier = "C4EB40CCB5B5EBF61C4420A1"
               BuildableName = "Core_Dev.framework"
               BlueprintName = "Core-Dev"
               ReferencedContainer = "container:Projects/Core/Core.xcodeproj">
            </BuildableReference>
         </BuildActionEntry>
         <BuildActionEntry
            buildForTesting = "YES"
            buildForRunning = "YES"
            buildForProfiling = "YES"
            buildForArchiving = "YES"
            buildForAnalyzing = "YES">
            <BuildableReference
               BuildableIdentifier = "primary"
               BlueprintIdentifier = "73B1A2AD90A7970B7DB39CDC"
               BuildableName = "CoreTests.xctest"
               BlueprintName = "CoreTests"
               ReferencedContainer = "container:Projects/Core/Core.xcodeproj">
            </BuildableReference>
         </BuildActionEntry>
         <BuildActionEntry
            buildForTesting = "YES"
            buildForRunning = "YES"
            buildForProfiling = "YES"
            buildForArchiving = "YES"
            buildForAnalyzing = "YES">
            <BuildableReference
               BuildableIdentifier = "primary"
               BlueprintIdentifier = "5D71332DAEA508F122BB62C1"
               BuildableName = "CustomDump.framework"
               BlueprintName = "CustomDump"
               ReferencedContainer = "container:Tuist/Dependencies/SwiftPackageManager/.build/checkouts/swift-custom-dump/swift-custom-dump.xcodeproj">
            </BuildableReference>
         </BuildActionEntry>
         <BuildActionEntry
            buildForTesting = "YES"
            buildForRunning = "YES"
            buildForProfiling = "YES"
            buildForArchiving = "YES"
            buildForAnalyzing = "YES">
            <BuildableReference
               BuildableIdentifier = "primary"
               BlueprintIdentifier = "56E5E7D15D17320671D69B9C"
               BuildableName = "Dependencies.framework"
               BlueprintName = "Dependencies"
               ReferencedContainer = "container:Tuist/Dependencies/SwiftPackageManager/.build/checkouts/swift-dependencies/swift-dependencies.xcodeproj">
            </BuildableReference>
         </BuildActionEntry>
         <BuildActionEntry
            buildForTesting = "YES"
            buildForRunning = "YES"
            buildForProfiling = "YES"
            buildForArchiving = "YES"
            buildForAnalyzing = "YES">
            <BuildableReference
               BuildableIdentifier = "primary"
               BlueprintIdentifier = "E7F33AB21A26F4B64244D7FD"
               BuildableName = "DependenciesMacros.framework"
               BlueprintName = "DependenciesMacros"
               ReferencedContainer = "container:Tuist/Dependencies/SwiftPackageManager/.build/checkouts/swift-dependencies/swift-dependencies.xcodeproj">
            </BuildableReference>
         </BuildActionEntry>
         <BuildActionEntry
            buildForTesting = "YES"
            buildForRunning = "YES"
            buildForProfiling = "YES"
            buildForArchiving = "YES"
            buildForAnalyzing = "YES">
            <BuildableReference
               BuildableIdentifier = "primary"
               BlueprintIdentifier = "7593CE8B91B040D51DCF5B17"
               BuildableName = "DesignSystemKit.framework"
               BlueprintName = "DesignSystemKit"
               ReferencedContainer = "container:Projects/DesignSystemKit/DesignSystemKit.xcodeproj">
            </BuildableReference>
         </BuildActionEntry>
         <BuildActionEntry
            buildForTesting = "YES"
            buildForRunning = "YES"
            buildForProfiling = "YES"
            buildForArchiving = "YES"
            buildForAnalyzing = "YES">
            <BuildableReference
               BuildableIdentifier = "primary"
               BlueprintIdentifier = "DCCEA61F1F3708254BDE766C"
               BuildableName = "DesignSystemKit_Dev.framework"
               BlueprintName = "DesignSystemKit-Dev"
               ReferencedContainer = "container:Projects/DesignSystemKit/DesignSystemKit.xcodeproj">
            </BuildableReference>
         </BuildActionEntry>
         <BuildActionEntry
            buildForTesting = "YES"
            buildForRunning = "YES"
            buildForProfiling = "YES"
            buildForArchiving = "YES"
            buildForAnalyzing = "YES">
            <BuildableReference
               BuildableIdentifier = "primary"
               BlueprintIdentifier = "383BCBD60E169489A45282CF"
               BuildableName = "DesignSystemKitTests.xctest"
               BlueprintName = "DesignSystemKitTests"
               ReferencedContainer = "container:Projects/DesignSystemKit/DesignSystemKit.xcodeproj">
            </BuildableReference>
         </BuildActionEntry>
         <BuildActionEntry
            buildForTesting = "YES"
            buildForRunning = "YES"
            buildForProfiling = "YES"
            buildForArchiving = "YES"
            buildForAnalyzing = "YES">
            <BuildableReference
               BuildableIdentifier = "primary"
               BlueprintIdentifier = "EA8809FF53A4FD9CA5A268ED"
               BuildableName = "DesignSystemKit_DesignSystemKit.bundle"
               BlueprintName = "DesignSystemKit_DesignSystemKit"
               ReferencedContainer = "container:Projects/DesignSystemKit/DesignSystemKit.xcodeproj">
            </BuildableReference>
         </BuildActionEntry>
         <BuildActionEntry
            buildForTesting = "YES"
            buildForRunning = "YES"
            buildForProfiling = "YES"
            buildForArchiving = "YES"
            buildForAnalyzing = "YES">
            <BuildableReference
               BuildableIdentifier = "primary"
               BlueprintIdentifier = "A2352406717C1BFF3C76D756"
               BuildableName = "DesignSystemKit_DesignSystemKit_Dev.bundle"
               BlueprintName = "DesignSystemKit_DesignSystemKit-Dev"
               ReferencedContainer = "container:Projects/DesignSystemKit/DesignSystemKit.xcodeproj">
            </BuildableReference>
         </BuildActionEntry>
         <BuildActionEntry
            buildForTesting = "YES"
            buildForRunning = "YES"
            buildForProfiling = "YES"
            buildForArchiving = "YES"
            buildForAnalyzing = "YES">
            <BuildableReference
               BuildableIdentifier = "primary"
               BlueprintIdentifier = "C538ACB2975E6B55AFA02B19"
               BuildableName = "Domain.framework"
               BlueprintName = "Domain"
               ReferencedContainer = "container:Projects/Domain/Domain.xcodeproj">
            </BuildableReference>
         </BuildActionEntry>
         <BuildActionEntry
            buildForTesting = "YES"
            buildForRunning = "YES"
            buildForProfiling = "YES"
            buildForArchiving = "YES"
            buildForAnalyzing = "YES">
            <BuildableReference
               BuildableIdentifier = "primary"
               BlueprintIdentifier = "C544EEE993F1A1D0FF35B2E6"
               BuildableName = "Domain_Dev.framework"
               BlueprintName = "Domain-Dev"
               ReferencedContainer = "container:Projects/Domain/Domain.xcodeproj">
            </BuildableReference>
         </BuildActionEntry>
         <BuildActionEntry
            buildForTesting = "YES"
            buildForRunning = "YES"
            buildForProfiling = "YES"
            buildForArchiving = "YES"
            buildForAnalyzing = "YES">
            <BuildableReference
               BuildableIdentifier = "primary"
               BlueprintIdentifier = "7FBD2F22544C231784C1A4D5"
               BuildableName = "DomainTests.xctest"
               BlueprintName = "DomainTests"
               ReferencedContainer = "container:Projects/Domain/Domain.xcodeproj">
            </BuildableReference>
         </BuildActionEntry>
         <BuildActionEntry
            buildForTesting = "YES"
            buildForRunning = "YES"
            buildForProfiling = "YES"
            buildForArchiving = "YES"
            buildForAnalyzing = "YES">
            <BuildableReference
               BuildableIdentifier = "primary"
               BlueprintIdentifier = "889701595646A30881D30ED8"
               BuildableName = "Feature.framework"
               BlueprintName = "Feature"
               ReferencedContainer = "container:Projects/Feature/Feature.xcodeproj">
            </BuildableReference>
         </BuildActionEntry>
         <BuildActionEntry
            buildForTesting = "YES"
            buildForRunning = "YES"
            buildForProfiling = "YES"
            buildForArchiving = "YES"
            buildForAnalyzing = "YES">
            <BuildableReference
               BuildableIdentifier = "primary"
               BlueprintIdentifier = "05EE4F1083E4226E3D3D4F7D"
               BuildableName = "Feature_Dev.framework"
               BlueprintName = "Feature-Dev"
               ReferencedContainer = "container:Projects/Feature/Feature.xcodeproj">
            </BuildableReference>
         </BuildActionEntry>
         <BuildActionEntry
            buildForTesting = "YES"
            buildForRunning = "YES"
            buildForProfiling = "YES"
            buildForArchiving = "YES"
            buildForAnalyzing = "YES">
            <BuildableReference
               BuildableIdentifier = "primary"
               BlueprintIdentifier = "B80BEDE90B5E77851A6B8979"
               BuildableName = "FeatureTests.xctest"
               BlueprintName = "FeatureTests"
               ReferencedContainer = "container:Projects/Feature/Feature.xcodeproj">
            </BuildableReference>
         </BuildActionEntry>
         <BuildActionEntry
            buildForTesting = "YES"
            buildForRunning = "YES"
            buildForProfiling = "YES"
            buildForArchiving = "YES"
            buildForAnalyzing = "YES">
            <BuildableReference
               BuildableIdentifier = "primary"
               BlueprintIdentifier = "210AE3919E1578F6373794C3"
               BuildableName = "IdentifiedCollections.framework"
               BlueprintName = "IdentifiedCollections"
               ReferencedContainer = "container:Tuist/Dependencies/SwiftPackageManager/.build/checkouts/swift-identified-collections/swift-identified-collections.xcodeproj">
            </BuildableReference>
         </BuildActionEntry>
         <BuildActionEntry
            buildForTesting = "YES"
            buildForRunning = "YES"
            buildForProfiling = "YES"
            buildForArchiving = "YES"
            buildForAnalyzing = "YES">
            <BuildableReference
               BuildableIdentifier = "primary"
               BlueprintIdentifier = "A4DFF0D3EE507E4032CBEC48"
               BuildableName = "Moya.framework"
               BlueprintName = "Moya"
               ReferencedContainer = "container:Tuist/Dependencies/SwiftPackageManager/.build/checkouts/Moya/Moya.xcodeproj">
            </BuildableReference>
         </BuildActionEntry>
         <BuildActionEntry
            buildForTesting = "YES"
            buildForRunning = "YES"
            buildForProfiling = "YES"
            buildForArchiving = "YES"
            buildForAnalyzing = "YES">
            <BuildableReference
               BuildableIdentifier = "primary"
               BlueprintIdentifier = "A1AEBE67F28FC7607B2C411E"
               BuildableName = "Network.framework"
               BlueprintName = "Network"
               ReferencedContainer = "container:Projects/Network/Network.xcodeproj">
            </BuildableReference>
         </BuildActionEntry>
         <BuildActionEntry
            buildForTesting = "YES"
            buildForRunning = "YES"
            buildForProfiling = "YES"
            buildForArchiving = "YES"
            buildForAnalyzing = "YES">
            <BuildableReference
               BuildableIdentifier = "primary"
               BlueprintIdentifier = "7AE6213E0E299CD77935F3BF"
               BuildableName = "Network_Dev.framework"
               BlueprintName = "Network-Dev"
               ReferencedContainer = "container:Projects/Network/Network.xcodeproj">
            </BuildableReference>
         </BuildActionEntry>
         <BuildActionEntry
            buildForTesting = "YES"
            buildForRunning = "YES"
            buildForProfiling = "YES"
            buildForArchiving = "YES"
            buildForAnalyzing = "YES">
            <BuildableReference
               BuildableIdentifier = "primary"
               BlueprintIdentifier = "802E8B11362B1C5C00136DF4"
               BuildableName = "NetworkTests.xctest"
               BlueprintName = "NetworkTests"
               ReferencedContainer = "container:Projects/Network/Network.xcodeproj">
            </BuildableReference>
         </BuildActionEntry>
         <BuildActionEntry
            buildForTesting = "YES"
            buildForRunning = "YES"
            buildForProfiling = "YES"
            buildForArchiving = "YES"
            buildForAnalyzing = "YES">
            <BuildableReference
               BuildableIdentifier = "primary"
               BlueprintIdentifier = "67D9F4592180F61529ADFF00"
               BuildableName = "OPeace.app"
               BlueprintName = "OPeace"
               ReferencedContainer = "container:Projects/App/OPeace.xcodeproj">
            </BuildableReference>
         </BuildActionEntry>
         <BuildActionEntry
            buildForTesting = "YES"
            buildForRunning = "YES"
            buildForProfiling = "YES"
            buildForArchiving = "YES"
            buildForAnalyzing = "YES">
            <BuildableReference
               BuildableIdentifier = "primary"
               BlueprintIdentifier = "2F1E58DFE4272F4D92DF2D4D"
               BuildableName = "OPeace_Dev.app"
               BlueprintName = "OPeace-Dev"
               ReferencedContainer = "container:Projects/App/OPeace.xcodeproj">
            </BuildableReference>
         </BuildActionEntry>
         <BuildActionEntry
            buildForTesting = "YES"
            buildForRunning = "YES"
            buildForProfiling = "YES"
            buildForArchiving = "YES"
            buildForAnalyzing = "YES">
            <BuildableReference
               BuildableIdentifier = "primary"
               BlueprintIdentifier = "D846BAB7A4553FDE0C61B023"
               BuildableName = "OPeaceTests.xctest"
               BlueprintName = "OPeaceTests"
               ReferencedContainer = "container:Projects/App/OPeace.xcodeproj">
            </BuildableReference>
         </BuildActionEntry>
         <BuildActionEntry
            buildForTesting = "YES"
            buildForRunning = "YES"
            buildForProfiling = "YES"
            buildForArchiving = "YES"
            buildForAnalyzing = "YES">
            <BuildableReference
               BuildableIdentifier = "primary"
               BlueprintIdentifier = "E07053DCBDB7F16C14688195"
               BuildableName = "OrderedCollections.framework"
               BlueprintName = "OrderedCollections"
               ReferencedContainer = "container:Tuist/Dependencies/SwiftPackageManager/.build/checkouts/swift-collections/swift-collections.xcodeproj">
            </BuildableReference>
         </BuildActionEntry>
         <BuildActionEntry
            buildForTesting = "YES"
            buildForRunning = "YES"
            buildForProfiling = "YES"
            buildForArchiving = "YES"
            buildForAnalyzing = "YES">
            <BuildableReference
               BuildableIdentifier = "primary"
               BlueprintIdentifier = "D6DA10AB20EECEA15A6B4A75"
               BuildableName = "ShareKit.framework"
               BlueprintName = "ShareKit"
               ReferencedContainer = "container:Projects/ShareKit/ShareKit.xcodeproj">
            </BuildableReference>
         </BuildActionEntry>
         <BuildActionEntry
            buildForTesting = "YES"
            buildForRunning = "YES"
            buildForProfiling = "YES"
            buildForArchiving = "YES"
            buildForAnalyzing = "YES">
            <BuildableReference
               BuildableIdentifier = "primary"
               BlueprintIdentifier = "5486D186405667A4DD1654EC"
               BuildableName = "ShareKit_Dev.framework"
               BlueprintName = "ShareKit-Dev"
               ReferencedContainer = "container:Projects/ShareKit/ShareKit.xcodeproj">
            </BuildableReference>
         </BuildActionEntry>
         <BuildActionEntry
            buildForTesting = "YES"
            buildForRunning = "YES"
            buildForProfiling = "YES"
            buildForArchiving = "YES"
            buildForAnalyzing = "YES">
            <BuildableReference
               BuildableIdentifier = "primary"
               BlueprintIdentifier = "67A9550E691079AD4F0C5D1B"
               BuildableName = "ShareKitTests.xctest"
               BlueprintName = "ShareKitTests"
               ReferencedContainer = "container:Projects/ShareKit/ShareKit.xcodeproj">
            </BuildableReference>
         </BuildActionEntry>
         <BuildActionEntry
            buildForTesting = "YES"
            buildForRunning = "YES"
            buildForProfiling = "YES"
            buildForArchiving = "YES"
            buildForAnalyzing = "YES">
            <BuildableReference
               BuildableIdentifier = "primary"
               BlueprintIdentifier = "114FBD9E0C8A1E594FBAE26F"
               BuildableName = "SwiftBasicFormat.framework"
               BlueprintName = "SwiftBasicFormat"
               ReferencedContainer = "container:Tuist/Dependencies/SwiftPackageManager/.build/checkouts/swift-syntax/swift-syntax.xcodeproj">
            </BuildableReference>
         </BuildActionEntry>
         <BuildActionEntry
            buildForTesting = "YES"
            buildForRunning = "YES"
            buildForProfiling = "YES"
            buildForArchiving = "YES"
            buildForAnalyzing = "YES">
            <BuildableReference
               BuildableIdentifier = "primary"
               BlueprintIdentifier = "BAA2DFDEB950C2DAB26247A4"
               BuildableName = "SwiftCompilerPlugin.framework"
               BlueprintName = "SwiftCompilerPlugin"
               ReferencedContainer = "container:Tuist/Dependencies/SwiftPackageManager/.build/checkouts/swift-syntax/swift-syntax.xcodeproj">
            </BuildableReference>
         </BuildActionEntry>
         <BuildActionEntry
            buildForTesting = "YES"
            buildForRunning = "YES"
            buildForProfiling = "YES"
            buildForArchiving = "YES"
            buildForAnalyzing = "YES">
            <BuildableReference
               BuildableIdentifier = "primary"
               BlueprintIdentifier = "E93ACA4C8B15E51B05C2F61D"
               BuildableName = "SwiftCompilerPluginMessageHandling.framework"
               BlueprintName = "SwiftCompilerPluginMessageHandling"
               ReferencedContainer = "container:Tuist/Dependencies/SwiftPackageManager/.build/checkouts/swift-syntax/swift-syntax.xcodeproj">
            </BuildableReference>
         </BuildActionEntry>
         <BuildActionEntry
            buildForTesting = "YES"
            buildForRunning = "YES"
            buildForProfiling = "YES"
            buildForArchiving = "YES"
            buildForAnalyzing = "YES">
            <BuildableReference
               BuildableIdentifier = "primary"
               BlueprintIdentifier = "748FFC58591037186F21E4AF"
               BuildableName = "SwiftDiagnostics.framework"
               BlueprintName = "SwiftDiagnostics"
               ReferencedContainer = "container:Tuist/Dependencies/SwiftPackageManager/.build/checkouts/swift-syntax/swift-syntax.xcodeproj">
            </BuildableReference>
         </BuildActionEntry>
         <BuildActionEntry
            buildForTesting = "YES"
            buildForRunning = "YES"
            buildForProfiling = "YES"
            buildForArchiving = "YES"
            buildForAnalyzing = "YES">
            <BuildableReference
               BuildableIdentifier = "primary"
               BlueprintIdentifier = "B81054C7484CA28454D8B4CE"
               BuildableName = "SwiftOperators.framework"
               BlueprintName = "SwiftOperators"
               ReferencedContainer = "container:Tuist/Dependencies/SwiftPackageManager/.build/checkouts/swift-syntax/swift-syntax.xcodeproj">
            </BuildableReference>
         </BuildActionEntry>
         <BuildActionEntry
            buildForTesting = "YES"
            buildForRunning = "YES"
            buildForProfiling = "YES"
            buildForArchiving = "YES"
            buildForAnalyzing = "YES">
            <BuildableReference
               BuildableIdentifier = "primary"
               BlueprintIdentifier = "CB4CE5083ACF4EE5DCEA043E"
               BuildableName = "SwiftParser.framework"
               BlueprintName = "SwiftParser"
               ReferencedContainer = "container:Tuist/Dependencies/SwiftPackageManager/.build/checkouts/swift-syntax/swift-syntax.xcodeproj">
            </BuildableReference>
         </BuildActionEntry>
         <BuildActionEntry
            buildForTesting = "YES"
            buildForRunning = "YES"
            buildForProfiling = "YES"
            buildForArchiving = "YES"
            buildForAnalyzing = "YES">
            <BuildableReference
               BuildableIdentifier = "primary"
               BlueprintIdentifier = "DF2FC39D6DEDC29667D46596"
               BuildableName = "SwiftParserDiagnostics.framework"
               BlueprintName = "SwiftParserDiagnostics"
               ReferencedContainer = "container:Tuist/Dependencies/SwiftPackageManager/.build/checkouts/swift-syntax/swift-syntax.xcodeproj">
            </BuildableReference>
         </BuildActionEntry>
         <BuildActionEntry
            buildForTesting = "YES"
            buildForRunning = "YES"
            buildForProfiling = "YES"
            buildForArchiving = "YES"
            buildForAnalyzing = "YES">
            <BuildableReference
               BuildableIdentifier = "primary"
               BlueprintIdentifier = "F625BBB9CD69788B960E4ADB"
               BuildableName = "SwiftSyntax.framework"
               BlueprintName = "SwiftSyntax"
               ReferencedContainer = "container:Tuist/Dependencies/SwiftPackageManager/.build/checkouts/swift-syntax/swift-syntax.xcodeproj">
            </BuildableReference>
         </BuildActionEntry>
         <BuildActionEntry
            buildForTesting = "YES"
            buildForRunning = "YES"
            buildForProfiling = "YES"
            buildForArchiving = "YES"
            buildForAnalyzing = "YES">
            <BuildableReference
               BuildableIdentifier = "primary"
               BlueprintIdentifier = "B0A8CAFAE3CA114D679D02CD"
               BuildableName = "SwiftSyntax509.framework"
               BlueprintName = "SwiftSyntax509"
               ReferencedContainer = "container:Tuist/Dependencies/SwiftPackageManager/.build/checkouts/swift-syntax/swift-syntax.xcodeproj">
            </BuildableReference>
         </BuildActionEntry>
         <BuildActionEntry
            buildForTesting = "YES"
            buildForRunning = "YES"
            buildForProfiling = "YES"
            buildForArchiving = "YES"
            buildForAnalyzing = "YES">
            <BuildableReference
               BuildableIdentifier = "primary"
               BlueprintIdentifier = "6B23134A13672C26A2911FCE"
               BuildableName = "SwiftSyntaxBuilder.framework"
               BlueprintName = "SwiftSyntaxBuilder"
               ReferencedContainer = "container:Tuist/Dependencies/SwiftPackageManager/.build/checkouts/swift-syntax/swift-syntax.xcodeproj">
            </BuildableReference>
         </BuildActionEntry>
         <BuildActionEntry
            buildForTesting = "YES"
            buildForRunning = "YES"
            buildForProfiling = "YES"
            buildForArchiving = "YES"
            buildForAnalyzing = "YES">
            <BuildableReference
               BuildableIdentifier = "primary"
               BlueprintIdentifier = "43F82D27B454B21563A235E0"
               BuildableName = "SwiftSyntaxMacroExpansion.framework"
               BlueprintName = "SwiftSyntaxMacroExpansion"
               ReferencedContainer = "container:Tuist/Dependencies/SwiftPackageManager/.build/checkouts/swift-syntax/swift-syntax.xcodeproj">
            </BuildableReference>
         </BuildActionEntry>
         <BuildActionEntry
            buildForTesting = "YES"
            buildForRunning = "YES"
            buildForProfiling = "YES"
            buildForArchiving = "YES"
            buildForAnalyzing = "YES">
            <BuildableReference
               BuildableIdentifier = "primary"
               BlueprintIdentifier = "66BC27FFC6C6DA572EEAEC5C"
               BuildableName = "SwiftSyntaxMacros.framework"
               BlueprintName = "SwiftSyntaxMacros"
               ReferencedContainer = "container:Tuist/Dependencies/SwiftPackageManager/.build/checkouts/swift-syntax/swift-syntax.xcodeproj">
            </BuildableReference>
         </BuildActionEntry>
         <BuildActionEntry
            buildForTesting = "YES"
            buildForRunning = "YES"
            buildForProfiling = "YES"
            buildForArchiving = "YES"
            buildForAnalyzing = "YES">
            <BuildableReference
               BuildableIdentifier = "primary"
               BlueprintIdentifier = "1E1BEF9F3C28FB737CD74F83"
               BuildableName = "SwiftUINavigationCore.framework"
               BlueprintName = "SwiftUINavigationCore"
               ReferencedContainer = "container:Tuist/Dependencies/SwiftPackageManager/.build/checkouts/swiftui-navigation/swiftui-navigation.xcodeproj">
            </BuildableReference>
         </BuildActionEntry>
         <BuildActionEntry
            buildForTesting = "YES"
            buildForRunning = "YES"
            buildForProfiling = "YES"
            buildForArchiving = "YES"
            buildForAnalyzing = "YES">
            <BuildableReference
               BuildableIdentifier = "primary"
               BlueprintIdentifier = "6D1BFFAE456610AE81A4206D"
               BuildableName = "XCTestDynamicOverlay.framework"
               BlueprintName = "XCTestDynamicOverlay"
               ReferencedContainer = "container:Tuist/Dependencies/SwiftPackageManager/.build/checkouts/xctest-dynamic-overlay/xctest-dynamic-overlay.xcodeproj">
            </BuildableReference>
         </BuildActionEntry>
      </BuildActionEntries>
   </BuildAction>
   <TestAction
      buildConfiguration = "Debug"
      selectedDebuggerIdentifier = "Xcode.DebuggerFoundation.Debugger.LLDB"
      selectedLauncherIdentifier = "Xcode.DebuggerFoundation.Launcher.LLDB"
      shouldUseLaunchSchemeArgsEnv = "YES">
      <Testables>
         <TestableReference
            skipped = "NO">
            <BuildableReference
               BuildableIdentifier = "primary"
               BlueprintIdentifier = "73B1A2AD90A7970B7DB39CDC"
               BuildableName = "CoreTests.xctest"
               BlueprintName = "CoreTests"
               ReferencedContainer = "container:Projects/Core/Core.xcodeproj">
            </BuildableReference>
         </TestableReference>
         <TestableReference
            skipped = "NO">
            <BuildableReference
               BuildableIdentifier = "primary"
               BlueprintIdentifier = "383BCBD60E169489A45282CF"
               BuildableName = "DesignSystemKitTests.xctest"
               BlueprintName = "DesignSystemKitTests"
               ReferencedContainer = "container:Projects/DesignSystemKit/DesignSystemKit.xcodeproj">
            </BuildableReference>
         </TestableReference>
         <TestableReference
            skipped = "NO">
            <BuildableReference
               BuildableIdentifier = "primary"
               BlueprintIdentifier = "7FBD2F22544C231784C1A4D5"
               BuildableName = "DomainTests.xctest"
               BlueprintName = "DomainTests"
               ReferencedContainer = "container:Projects/Domain/Domain.xcodeproj">
            </BuildableReference>
         </TestableReference>
         <TestableReference
            skipped = "NO">
            <BuildableReference
               BuildableIdentifier = "primary"
               BlueprintIdentifier = "B80BEDE90B5E77851A6B8979"
               BuildableName = "FeatureTests.xctest"
               BlueprintName = "FeatureTests"
               ReferencedContainer = "container:Projects/Feature/Feature.xcodeproj">
            </BuildableReference>
         </TestableReference>
         <TestableReference
            skipped = "NO">
            <BuildableReference
               BuildableIdentifier = "primary"
               BlueprintIdentifier = "802E8B11362B1C5C00136DF4"
               BuildableName = "NetworkTests.xctest"
               BlueprintName = "NetworkTests"
               ReferencedContainer = "container:Projects/Network/Network.xcodeproj">
            </BuildableReference>
         </TestableReference>
         <TestableReference
            skipped = "NO">
            <BuildableReference
               BuildableIdentifier = "primary"
               BlueprintIdentifier = "D846BAB7A4553FDE0C61B023"
               BuildableName = "OPeaceTests.xctest"
               BlueprintName = "OPeaceTests"
               ReferencedContainer = "container:Projects/App/OPeace.xcodeproj">
            </BuildableReference>
         </TestableReference>
         <TestableReference
            skipped = "NO">
            <BuildableReference
               BuildableIdentifier = "primary"
               BlueprintIdentifier = "67A9550E691079AD4F0C5D1B"
               BuildableName = "ShareKitTests.xctest"
               BlueprintName = "ShareKitTests"
               ReferencedContainer = "container:Projects/ShareKit/ShareKit.xcodeproj">
            </BuildableReference>
         </TestableReference>
      </Testables>
   </TestAction>
   <LaunchAction
      buildConfiguration = "Debug"
      selectedDebuggerIdentifier = "Xcode.DebuggerFoundation.Debugger.LLDB"
      selectedLauncherIdentifier = "Xcode.DebuggerFoundation.Launcher.LLDB"
      launchStyle = "0"
      useCustomWorkingDirectory = "NO"
      ignoresPersistentStateOnLaunch = "NO"
      debugDocumentVersioning = "YES"
      debugServiceExtension = "internal"
      allowLocationSimulation = "YES">
      <MacroExpansion>
         <BuildableReference
            BuildableIdentifier = "primary"
            BlueprintIdentifier = "2A717419231F3C0B8A3E0F06"
            BuildableName = "Alamofire.framework"
            BlueprintName = "Alamofire"
            ReferencedContainer = "container:Tuist/Dependencies/SwiftPackageManager/.build/checkouts/Alamofire/Alamofire.xcodeproj">
         </BuildableReference>
      </MacroExpansion>
   </LaunchAction>
   <ProfileAction
      buildConfiguration = "Release"
      shouldUseLaunchSchemeArgsEnv = "YES"
      savedToolIdentifier = ""
      useCustomWorkingDirectory = "NO"
      debugDocumentVersioning = "YES">
      <MacroExpansion>
         <BuildableReference
            BuildableIdentifier = "primary"
            BlueprintIdentifier = "2A717419231F3C0B8A3E0F06"
            BuildableName = "Alamofire.framework"
            BlueprintName = "Alamofire"
            ReferencedContainer = "container:Tuist/Dependencies/SwiftPackageManager/.build/checkouts/Alamofire/Alamofire.xcodeproj">
         </BuildableReference>
      </MacroExpansion>
   </ProfileAction>
   <AnalyzeAction
      buildConfiguration = "Debug">
   </AnalyzeAction>
   <ArchiveAction
      buildConfiguration = "Release"
      revealArchiveInOrganizer = "YES">
   </ArchiveAction>
</Scheme>
